// !$*UTF8*$!
{
	archiveVersion = 1;
	classes = {
	};
	objectVersion = 70;
	objects = {

/* Begin PBXBuildFile section */
		0B3CCAA92DF1C94000E22263 /* MagicPlayMan in Frameworks */ = {isa = PBXBuildFile; productRef = 0BDA9C6A2D2578D300A99623 /* MagicPlayMan */; };
		0B3CCAAA2DF1C94000E22263 /* MagicPlayMan in Frameworks */ = {isa = PBXBuildFile; productRef = F50859132D2CD6510089DC96 /* MagicPlayMan */; };
		0B3CCAAB2DF1C94000E22263 /* MagicAsset in Frameworks */ = {isa = PBXBuildFile; productRef = F59E30C92DF1870D00F794A7 /* MagicAsset */; };
		0B3CCAAC2DF1C94000E22263 /* MagicCore in Frameworks */ = {isa = PBXBuildFile; productRef = F59E30CB2DF1870D00F794A7 /* MagicCore */; };
		0B3CCAAD2DF1C94000E22263 /* MagicPlayMan in Frameworks */ = {isa = PBXBuildFile; productRef = F59E30CD2DF1870D00F794A7 /* MagicPlayMan */; };
		0B7792462D15ADF500D78FF4 /* Localizable.xcstrings in Resources */ = {isa = PBXBuildFile; fileRef = 0B7792452D15ADF500D78FF4 /* Localizable.xcstrings */; };
		0B92ACCA2BBA80F300F1A74F /* README.md in Resources */ = {isa = PBXBuildFile; fileRef = 0B92ACC92BBA80F300F1A74F /* README.md */; };
		0BB5871D2AD820FA0071AEBD /* Assets.xcassets in Resources */ = {isa = PBXBuildFile; fileRef = 0BB5871C2AD820FA0071AEBD /* Assets.xcassets */; };
		F54522252BFF3C780027CF55 /* Products.storekit in Resources */ = {isa = PBXBuildFile; fileRef = F54522242BFF3C770027CF55 /* Products.storekit */; };
		F54522272BFF3CCE0027CF55 /* Products.plist in Resources */ = {isa = PBXBuildFile; fileRef = F54522262BFF3CCE0027CF55 /* Products.plist */; };
		F54883EA2E5DA4B00017949F /* MagicCore in Frameworks */ = {isa = PBXBuildFile; productRef = F54883E92E5DA4B00017949F /* MagicCore */; };
		F54883EC2E5DA4B00017949F /* MagicPlayMan in Frameworks */ = {isa = PBXBuildFile; productRef = F54883EB2E5DA4B00017949F /* MagicPlayMan */; };
		F54883EF2E5DA8C20017949F /* MagicCore in Frameworks */ = {isa = PBXBuildFile; productRef = F54883EE2E5DA8C20017949F /* MagicCore */; };
		F54883F12E5DA8C20017949F /* MagicPlayMan in Frameworks */ = {isa = PBXBuildFile; productRef = F54883F02E5DA8C20017949F /* MagicPlayMan */; };
/* End PBXBuildFile section */

/* Begin PBXFileReference section */
		0B1D5A4B2AB301AD0010DDF2 /* Cisum.app */ = {isa = PBXFileReference; explicitFileType = wrapper.application; includeInIndex = 0; path = Cisum.app; sourceTree = BUILT_PRODUCTS_DIR; };
		0B1D5A5D2AB3025E0010DDF2 /* Signing.entitlements */ = {isa = PBXFileReference; fileEncoding = 4; lastKnownFileType = text.plist.entitlements; path = Signing.entitlements; sourceTree = "<group>"; };
		0B1D5A8B2AB305D70010DDF2 /* Info.plist */ = {isa = PBXFileReference; lastKnownFileType = text.plist.xml; path = Info.plist; sourceTree = "<group>"; };
		0B7792452D15ADF500D78FF4 /* Localizable.xcstrings */ = {isa = PBXFileReference; lastKnownFileType = text.json.xcstrings; path = Localizable.xcstrings; sourceTree = "<group>"; };
		0B92ACC92BBA80F300F1A74F /* README.md */ = {isa = PBXFileReference; fileEncoding = 4; lastKnownFileType = net.daringfireball.markdown; path = README.md; sourceTree = "<group>"; };
		0BB5871C2AD820FA0071AEBD /* Assets.xcassets */ = {isa = PBXFileReference; lastKnownFileType = folder.assetcatalog; path = Assets.xcassets; sourceTree = "<group>"; };
		F54522242BFF3C770027CF55 /* Products.storekit */ = {isa = PBXFileReference; fileEncoding = 4; lastKnownFileType = text; path = Products.storekit; sourceTree = "<group>"; };
		F54522262BFF3CCE0027CF55 /* Products.plist */ = {isa = PBXFileReference; fileEncoding = 4; lastKnownFileType = text.plist.xml; path = Products.plist; sourceTree = "<group>"; };
/* End PBXFileReference section */

/* Begin PBXFileSystemSynchronizedRootGroup section */
		F54D53832D223ED000CA53BE /* Plugins */ = {isa = PBXFileSystemSynchronizedRootGroup; explicitFileTypes = {}; explicitFolders = (); path = Plugins; sourceTree = "<group>"; };
		F54D54552D223F2400CA53BE /* Core */ = {isa = PBXFileSystemSynchronizedRootGroup; explicitFileTypes = {}; explicitFolders = (); path = Core; sourceTree = "<group>"; };
/* End PBXFileSystemSynchronizedRootGroup section */

/* Begin PBXFrameworksBuildPhase section */
		0B1D5A482AB301AD0010DDF2 /* Frameworks */ = {
			isa = PBXFrameworksBuildPhase;
			buildActionMask = 2147483647;
			files = (
				0B3CCAAD2DF1C94000E22263 /* MagicPlayMan in Frameworks */,
				F54883EA2E5DA4B00017949F /* MagicCore in Frameworks */,
				F54883EC2E5DA4B00017949F /* MagicPlayMan in Frameworks */,
				F54883EF2E5DA8C20017949F /* MagicCore in Frameworks */,
				0B3CCAAC2DF1C94000E22263 /* MagicCore in Frameworks */,
				F54883F12E5DA8C20017949F /* MagicPlayMan in Frameworks */,
				0B3CCAAB2DF1C94000E22263 /* MagicAsset in Frameworks */,
				0B3CCAAA2DF1C94000E22263 /* MagicPlayMan in Frameworks */,
				0B3CCAA92DF1C94000E22263 /* MagicPlayMan in Frameworks */,
			);
			runOnlyForDeploymentPostprocessing = 0;
		};
/* End PBXFrameworksBuildPhase section */

/* Begin PBXGroup section */
		0B9C1C342AAF18FE001A26AF = {
			isa = PBXGroup;
			children = (
				0BB5871C2AD820FA0071AEBD /* Assets.xcassets */,
				F54D54552D223F2400CA53BE /* Core */,
				0B1D5A8B2AB305D70010DDF2 /* Info.plist */,
				0B7792452D15ADF500D78FF4 /* Localizable.xcstrings */,
				F54D53832D223ED000CA53BE /* Plugins */,
				0B9C1C3E2AAF18FE001A26AF /* Products */,
				F54522262BFF3CCE0027CF55 /* Products.plist */,
				F54522242BFF3C770027CF55 /* Products.storekit */,
				0B92ACC92BBA80F300F1A74F /* README.md */,
				0B1D5A5D2AB3025E0010DDF2 /* Signing.entitlements */,
				F50D44542DF146F300008E72 /* Frameworks */,
			);
			sourceTree = "<group>";
		};
		0B9C1C3E2AAF18FE001A26AF /* Products */ = {
			isa = PBXGroup;
			children = (
				0B1D5A4B2AB301AD0010DDF2 /* Cisum.app */,
			);
			name = Products;
			sourceTree = "<group>";
		};
		F50D44542DF146F300008E72 /* Frameworks */ = {
			isa = PBXGroup;
			children = (
			);
			name = Frameworks;
			sourceTree = "<group>";
		};
/* End PBXGroup section */

/* Begin PBXNativeTarget section */
		0B1D5A4A2AB301AD0010DDF2 /* Cisum */ = {
			isa = PBXNativeTarget;
			buildConfigurationList = 0B1D5A562AB301AE0010DDF2 /* Build configuration list for PBXNativeTarget "Cisum" */;
			buildPhases = (
				0B1D5A472AB301AD0010DDF2 /* Sources */,
				0B1D5A482AB301AD0010DDF2 /* Frameworks */,
				0B1D5A492AB301AD0010DDF2 /* Resources */,
			);
			buildRules = (
			);
			dependencies = (
			);
			fileSystemSynchronizedGroups = (
				F54D53832D223ED000CA53BE /* Plugins */,
				F54D54552D223F2400CA53BE /* Core */,
			);
			name = Cisum;
			packageProductDependencies = (
				0BDA9C6A2D2578D300A99623 /* MagicPlayMan */,
				F50859132D2CD6510089DC96 /* MagicPlayMan */,
				F59E30C92DF1870D00F794A7 /* MagicAsset */,
				F59E30CB2DF1870D00F794A7 /* MagicCore */,
				F59E30CD2DF1870D00F794A7 /* MagicPlayMan */,
				F54883E92E5DA4B00017949F /* MagicCore */,
				F54883EB2E5DA4B00017949F /* MagicPlayMan */,
				F54883EE2E5DA8C20017949F /* MagicCore */,
				F54883F02E5DA8C20017949F /* MagicPlayMan */,
			);
			productName = Cisum;
			productReference = 0B1D5A4B2AB301AD0010DDF2 /* Cisum.app */;
			productType = "com.apple.product-type.application";
		};
/* End PBXNativeTarget section */

/* Begin PBXProject section */
		0B9C1C352AAF18FE001A26AF /* Project object */ = {
			isa = PBXProject;
			attributes = {
				BuildIndependentTargetsInParallel = 1;
				LastSwiftUpdateCheck = 1430;
				LastUpgradeCheck = 1540;
				TargetAttributes = {
					0B1D5A4A2AB301AD0010DDF2 = {
						CreatedOnToolsVersion = 14.3.1;
						LastSwiftMigration = 1430;
					};
				};
			};
			buildConfigurationList = 0B9C1C382AAF18FE001A26AF /* Build configuration list for PBXProject "Cisum" */;
			compatibilityVersion = "Xcode 15.0";
			developmentRegion = "zh-Hans";
			hasScannedForEncodings = 0;
			knownRegions = (
				en,
				Base,
				"zh-Hans",
			);
			mainGroup = 0B9C1C342AAF18FE001A26AF;
			packageReferences = (
				F54883ED2E5DA8C20017949F /* XCRemoteSwiftPackageReference "MagicKit" */,
			);
			productRefGroup = 0B9C1C3E2AAF18FE001A26AF /* Products */;
			projectDirPath = "";
			projectRoot = "";
			targets = (
				0B1D5A4A2AB301AD0010DDF2 /* Cisum */,
			);
		};
/* End PBXProject section */

/* Begin PBXResourcesBuildPhase section */
		0B1D5A492AB301AD0010DDF2 /* Resources */ = {
			isa = PBXResourcesBuildPhase;
			buildActionMask = 2147483647;
			files = (
				F54522272BFF3CCE0027CF55 /* Products.plist in Resources */,
				0B7792462D15ADF500D78FF4 /* Localizable.xcstrings in Resources */,
				0B92ACCA2BBA80F300F1A74F /* README.md in Resources */,
				F54522252BFF3C780027CF55 /* Products.storekit in Resources */,
				0BB5871D2AD820FA0071AEBD /* Assets.xcassets in Resources */,
			);
			runOnlyForDeploymentPostprocessing = 0;
		};
/* End PBXResourcesBuildPhase section */

/* Begin PBXSourcesBuildPhase section */
		0B1D5A472AB301AD0010DDF2 /* Sources */ = {
			isa = PBXSourcesBuildPhase;
			buildActionMask = 2147483647;
			files = (
			);
			runOnlyForDeploymentPostprocessing = 0;
		};
/* End PBXSourcesBuildPhase section */

/* Begin XCBuildConfiguration section */
		0B1D5A572AB301AE0010DDF2 /* Debug */ = {
			isa = XCBuildConfiguration;
			buildSettings = {
				ASSETCATALOG_COMPILER_APPICON_NAME = "AppIcon-Dev";
				"ASSETCATALOG_COMPILER_APPICON_NAME[sdk=xros*]" = AppIcon;
				CLANG_ENABLE_MODULES = YES;
				CODE_SIGN_ENTITLEMENTS = Signing.entitlements;
				CODE_SIGN_IDENTITY = "Apple Development";
				CODE_SIGN_STYLE = Automatic;
				CURRENT_PROJECT_VERSION = 261;
				DEVELOPMENT_ASSET_PATHS = "";
				DEVELOPMENT_TEAM = Y6HZ9JJYV6;
				ENABLE_HARDENED_RUNTIME = YES;
				ENABLE_PREVIEWS = YES;
				GENERATE_INFOPLIST_FILE = YES;
				INFOPLIST_FILE = Info.plist;
				INFOPLIST_KEY_CFBundleDisplayName = Cisum;
				INFOPLIST_KEY_LSApplicationCategoryType = "public.app-category.music";
				INFOPLIST_KEY_UIApplicationSupportsIndirectInputEvents = YES;
				INFOPLIST_KEY_UISupportedInterfaceOrientations_iPad = "UIInterfaceOrientationPortrait UIInterfaceOrientationPortraitUpsideDown UIInterfaceOrientationLandscapeLeft UIInterfaceOrientationLandscapeRight";
				INFOPLIST_KEY_UISupportedInterfaceOrientations_iPhone = "UIInterfaceOrientationPortrait UIInterfaceOrientationLandscapeLeft UIInterfaceOrientationLandscapeRight";
				IPHONEOS_DEPLOYMENT_TARGET = 18.0;
				LD_RUNPATH_SEARCH_PATHS = (
					"$(inherited)",
					"@executable_path/Frameworks",
				);
				MACOSX_DEPLOYMENT_TARGET = 14.4;
				MARKETING_VERSION = 2.6.37;
				PRODUCT_BUNDLE_IDENTIFIER = com.yueyi.cisum;
				PRODUCT_NAME = "$(TARGET_NAME)";
				PROVISIONING_PROFILE_SPECIFIER = "";
				SDKROOT = auto;
				SUPPORTED_PLATFORMS = "iphoneos iphonesimulator macosx xros xrsimulator";
				SUPPORTS_MACCATALYST = NO;
				SUPPORTS_MAC_DESIGNED_FOR_IPHONE_IPAD = NO;
				SUPPORTS_XR_DESIGNED_FOR_IPHONE_IPAD = NO;
				SWIFT_EMIT_LOC_STRINGS = YES;
				SWIFT_OPTIMIZATION_LEVEL = "-Onone";
				SWIFT_VERSION = 6.0;
				TARGETED_DEVICE_FAMILY = "1,2,7";
				XROS_DEPLOYMENT_TARGET = 2.0;
			};
			name = Debug;
		};
		0B1D5A582AB301AE0010DDF2 /* Release */ = {
			isa = XCBuildConfiguration;
			buildSettings = {
				ASSETCATALOG_COMPILER_APPICON_NAME = AppIcon;
				"ASSETCATALOG_COMPILER_APPICON_NAME[sdk=xros*]" = AppIcon;
				CLANG_ENABLE_MODULES = YES;
				CODE_SIGN_ENTITLEMENTS = Signing.entitlements;
				CODE_SIGN_IDENTITY = "Apple Development";
				CODE_SIGN_STYLE = Automatic;
				CURRENT_PROJECT_VERSION = 261;
				DEVELOPMENT_ASSET_PATHS = "";
				DEVELOPMENT_TEAM = Y6HZ9JJYV6;
				ENABLE_HARDENED_RUNTIME = YES;
				ENABLE_PREVIEWS = YES;
				GENERATE_INFOPLIST_FILE = YES;
				INFOPLIST_FILE = Info.plist;
				INFOPLIST_KEY_CFBundleDisplayName = Cisum;
				INFOPLIST_KEY_LSApplicationCategoryType = "public.app-category.music";
				INFOPLIST_KEY_UIApplicationSupportsIndirectInputEvents = YES;
				INFOPLIST_KEY_UISupportedInterfaceOrientations_iPad = "UIInterfaceOrientationPortrait UIInterfaceOrientationPortraitUpsideDown UIInterfaceOrientationLandscapeLeft UIInterfaceOrientationLandscapeRight";
				INFOPLIST_KEY_UISupportedInterfaceOrientations_iPhone = "UIInterfaceOrientationPortrait UIInterfaceOrientationLandscapeLeft UIInterfaceOrientationLandscapeRight";
				IPHONEOS_DEPLOYMENT_TARGET = 18.0;
				LD_RUNPATH_SEARCH_PATHS = (
					"$(inherited)",
					"@executable_path/Frameworks",
				);
				MACOSX_DEPLOYMENT_TARGET = 14.4;
				MARKETING_VERSION = 2.6.37;
				PRODUCT_BUNDLE_IDENTIFIER = com.yueyi.cisum;
				PRODUCT_NAME = "$(TARGET_NAME)";
				PROVISIONING_PROFILE_SPECIFIER = "";
				SDKROOT = auto;
				SUPPORTED_PLATFORMS = "iphoneos iphonesimulator macosx xros xrsimulator";
				SUPPORTS_MACCATALYST = NO;
				SUPPORTS_MAC_DESIGNED_FOR_IPHONE_IPAD = NO;
				SUPPORTS_XR_DESIGNED_FOR_IPHONE_IPAD = NO;
				SWIFT_EMIT_LOC_STRINGS = YES;
				SWIFT_VERSION = 6.0;
				TARGETED_DEVICE_FAMILY = "1,2,7";
				VALIDATE_PRODUCT = YES;
				XROS_DEPLOYMENT_TARGET = 2.0;
			};
			name = Release;
		};
		0B9C1C4F2AAF18FF001A26AF /* Debug */ = {
			isa = XCBuildConfiguration;
			buildSettings = {
				ALWAYS_SEARCH_USER_PATHS = NO;
				ASSETCATALOG_COMPILER_GENERATE_SWIFT_ASSET_SYMBOL_EXTENSIONS = YES;
				CLANG_ANALYZER_LOCALIZABILITY_NONLOCALIZED = YES;
				CLANG_ANALYZER_NONNULL = YES;
				CLANG_ANALYZER_NUMBER_OBJECT_CONVERSION = YES_AGGRESSIVE;
				CLANG_CXX_LANGUAGE_STANDARD = "gnu++20";
				CLANG_ENABLE_MODULES = YES;
				CLANG_ENABLE_OBJC_ARC = YES;
				CLANG_ENABLE_OBJC_WEAK = YES;
				CLANG_WARN_BLOCK_CAPTURE_AUTORELEASING = YES;
				CLANG_WARN_BOOL_CONVERSION = YES;
				CLANG_WARN_COMMA = YES;
				CLANG_WARN_CONSTANT_CONVERSION = YES;
				CLANG_WARN_DEPRECATED_OBJC_IMPLEMENTATIONS = YES;
				CLANG_WARN_DIRECT_OBJC_ISA_USAGE = YES_ERROR;
				CLANG_WARN_DOCUMENTATION_COMMENTS = YES;
				CLANG_WARN_EMPTY_BODY = YES;
				CLANG_WARN_ENUM_CONVERSION = YES;
				CLANG_WARN_INFINITE_RECURSION = YES;
				CLANG_WARN_INT_CONVERSION = YES;
				CLANG_WARN_NON_LITERAL_NULL_CONVERSION = YES;
				CLANG_WARN_OBJC_IMPLICIT_RETAIN_SELF = YES;
				CLANG_WARN_OBJC_LITERAL_CONVERSION = YES;
				CLANG_WARN_OBJC_ROOT_CLASS = YES_ERROR;
				CLANG_WARN_QUOTED_INCLUDE_IN_FRAMEWORK_HEADER = YES;
				CLANG_WARN_RANGE_LOOP_ANALYSIS = YES;
				CLANG_WARN_STRICT_PROTOTYPES = YES;
				CLANG_WARN_SUSPICIOUS_MOVE = YES;
				CLANG_WARN_UNGUARDED_AVAILABILITY = YES_AGGRESSIVE;
				CLANG_WARN_UNREACHABLE_CODE = YES;
				CLANG_WARN__DUPLICATE_METHOD_MATCH = YES;
				COPY_PHASE_STRIP = NO;
				DEAD_CODE_STRIPPING = YES;
				DEBUG_INFORMATION_FORMAT = dwarf;
				ENABLE_STRICT_OBJC_MSGSEND = YES;
				ENABLE_TESTABILITY = YES;
				ENABLE_USER_SCRIPT_SANDBOXING = YES;
				GCC_C_LANGUAGE_STANDARD = gnu11;
				GCC_DYNAMIC_NO_PIC = NO;
				GCC_NO_COMMON_BLOCKS = YES;
				GCC_OPTIMIZATION_LEVEL = 0;
				GCC_PREPROCESSOR_DEFINITIONS = (
					"DEBUG=1",
					"$(inherited)",
				);
				GCC_WARN_64_TO_32_BIT_CONVERSION = YES;
				GCC_WARN_ABOUT_RETURN_TYPE = YES_ERROR;
				GCC_WARN_UNDECLARED_SELECTOR = YES;
				GCC_WARN_UNINITIALIZED_AUTOS = YES_AGGRESSIVE;
				GCC_WARN_UNUSED_FUNCTION = YES;
				GCC_WARN_UNUSED_VARIABLE = YES;
				IPHONEOS_DEPLOYMENT_TARGET = 17.1;
				MACOSX_DEPLOYMENT_TARGET = 13.3;
				MTL_ENABLE_DEBUG_INFO = INCLUDE_SOURCE;
				MTL_FAST_MATH = YES;
				ONLY_ACTIVE_ARCH = YES;
				SDKROOT = macosx;
				SWIFT_ACTIVE_COMPILATION_CONDITIONS = DEBUG;
				SWIFT_EMIT_LOC_STRINGS = YES;
				SWIFT_OPTIMIZATION_LEVEL = "-Onone";
				XROS_DEPLOYMENT_TARGET = 1.1;
			};
			name = Debug;
		};
		0B9C1C502AAF18FF001A26AF /* Release */ = {
			isa = XCBuildConfiguration;
			buildSettings = {
				ALWAYS_SEARCH_USER_PATHS = NO;
				ASSETCATALOG_COMPILER_GENERATE_SWIFT_ASSET_SYMBOL_EXTENSIONS = YES;
				CLANG_ANALYZER_LOCALIZABILITY_NONLOCALIZED = YES;
				CLANG_ANALYZER_NONNULL = YES;
				CLANG_ANALYZER_NUMBER_OBJECT_CONVERSION = YES_AGGRESSIVE;
				CLANG_CXX_LANGUAGE_STANDARD = "gnu++20";
				CLANG_ENABLE_MODULES = YES;
				CLANG_ENABLE_OBJC_ARC = YES;
				CLANG_ENABLE_OBJC_WEAK = YES;
				CLANG_WARN_BLOCK_CAPTURE_AUTORELEASING = YES;
				CLANG_WARN_BOOL_CONVERSION = YES;
				CLANG_WARN_COMMA = YES;
				CLANG_WARN_CONSTANT_CONVERSION = YES;
				CLANG_WARN_DEPRECATED_OBJC_IMPLEMENTATIONS = YES;
				CLANG_WARN_DIRECT_OBJC_ISA_USAGE = YES_ERROR;
				CLANG_WARN_DOCUMENTATION_COMMENTS = YES;
				CLANG_WARN_EMPTY_BODY = YES;
				CLANG_WARN_ENUM_CONVERSION = YES;
				CLANG_WARN_INFINITE_RECURSION = YES;
				CLANG_WARN_INT_CONVERSION = YES;
				CLANG_WARN_NON_LITERAL_NULL_CONVERSION = YES;
				CLANG_WARN_OBJC_IMPLICIT_RETAIN_SELF = YES;
				CLANG_WARN_OBJC_LITERAL_CONVERSION = YES;
				CLANG_WARN_OBJC_ROOT_CLASS = YES_ERROR;
				CLANG_WARN_QUOTED_INCLUDE_IN_FRAMEWORK_HEADER = YES;
				CLANG_WARN_RANGE_LOOP_ANALYSIS = YES;
				CLANG_WARN_STRICT_PROTOTYPES = YES;
				CLANG_WARN_SUSPICIOUS_MOVE = YES;
				CLANG_WARN_UNGUARDED_AVAILABILITY = YES_AGGRESSIVE;
				CLANG_WARN_UNREACHABLE_CODE = YES;
				CLANG_WARN__DUPLICATE_METHOD_MATCH = YES;
				COPY_PHASE_STRIP = NO;
				DEAD_CODE_STRIPPING = YES;
				DEBUG_INFORMATION_FORMAT = "dwarf-with-dsym";
				ENABLE_NS_ASSERTIONS = NO;
				ENABLE_STRICT_OBJC_MSGSEND = YES;
				ENABLE_USER_SCRIPT_SANDBOXING = YES;
				GCC_C_LANGUAGE_STANDARD = gnu11;
				GCC_NO_COMMON_BLOCKS = YES;
				GCC_WARN_64_TO_32_BIT_CONVERSION = YES;
				GCC_WARN_ABOUT_RETURN_TYPE = YES_ERROR;
				GCC_WARN_UNDECLARED_SELECTOR = YES;
				GCC_WARN_UNINITIALIZED_AUTOS = YES_AGGRESSIVE;
				GCC_WARN_UNUSED_FUNCTION = YES;
				GCC_WARN_UNUSED_VARIABLE = YES;
				IPHONEOS_DEPLOYMENT_TARGET = 17.1;
				MACOSX_DEPLOYMENT_TARGET = 13.3;
				MTL_ENABLE_DEBUG_INFO = NO;
				MTL_FAST_MATH = YES;
				SDKROOT = macosx;
				SWIFT_COMPILATION_MODE = wholemodule;
				SWIFT_EMIT_LOC_STRINGS = YES;
				SWIFT_OPTIMIZATION_LEVEL = "-O";
				XROS_DEPLOYMENT_TARGET = 1.1;
			};
			name = Release;
		};
/* End XCBuildConfiguration section */

/* Begin XCConfigurationList section */
		0B1D5A562AB301AE0010DDF2 /* Build configuration list for PBXNativeTarget "Cisum" */ = {
			isa = XCConfigurationList;
			buildConfigurations = (
				0B1D5A572AB301AE0010DDF2 /* Debug */,
				0B1D5A582AB301AE0010DDF2 /* Release */,
			);
			defaultConfigurationIsVisible = 0;
			defaultConfigurationName = Release;
		};
		0B9C1C382AAF18FE001A26AF /* Build configuration list for PBXProject "Cisum" */ = {
			isa = XCConfigurationList;
			buildConfigurations = (
				0B9C1C4F2AAF18FF001A26AF /* Debug */,
				0B9C1C502AAF18FF001A26AF /* Release */,
			);
			defaultConfigurationIsVisible = 0;
			defaultConfigurationName = Release;
		};
/* End XCConfigurationList section */

/* Begin XCRemoteSwiftPackageReference section */
		F54883ED2E5DA8C20017949F /* XCRemoteSwiftPackageReference "MagicKit" */ = {
			isa = XCRemoteSwiftPackageReference;
			repositoryURL = "https://github.com/CofficLab/MagicKit";
			requirement = {
				branch = dev;
				kind = branch;
			};
		};
/* End XCRemoteSwiftPackageReference section */

/* Begin XCSwiftPackageProductDependency section */
		0BDA9C6A2D2578D300A99623 /* MagicPlayMan */ = {
			isa = XCSwiftPackageProductDependency;
			productName = MagicPlayMan;
		};
		F50859132D2CD6510089DC96 /* MagicPlayMan */ = {
			isa = XCSwiftPackageProductDependency;
			productName = MagicPlayMan;
		};
		F54883E92E5DA4B00017949F /* MagicCore */ = {
			isa = XCSwiftPackageProductDependency;
			productName = MagicCore;
		};
		F54883EB2E5DA4B00017949F /* MagicPlayMan */ = {
			isa = XCSwiftPackageProductDependency;
			productName = MagicPlayMan;
		};
		F54883EE2E5DA8C20017949F /* MagicCore */ = {
			isa = XCSwiftPackageProductDependency;
			package = F54883ED2E5DA8C20017949F /* XCRemoteSwiftPackageReference "MagicKit" */;
			productName = MagicCore;
		};
		F54883F02E5DA8C20017949F /* MagicPlayMan */ = {
			isa = XCSwiftPackageProductDependency;
			package = F54883ED2E5DA8C20017949F /* XCRemoteSwiftPackageReference "MagicKit" */;
			productName = MagicPlayMan;
		};
		F59E30C92DF1870D00F794A7 /* MagicAsset */ = {
			isa = XCSwiftPackageProductDependency;
			productName = MagicAsset;
		};
		F59E30CB2DF1870D00F794A7 /* MagicCore */ = {
			isa = XCSwiftPackageProductDependency;
			productName = MagicCore;
		};
		F59E30CD2DF1870D00F794A7 /* MagicPlayMan */ = {
			isa = XCSwiftPackageProductDependency;
			productName = MagicPlayMan;
		};
/* End XCSwiftPackageProductDependency section */
	};
	rootObject = 0B9C1C352AAF18FE001A26AF /* Project object */;
}
