// !$*UTF8*$!
{
	archiveVersion = 1;
	classes = {
	};
	objectVersion = 60;
	objects = {

/* Begin PBXBuildFile section */
		0B00F4672BB840C1000833B9 /* AsyncAlgorithms in Frameworks */ = {isa = PBXBuildFile; productRef = 0B00F4662BB840C1000833B9 /* AsyncAlgorithms */; };
		0B11262A2AC6F7B20093DFFA /* BtnToggleDB.swift in Sources */ = {isa = PBXBuildFile; fileRef = 0B1126292AC6F7B20093DFFA /* BtnToggleDB.swift */; };
		0B11262C2AC719B70093DFFA /* ImageHelper.swift in Sources */ = {isa = PBXBuildFile; fileRef = 0B11262B2AC719B70093DFFA /* ImageHelper.swift */; };
		0B11365B2BEFABC700A71FE1 /* JobGetCover.swift in Sources */ = {isa = PBXBuildFile; fileRef = 0B11365A2BEFABC700A71FE1 /* JobGetCover.swift */; };
		0B11365F2BF10A0100A71FE1 /* JobGroup.swift in Sources */ = {isa = PBXBuildFile; fileRef = 0B11365E2BF10A0100A71FE1 /* JobGroup.swift */; };
		0B1136612BF4CF3000A71FE1 /* Cover.swift in Sources */ = {isa = PBXBuildFile; fileRef = 0B1136602BF4CF3000A71FE1 /* Cover.swift */; };
		0B1165E92ABBC6C0005C5CBB /* LaunchView.swift in Sources */ = {isa = PBXBuildFile; fileRef = 0B1165E82ABBC6C0005C5CBB /* LaunchView.swift */; };
		0B1165F02ABBCCB0005C5CBB /* AppManager.swift in Sources */ = {isa = PBXBuildFile; fileRef = 0B1165EF2ABBCCB0005C5CBB /* AppManager.swift */; };
		0B12B0A72C0CB88B00FD43AD /* BuySetting.swift in Sources */ = {isa = PBXBuildFile; fileRef = 0B12B0A62C0CB88B00FD43AD /* BuySetting.swift */; };
		0B12B0A92C0CB96F00FD43AD /* SubscriptionSetting.swift in Sources */ = {isa = PBXBuildFile; fileRef = 0B12B0A82C0CB96F00FD43AD /* SubscriptionSetting.swift */; };
		0B1498742BC4C5CB0075DA61 /* PlayMode.swift in Sources */ = {isa = PBXBuildFile; fileRef = 0B1498732BC4C5CB0075DA61 /* PlayMode.swift */; };
		0B1498792BC4DF940075DA61 /* JobDelete.swift in Sources */ = {isa = PBXBuildFile; fileRef = 0B1498782BC4DF940075DA61 /* JobDelete.swift */; };
		0B19D9562C062F400057D8DB /* ProExt.swift in Sources */ = {isa = PBXBuildFile; fileRef = 0B19D9552C062F400057D8DB /* ProExt.swift */; };
		0B1D5A7F2AB302610010DDF2 /* Audio.swift in Sources */ = {isa = PBXBuildFile; fileRef = 0B1D5A672AB3025F0010DDF2 /* Audio.swift */; };
		0B1D5A822AB302610010DDF2 /* CommonHelp.swift in Sources */ = {isa = PBXBuildFile; fileRef = 0B1D5A6C2AB302600010DDF2 /* CommonHelp.swift */; };
		0B1D5A842AB302610010DDF2 /* Extensions.swift in Sources */ = {isa = PBXBuildFile; fileRef = 0B1D5A6E2AB302600010DDF2 /* Extensions.swift */; };
		0B1D5A872AB302610010DDF2 /* BackgroundView.swift in Sources */ = {isa = PBXBuildFile; fileRef = 0B1D5A722AB302600010DDF2 /* BackgroundView.swift */; };
		0B1D5A882AB302610010DDF2 /* ContentView.swift in Sources */ = {isa = PBXBuildFile; fileRef = 0B1D5A732AB302600010DDF2 /* ContentView.swift */; };
		0B1D5A8A2AB302610010DDF2 /* Config.swift in Sources */ = {isa = PBXBuildFile; fileRef = 0B1D5A752AB302600010DDF2 /* Config.swift */; };
		0B1D5A8D2AB3E8290010DDF2 /* AppDelegate.swift in Sources */ = {isa = PBXBuildFile; fileRef = 0B1D5A8C2AB3E8290010DDF2 /* AppDelegate.swift */; };
		0B220F6D2BB051140077255A /* StateView.swift in Sources */ = {isa = PBXBuildFile; fileRef = 0B220F6C2BB051140077255A /* StateView.swift */; };
		0B220F6F2BB051F50077255A /* TitleView.swift in Sources */ = {isa = PBXBuildFile; fileRef = 0B220F6E2BB051F50077255A /* TitleView.swift */; };
		0B220F732BB1A3D70077255A /* BtnsView.swift in Sources */ = {isa = PBXBuildFile; fileRef = 0B220F722BB1A3D70077255A /* BtnsView.swift */; };
		0B220F752BB1BBDB0077255A /* SmartError.swift in Sources */ = {isa = PBXBuildFile; fileRef = 0B220F742BB1BBDB0077255A /* SmartError.swift */; };
		0B22158E2BB6BC8F000EB36F /* SmartProgress.swift in Sources */ = {isa = PBXBuildFile; fileRef = 0B22158D2BB6BC8F000EB36F /* SmartProgress.swift */; };
		0B240BD52BF30730004A5944 /* JobExt.swift in Sources */ = {isa = PBXBuildFile; fileRef = 0B240BD42BF30730004A5944 /* JobExt.swift */; };
		0B4DFC722BD740B4001CEF32 /* Device.swift in Sources */ = {isa = PBXBuildFile; fileRef = 0B4DFC712BD740B4001CEF32 /* Device.swift */; };
		0B4E246F2BCAB8020033CC07 /* AppPreview.swift in Sources */ = {isa = PBXBuildFile; fileRef = 0B4E246E2BCAB8020033CC07 /* AppPreview.swift */; };
		0B5786342BCB8DC00064F66A /* PlayView.swift in Sources */ = {isa = PBXBuildFile; fileRef = 0B5786332BCB8DC00064F66A /* PlayView.swift */; };
		0B5E51E52AD912B5000650CF /* DebugCommand.swift in Sources */ = {isa = PBXBuildFile; fileRef = 0B5E51E42AD912B5000650CF /* DebugCommand.swift */; };
		0B604AE82AD6384300929DD8 /* BootView.swift in Sources */ = {isa = PBXBuildFile; fileRef = 0B604AE72AD6384300929DD8 /* BootView.swift */; };
		0B6B8B992BBA39F500F65B23 /* ControlButton.swift in Sources */ = {isa = PBXBuildFile; fileRef = 0B6B8B982BBA39F500F65B23 /* ControlButton.swift */; };
		0B6B8B9B2BBA420700F65B23 /* BtnPlay.swift in Sources */ = {isa = PBXBuildFile; fileRef = 0B6B8B9A2BBA420600F65B23 /* BtnPlay.swift */; };
		0B6B8B9D2BBA4D0600F65B23 /* Coffee.swift in Sources */ = {isa = PBXBuildFile; fileRef = 0B6B8B9C2BBA4D0600F65B23 /* Coffee.swift */; };
		0B718F0C2AB4349900569762 /* CardView.swift in Sources */ = {isa = PBXBuildFile; fileRef = 0B718F0B2AB4349900569762 /* CardView.swift */; };
		0B73275F2BB5138200DBD922 /* LoggerHelper.swift in Sources */ = {isa = PBXBuildFile; fileRef = 0B73275E2BB5138200DBD922 /* LoggerHelper.swift */; };
		0B7842752C1331B400E24869 /* BtnDelDevice.swift in Sources */ = {isa = PBXBuildFile; fileRef = 0B7842742C1331B400E24869 /* BtnDelDevice.swift */; };
		0B8C369F2BEA011700C47567 /* MetaWrapper.swift in Sources */ = {isa = PBXBuildFile; fileRef = 0B8C369E2BEA011700C47567 /* MetaWrapper.swift */; };
		0B8C36A12BEA0E8800C47567 /* AudioD.swift in Sources */ = {isa = PBXBuildFile; fileRef = 0B8C36A02BEA0E8800C47567 /* AudioD.swift */; };
		0B8C36A32BEA124900C47567 /* AudioR.swift in Sources */ = {isa = PBXBuildFile; fileRef = 0B8C36A22BEA124900C47567 /* AudioR.swift */; };
		0B8C36A52BEA15A800C47567 /* AudioU.swift in Sources */ = {isa = PBXBuildFile; fileRef = 0B8C36A42BEA15A800C47567 /* AudioU.swift */; };
		0B8C36A72BEA15E000C47567 /* AudioC.swift in Sources */ = {isa = PBXBuildFile; fileRef = 0B8C36A62BEA15E000C47567 /* AudioC.swift */; };
		0B8C36AA2BEA2EC700C47567 /* Disk.swift in Sources */ = {isa = PBXBuildFile; fileRef = 0B8C36A92BEA2EC600C47567 /* Disk.swift */; };
		0B8C36AC2BEC6E0F00C47567 /* StateExt.swift in Sources */ = {isa = PBXBuildFile; fileRef = 0B8C36AB2BEC6E0F00C47567 /* StateExt.swift */; };
		0B8C36AE2BEC6E3E00C47567 /* DevExt.swift in Sources */ = {isa = PBXBuildFile; fileRef = 0B8C36AD2BEC6E3E00C47567 /* DevExt.swift */; };
		0B8C36B02BEC6E6500C47567 /* DBExt.swift in Sources */ = {isa = PBXBuildFile; fileRef = 0B8C36AF2BEC6E6500C47567 /* DBExt.swift */; };
		0B8C36B22BEC6E8D00C47567 /* QueueExt.swift in Sources */ = {isa = PBXBuildFile; fileRef = 0B8C36B12BEC6E8D00C47567 /* QueueExt.swift */; };
		0B8C36B42BEC6EAB00C47567 /* ViewExt.swift in Sources */ = {isa = PBXBuildFile; fileRef = 0B8C36B32BEC6EAB00C47567 /* ViewExt.swift */; };
		0B8C36B62BEDAB5E00C47567 /* BtnMore.swift in Sources */ = {isa = PBXBuildFile; fileRef = 0B8C36B52BEDAB5E00C47567 /* BtnMore.swift */; };
		0B8FC2702BBC559500839C75 /* PlayingAlbum.swift in Sources */ = {isa = PBXBuildFile; fileRef = 0B8FC26F2BBC559500839C75 /* PlayingAlbum.swift */; };
		0B901D862BB83BA2003AC253 /* iCloudHandler.swift in Sources */ = {isa = PBXBuildFile; fileRef = 0B901D852BB83BA2003AC253 /* iCloudHandler.swift */; };
		0B901D882BB83BC3003AC253 /* FilePresenter.swift in Sources */ = {isa = PBXBuildFile; fileRef = 0B901D872BB83BC3003AC253 /* FilePresenter.swift */; };
		0B901D8A2BB83E28003AC253 /* ItemQuery.swift in Sources */ = {isa = PBXBuildFile; fileRef = 0B901D892BB83E28003AC253 /* ItemQuery.swift */; };
		0B92ACCA2BBA80F300F1A74F /* README.md in Resources */ = {isa = PBXBuildFile; fileRef = 0B92ACC92BBA80F300F1A74F /* README.md */; };
		0B9EA3592C21B41C00A4059A /* PlayAsset.swift in Sources */ = {isa = PBXBuildFile; fileRef = 0B9EA3582C21B41C00A4059A /* PlayAsset.swift */; };
		0B9EA35B2C21C72800A4059A /* PlayMan.swift in Sources */ = {isa = PBXBuildFile; fileRef = 0B9EA35A2C21C72800A4059A /* PlayMan.swift */; };
		0B9EA35D2C21C9AB00A4059A /* PlayState.swift in Sources */ = {isa = PBXBuildFile; fileRef = 0B9EA35C2C21C9AB00A4059A /* PlayState.swift */; };
		0B9FA2972BC80E51007B235A /* EventManager.swift in Sources */ = {isa = PBXBuildFile; fileRef = 0B9FA2962BC80E51007B235A /* EventManager.swift */; };
		0B9FA2992BC81EFF007B235A /* NotDownloadedAlbum.swift in Sources */ = {isa = PBXBuildFile; fileRef = 0B9FA2982BC81EFF007B235A /* NotDownloadedAlbum.swift */; };
		0B9FA29B2BC81F53007B235A /* DefaultAlbum.swift in Sources */ = {isa = PBXBuildFile; fileRef = 0B9FA29A2BC81F53007B235A /* DefaultAlbum.swift */; };
		0BA9FB6C2BFE14B4008074CB /* DirSetting.swift in Sources */ = {isa = PBXBuildFile; fileRef = 0BA9FB6B2BFE14B4008074CB /* DirSetting.swift */; };
		0BA9FB6E2BFE155B008074CB /* CoverDirSetting.swift in Sources */ = {isa = PBXBuildFile; fileRef = 0BA9FB6D2BFE155B008074CB /* CoverDirSetting.swift */; };
		0BA9FB702BFE223A008074CB /* VersionSetting.swift in Sources */ = {isa = PBXBuildFile; fileRef = 0BA9FB6F2BFE223A008074CB /* VersionSetting.swift */; };
		0BAABEB12BC79C4E00DF4A31 /* CopyTask.swift in Sources */ = {isa = PBXBuildFile; fileRef = 0BAABEB02BC79C4E00DF4A31 /* CopyTask.swift */; };
		0BAABEB32BC79C9F00DF4A31 /* TaskExt.swift in Sources */ = {isa = PBXBuildFile; fileRef = 0BAABEB22BC79C9F00DF4A31 /* TaskExt.swift */; };
		0BAABEB82BC7D4B600DF4A31 /* BtnDelTask.swift in Sources */ = {isa = PBXBuildFile; fileRef = 0BAABEB72BC7D4B600DF4A31 /* BtnDelTask.swift */; };
		0BAABEBA2BC8C5CB00DF4A31 /* JobPrepare.swift in Sources */ = {isa = PBXBuildFile; fileRef = 0BAABEB92BC8C5CB00DF4A31 /* JobPrepare.swift */; };
		0BAABEC32BC939D000DF4A31 /* LayoutView.swift in Sources */ = {isa = PBXBuildFile; fileRef = 0BAABEC22BC939D000DF4A31 /* LayoutView.swift */; };
		0BAB300E2AB814F70012D837 /* BootApp.swift in Sources */ = {isa = PBXBuildFile; fileRef = 0BAB300D2AB814F70012D837 /* BootApp.swift */; };
		0BAB7C3F2AD3BBAA00C5AEB5 /* DBTips.swift in Sources */ = {isa = PBXBuildFile; fileRef = 0BAB7C3E2AD3BBAA00C5AEB5 /* DBTips.swift */; };
		0BB427912BED0B38004E6F82 /* DiskLocal.swift in Sources */ = {isa = PBXBuildFile; fileRef = 0BB427902BED0B38004E6F82 /* DiskLocal.swift */; };
		0BB543F42BE8E38300D7A2B2 /* Duplicates.swift in Sources */ = {isa = PBXBuildFile; fileRef = 0BB543F32BE8E38300D7A2B2 /* Duplicates.swift */; };
		0BB543F82BE9C64C00D7A2B2 /* PathExt.swift in Sources */ = {isa = PBXBuildFile; fileRef = 0BB543F72BE9C64C00D7A2B2 /* PathExt.swift */; };
		0BB587172AD815770071AEBD /* TimeHelper.swift in Sources */ = {isa = PBXBuildFile; fileRef = 0BB587162AD815770071AEBD /* TimeHelper.swift */; };
		0BB5871B2AD81AFA0071AEBD /* ViewHelper.swift in Sources */ = {isa = PBXBuildFile; fileRef = 0BB5871A2AD81AF90071AEBD /* ViewHelper.swift */; };
		0BB5871D2AD820FA0071AEBD /* Assets.xcassets in Resources */ = {isa = PBXBuildFile; fileRef = 0BB5871C2AD820FA0071AEBD /* Assets.xcassets */; };
		0BB889D22AC042EC004788D5 /* BtnDownload.swift in Sources */ = {isa = PBXBuildFile; fileRef = 0BB889D12AC042EC004788D5 /* BtnDownload.swift */; };
		0BB889D72AC046B5004788D5 /* BtnShowInFinder.swift in Sources */ = {isa = PBXBuildFile; fileRef = 0BB889D62AC046B5004788D5 /* BtnShowInFinder.swift */; };
		0BB889DB2AC06C54004788D5 /* DB.swift in Sources */ = {isa = PBXBuildFile; fileRef = 0BB889DA2AC06C54004788D5 /* DB.swift */; };
		0BBA42192ABD5D9200C0B977 /* BtnMode.swift in Sources */ = {isa = PBXBuildFile; fileRef = 0BBA42182ABD5D9200C0B977 /* BtnMode.swift */; };
		0BBA421F2AC1397F00C0B977 /* Centered.swift in Sources */ = {isa = PBXBuildFile; fileRef = 0BBA421E2AC1397F00C0B977 /* Centered.swift */; };
		0BBA42212AC1802C00C0B977 /* ButtonCancelSelected.swift in Sources */ = {isa = PBXBuildFile; fileRef = 0BBA42202AC1802C00C0B977 /* ButtonCancelSelected.swift */; };
		0BBA42252AC1813D00C0B977 /* BtnDel.swift in Sources */ = {isa = PBXBuildFile; fileRef = 0BBA42242AC1813D00C0B977 /* BtnDel.swift */; };
		0BBA42272AC2A8B800C0B977 /* BtnAdd.swift in Sources */ = {isa = PBXBuildFile; fileRef = 0BBA42262AC2A8B800C0B977 /* BtnAdd.swift */; };
		0BBA422F2AC2BAE300C0B977 /* AlbumView.swift in Sources */ = {isa = PBXBuildFile; fileRef = 0BBA422E2AC2BAE300C0B977 /* AlbumView.swift */; };
		0BBAD0722BBC05C6005834A3 /* DBRow.swift in Sources */ = {isa = PBXBuildFile; fileRef = 0BBAD0712BBC05C6005834A3 /* DBRow.swift */; };
		0BBAD0A22BBD413B005834A3 /* DBViewList.swift in Sources */ = {isa = PBXBuildFile; fileRef = 0BBAD0A12BBD413B005834A3 /* DBViewList.swift */; };
		0BBC157C2AB84C21006E82C4 /* HomeView.swift in Sources */ = {isa = PBXBuildFile; fileRef = 0BBC157B2AB84C21006E82C4 /* HomeView.swift */; };
		0BBC15802AB854A8006E82C4 /* DBLayout.swift in Sources */ = {isa = PBXBuildFile; fileRef = 0BBC157F2AB854A8006E82C4 /* DBLayout.swift */; };
		0BBC15842AB95272006E82C4 /* ControlView.swift in Sources */ = {isa = PBXBuildFile; fileRef = 0BBC15832AB95272006E82C4 /* ControlView.swift */; };
		0BBC15882AB9A473006E82C4 /* iCloudHelper.swift in Sources */ = {isa = PBXBuildFile; fileRef = 0BBC15872AB9A473006E82C4 /* iCloudHelper.swift */; };
		0BBC158A2AB9AB7F006E82C4 /* FileHelper.swift in Sources */ = {isa = PBXBuildFile; fileRef = 0BBC15892AB9AB7F006E82C4 /* FileHelper.swift */; };
		0BBC158D2ABAC0C7006E82C4 /* BtnToggle.swift in Sources */ = {isa = PBXBuildFile; fileRef = 0BBC158C2ABAC0C7006E82C4 /* BtnToggle.swift */; };
		0BBC158F2ABAC146006E82C4 /* BtnNext.swift in Sources */ = {isa = PBXBuildFile; fileRef = 0BBC158E2ABAC146006E82C4 /* BtnNext.swift */; };
		0BBC15912ABAC19F006E82C4 /* BtnPrev.swift in Sources */ = {isa = PBXBuildFile; fileRef = 0BBC15902ABAC19F006E82C4 /* BtnPrev.swift */; };
		0BBC159A2ABAD5DB006E82C4 /* SliderView.swift in Sources */ = {isa = PBXBuildFile; fileRef = 0BBC15992ABAD5DB006E82C4 /* SliderView.swift */; };
		0BD056892BC6192D00EBC7C4 /* JobSync.swift in Sources */ = {isa = PBXBuildFile; fileRef = 0BD056882BC6192D00EBC7C4 /* JobSync.swift */; };
		0BD0568B2BC6202900EBC7C4 /* DiskiCloud.swift in Sources */ = {isa = PBXBuildFile; fileRef = 0BD0568A2BC6202900EBC7C4 /* DiskiCloud.swift */; };
		0BD056912BC6340800EBC7C4 /* BtnEvict.swift in Sources */ = {isa = PBXBuildFile; fileRef = 0BD056902BC6340800EBC7C4 /* BtnEvict.swift */; };
		0BD98CFE2BD8E91500641A6A /* HeroView.swift in Sources */ = {isa = PBXBuildFile; fileRef = 0BD98CFD2BD8E91500641A6A /* HeroView.swift */; };
		0BE6958E2BFE28B400CEFFEB /* PlayTime.swift in Sources */ = {isa = PBXBuildFile; fileRef = 0BE6958D2BFE28B400CEFFEB /* PlayTime.swift */; };
		0BE695902BFE325400CEFFEB /* StoreManager.swift in Sources */ = {isa = PBXBuildFile; fileRef = 0BE6958F2BFE325400CEFFEB /* StoreManager.swift */; };
		0BE6959A2BFE3DCC00CEFFEB /* AllSubscriptions.swift in Sources */ = {isa = PBXBuildFile; fileRef = 0BE695912BFE3DCC00CEFFEB /* AllSubscriptions.swift */; };
		0BE6959B2BFE3DCC00CEFFEB /* BuyButtonStyle.swift in Sources */ = {isa = PBXBuildFile; fileRef = 0BE695922BFE3DCC00CEFFEB /* BuyButtonStyle.swift */; };
		0BE6959C2BFE3DCC00CEFFEB /* BuyView.swift in Sources */ = {isa = PBXBuildFile; fileRef = 0BE695932BFE3DCC00CEFFEB /* BuyView.swift */; };
		0BE6959D2BFE3DCC00CEFFEB /* CarsView.swift in Sources */ = {isa = PBXBuildFile; fileRef = 0BE695942BFE3DCC00CEFFEB /* CarsView.swift */; };
		0BE6959E2BFE3DCC00CEFFEB /* MySubscription.swift in Sources */ = {isa = PBXBuildFile; fileRef = 0BE695952BFE3DCC00CEFFEB /* MySubscription.swift */; };
		0BE6959F2BFE3DCC00CEFFEB /* NonRenewables.swift in Sources */ = {isa = PBXBuildFile; fileRef = 0BE695962BFE3DCC00CEFFEB /* NonRenewables.swift */; };
		0BE695A02BFE3DCC00CEFFEB /* OneTimeView.swift in Sources */ = {isa = PBXBuildFile; fileRef = 0BE695972BFE3DCC00CEFFEB /* OneTimeView.swift */; };
		0BE695A12BFE3DCC00CEFFEB /* ProductCell.swift in Sources */ = {isa = PBXBuildFile; fileRef = 0BE695982BFE3DCC00CEFFEB /* ProductCell.swift */; };
		0BE695C02C01E88E00CEFFEB /* DeviceData.swift in Sources */ = {isa = PBXBuildFile; fileRef = 0BE695BF2C01E88E00CEFFEB /* DeviceData.swift */; };
		0BE695C22C01E8F600CEFFEB /* DBSynced.swift in Sources */ = {isa = PBXBuildFile; fileRef = 0BE695C12C01E8F600CEFFEB /* DBSynced.swift */; };
		0BE93F312BFB8E3200F25445 /* SettingView.swift in Sources */ = {isa = PBXBuildFile; fileRef = 0BE93F302BFB8E3200F25445 /* SettingView.swift */; };
		0BFB38832BCCCC780055E38B /* OperationView.swift in Sources */ = {isa = PBXBuildFile; fileRef = 0BFB38822BCCCC780055E38B /* OperationView.swift */; };
		0BFB38852BCCD26F0055E38B /* BtnLike.swift in Sources */ = {isa = PBXBuildFile; fileRef = 0BFB38842BCCD26F0055E38B /* BtnLike.swift */; };
		0BFB38F72BD0BCC20055E38B /* RowTask.swift in Sources */ = {isa = PBXBuildFile; fileRef = 0BFB38F62BD0BCC20055E38B /* RowTask.swift */; };
		0BFDCB802AB86AF300B0D1C8 /* MenuTile.swift in Sources */ = {isa = PBXBuildFile; fileRef = 0BFDCB7F2AB86AF300B0D1C8 /* MenuTile.swift */; };
		F507F5152C04688D00CB9A3A /* BtnBuy.swift in Sources */ = {isa = PBXBuildFile; fileRef = F507F5142C04688D00CB9A3A /* BtnBuy.swift */; };
		F507F5172C09541B00CB9A3A /* DeviceSetting.swift in Sources */ = {isa = PBXBuildFile; fileRef = F507F5162C09541B00CB9A3A /* DeviceSetting.swift */; };
		F53BE0322C202420003CBA29 /* DiskFile.swift in Sources */ = {isa = PBXBuildFile; fileRef = F53BE0312C202420003CBA29 /* DiskFile.swift */; };
		F53BE0342C2024BE003CBA29 /* DiskFileGroup.swift in Sources */ = {isa = PBXBuildFile; fileRef = F53BE0332C2024BE003CBA29 /* DiskFileGroup.swift */; };
		F54522252BFF3C780027CF55 /* Products.storekit in Resources */ = {isa = PBXBuildFile; fileRef = F54522242BFF3C770027CF55 /* Products.storekit */; };
		F54522272BFF3CCE0027CF55 /* Products.plist in Resources */ = {isa = PBXBuildFile; fileRef = F54522262BFF3CCE0027CF55 /* Products.plist */; };
		F545D1732C1FC9F0006A6AFA /* CloudSetting.swift in Sources */ = {isa = PBXBuildFile; fileRef = F545D1722C1FC9F0006A6AFA /* CloudSetting.swift */; };
		F545D1752C1FCAD0006A6AFA /* CloudExt.swift in Sources */ = {isa = PBXBuildFile; fileRef = F545D1742C1FCAD0006A6AFA /* CloudExt.swift */; };
		F545D1772C1FCC86006A6AFA /* UserExt.swift in Sources */ = {isa = PBXBuildFile; fileRef = F545D1762C1FCC86006A6AFA /* UserExt.swift */; };
		F5511BB02C29050300400900 /* Playable.swift in Sources */ = {isa = PBXBuildFile; fileRef = F5511BAF2C29050300400900 /* Playable.swift */; };
		F5511BB42C29118C00400900 /* DiskScene.swift in Sources */ = {isa = PBXBuildFile; fileRef = F5511BB32C29118C00400900 /* DiskScene.swift */; };
		F5511BB62C291D3400400900 /* SceneView.swift in Sources */ = {isa = PBXBuildFile; fileRef = F5511BB52C291D3400400900 /* SceneView.swift */; };
		F5511BBC2C294A7400400900 /* DBTaskView.swift in Sources */ = {isa = PBXBuildFile; fileRef = F5511BBB2C294A7400400900 /* DBTaskView.swift */; };
		F5511BBE2C29506400400900 /* StateCopy.swift in Sources */ = {isa = PBXBuildFile; fileRef = F5511BBD2C29506400400900 /* StateCopy.swift */; };
		F5511BC02C2953C200400900 /* BtnToggleCopying.swift in Sources */ = {isa = PBXBuildFile; fileRef = F5511BBF2C2953C200400900 /* BtnToggleCopying.swift */; };
		F5511BC32C29598100400900 /* BottomTile.swift in Sources */ = {isa = PBXBuildFile; fileRef = F5511BC22C29598100400900 /* BottomTile.swift */; };
		F5511BC52C2962AC00400900 /* BottomViewType.swift in Sources */ = {isa = PBXBuildFile; fileRef = F5511BC42C2962AC00400900 /* BottomViewType.swift */; };
		F5511BC72C29636500400900 /* BottomCopyState.swift in Sources */ = {isa = PBXBuildFile; fileRef = F5511BC62C29636500400900 /* BottomCopyState.swift */; };
		F5511BCA2C2BACC000400900 /* TopView.swift in Sources */ = {isa = PBXBuildFile; fileRef = F5511BC92C2BACC000400900 /* TopView.swift */; };
		F5511BCD2C2BBF8900400900 /* Scenes.swift in Sources */ = {isa = PBXBuildFile; fileRef = F5511BCC2C2BBF8900400900 /* Scenes.swift */; };
		F5675C332C22BFD900326664 /* BottomBar.swift in Sources */ = {isa = PBXBuildFile; fileRef = F5675C322C22BFD900326664 /* BottomBar.swift */; };
		F5675C352C22CB3C00326664 /* DBViewTree.swift in Sources */ = {isa = PBXBuildFile; fileRef = F5675C342C22CB3C00326664 /* DBViewTree.swift */; };
		F5675C3A2C2404D700326664 /* FileBox.swift in Sources */ = {isa = PBXBuildFile; fileRef = F5675C392C2404D700326664 /* FileBox.swift */; };
		F5675C3E2C252A3800326664 /* DBTree.swift in Sources */ = {isa = PBXBuildFile; fileRef = F5675C3D2C252A3800326664 /* DBTree.swift */; };
		F5675C402C25456300326664 /* DataManager.swift in Sources */ = {isa = PBXBuildFile; fileRef = F5675C3F2C25456300326664 /* DataManager.swift */; };
		F5675C422C254E8100326664 /* StorageExt.swift in Sources */ = {isa = PBXBuildFile; fileRef = F5675C412C254E8100326664 /* StorageExt.swift */; };
		F573B1882C0411E4004C34CC /* DeviceDataExt.swift in Sources */ = {isa = PBXBuildFile; fileRef = F573B1872C0411E4004C34CC /* DeviceDataExt.swift */; };
		F573B18A2C0413DD004C34CC /* DeviceHelper.swift in Sources */ = {isa = PBXBuildFile; fileRef = F573B1892C0413DD004C34CC /* DeviceHelper.swift */; };
		F573B18C2C042E08004C34CC /* DeviceExt.swift in Sources */ = {isa = PBXBuildFile; fileRef = F573B18B2C042E08004C34CC /* DeviceExt.swift */; };
		F586DCD52C2BFE9E0078580B /* BtnOpenFolder.swift in Sources */ = {isa = PBXBuildFile; fileRef = F586DCD42C2BFE9E0078580B /* BtnOpenFolder.swift */; };
		F586DCD72C2C01FF0078580B /* FatalErrorView.swift in Sources */ = {isa = PBXBuildFile; fileRef = F586DCD62C2C01FF0078580B /* FatalErrorView.swift */; };
		F586DCD92C2C05A60078580B /* RootView.swift in Sources */ = {isa = PBXBuildFile; fileRef = F586DCD82C2C05A60078580B /* RootView.swift */; };
/* End PBXBuildFile section */

/* Begin PBXFileReference section */
		0B1126292AC6F7B20093DFFA /* BtnToggleDB.swift */ = {isa = PBXFileReference; lastKnownFileType = sourcecode.swift; path = BtnToggleDB.swift; sourceTree = "<group>"; };
		0B11262B2AC719B70093DFFA /* ImageHelper.swift */ = {isa = PBXFileReference; lastKnownFileType = sourcecode.swift; path = ImageHelper.swift; sourceTree = "<group>"; };
		0B11365A2BEFABC700A71FE1 /* JobGetCover.swift */ = {isa = PBXFileReference; lastKnownFileType = sourcecode.swift; path = JobGetCover.swift; sourceTree = "<group>"; };
		0B11365E2BF10A0100A71FE1 /* JobGroup.swift */ = {isa = PBXFileReference; lastKnownFileType = sourcecode.swift; path = JobGroup.swift; sourceTree = "<group>"; };
		0B1136602BF4CF3000A71FE1 /* Cover.swift */ = {isa = PBXFileReference; lastKnownFileType = sourcecode.swift; path = Cover.swift; sourceTree = "<group>"; };
		0B1165E82ABBC6C0005C5CBB /* LaunchView.swift */ = {isa = PBXFileReference; lastKnownFileType = sourcecode.swift; path = LaunchView.swift; sourceTree = "<group>"; };
		0B1165EF2ABBCCB0005C5CBB /* AppManager.swift */ = {isa = PBXFileReference; lastKnownFileType = sourcecode.swift; path = AppManager.swift; sourceTree = "<group>"; };
		0B12B0A62C0CB88B00FD43AD /* BuySetting.swift */ = {isa = PBXFileReference; lastKnownFileType = sourcecode.swift; path = BuySetting.swift; sourceTree = "<group>"; };
		0B12B0A82C0CB96F00FD43AD /* SubscriptionSetting.swift */ = {isa = PBXFileReference; lastKnownFileType = sourcecode.swift; path = SubscriptionSetting.swift; sourceTree = "<group>"; };
		0B1498732BC4C5CB0075DA61 /* PlayMode.swift */ = {isa = PBXFileReference; lastKnownFileType = sourcecode.swift; path = PlayMode.swift; sourceTree = "<group>"; };
		0B1498782BC4DF940075DA61 /* JobDelete.swift */ = {isa = PBXFileReference; lastKnownFileType = sourcecode.swift; path = JobDelete.swift; sourceTree = "<group>"; };
		0B19D9552C062F400057D8DB /* ProExt.swift */ = {isa = PBXFileReference; lastKnownFileType = sourcecode.swift; path = ProExt.swift; sourceTree = "<group>"; };
		0B1D5A4B2AB301AD0010DDF2 /* Cisum.app */ = {isa = PBXFileReference; explicitFileType = wrapper.application; includeInIndex = 0; path = Cisum.app; sourceTree = BUILT_PRODUCTS_DIR; };
		0B1D5A5D2AB3025E0010DDF2 /* Signing.entitlements */ = {isa = PBXFileReference; fileEncoding = 4; lastKnownFileType = text.plist.entitlements; path = Signing.entitlements; sourceTree = "<group>"; };
		0B1D5A672AB3025F0010DDF2 /* Audio.swift */ = {isa = PBXFileReference; fileEncoding = 4; lastKnownFileType = sourcecode.swift; path = Audio.swift; sourceTree = "<group>"; };
		0B1D5A6C2AB302600010DDF2 /* CommonHelp.swift */ = {isa = PBXFileReference; fileEncoding = 4; lastKnownFileType = sourcecode.swift; path = CommonHelp.swift; sourceTree = "<group>"; };
		0B1D5A6E2AB302600010DDF2 /* Extensions.swift */ = {isa = PBXFileReference; fileEncoding = 4; lastKnownFileType = sourcecode.swift; path = Extensions.swift; sourceTree = "<group>"; };
		0B1D5A722AB302600010DDF2 /* BackgroundView.swift */ = {isa = PBXFileReference; fileEncoding = 4; lastKnownFileType = sourcecode.swift; path = BackgroundView.swift; sourceTree = "<group>"; };
		0B1D5A732AB302600010DDF2 /* ContentView.swift */ = {isa = PBXFileReference; fileEncoding = 4; lastKnownFileType = sourcecode.swift; path = ContentView.swift; sourceTree = "<group>"; };
		0B1D5A752AB302600010DDF2 /* Config.swift */ = {isa = PBXFileReference; fileEncoding = 4; lastKnownFileType = sourcecode.swift; path = Config.swift; sourceTree = "<group>"; };
		0B1D5A8B2AB305D70010DDF2 /* Info.plist */ = {isa = PBXFileReference; lastKnownFileType = text.plist.xml; path = Info.plist; sourceTree = "<group>"; };
		0B1D5A8C2AB3E8290010DDF2 /* AppDelegate.swift */ = {isa = PBXFileReference; lastKnownFileType = sourcecode.swift; path = AppDelegate.swift; sourceTree = "<group>"; };
		0B220F6C2BB051140077255A /* StateView.swift */ = {isa = PBXFileReference; lastKnownFileType = sourcecode.swift; path = StateView.swift; sourceTree = "<group>"; };
		0B220F6E2BB051F50077255A /* TitleView.swift */ = {isa = PBXFileReference; lastKnownFileType = sourcecode.swift; path = TitleView.swift; sourceTree = "<group>"; };
		0B220F722BB1A3D70077255A /* BtnsView.swift */ = {isa = PBXFileReference; lastKnownFileType = sourcecode.swift; path = BtnsView.swift; sourceTree = "<group>"; };
		0B220F742BB1BBDB0077255A /* SmartError.swift */ = {isa = PBXFileReference; lastKnownFileType = sourcecode.swift; path = SmartError.swift; sourceTree = "<group>"; };
		0B22158D2BB6BC8F000EB36F /* SmartProgress.swift */ = {isa = PBXFileReference; lastKnownFileType = sourcecode.swift; path = SmartProgress.swift; sourceTree = "<group>"; };
		0B240BD42BF30730004A5944 /* JobExt.swift */ = {isa = PBXFileReference; lastKnownFileType = sourcecode.swift; path = JobExt.swift; sourceTree = "<group>"; };
		0B4DFC712BD740B4001CEF32 /* Device.swift */ = {isa = PBXFileReference; lastKnownFileType = sourcecode.swift; path = Device.swift; sourceTree = "<group>"; };
		0B4E246E2BCAB8020033CC07 /* AppPreview.swift */ = {isa = PBXFileReference; lastKnownFileType = sourcecode.swift; path = AppPreview.swift; sourceTree = "<group>"; };
		0B5786332BCB8DC00064F66A /* PlayView.swift */ = {isa = PBXFileReference; lastKnownFileType = sourcecode.swift; path = PlayView.swift; sourceTree = "<group>"; };
		0B5E51E42AD912B5000650CF /* DebugCommand.swift */ = {isa = PBXFileReference; lastKnownFileType = sourcecode.swift; path = DebugCommand.swift; sourceTree = "<group>"; };
		0B604AE72AD6384300929DD8 /* BootView.swift */ = {isa = PBXFileReference; lastKnownFileType = sourcecode.swift; path = BootView.swift; sourceTree = "<group>"; };
		0B6B8B982BBA39F500F65B23 /* ControlButton.swift */ = {isa = PBXFileReference; lastKnownFileType = sourcecode.swift; path = ControlButton.swift; sourceTree = "<group>"; };
		0B6B8B9A2BBA420600F65B23 /* BtnPlay.swift */ = {isa = PBXFileReference; fileEncoding = 4; lastKnownFileType = sourcecode.swift; path = BtnPlay.swift; sourceTree = "<group>"; };
		0B6B8B9C2BBA4D0600F65B23 /* Coffee.swift */ = {isa = PBXFileReference; lastKnownFileType = sourcecode.swift; path = Coffee.swift; sourceTree = "<group>"; };
		0B718F0B2AB4349900569762 /* CardView.swift */ = {isa = PBXFileReference; lastKnownFileType = sourcecode.swift; path = CardView.swift; sourceTree = "<group>"; };
		0B73275E2BB5138200DBD922 /* LoggerHelper.swift */ = {isa = PBXFileReference; lastKnownFileType = sourcecode.swift; path = LoggerHelper.swift; sourceTree = "<group>"; };
		0B7842742C1331B400E24869 /* BtnDelDevice.swift */ = {isa = PBXFileReference; lastKnownFileType = sourcecode.swift; path = BtnDelDevice.swift; sourceTree = "<group>"; };
		0B8C369E2BEA011700C47567 /* MetaWrapper.swift */ = {isa = PBXFileReference; lastKnownFileType = sourcecode.swift; path = MetaWrapper.swift; sourceTree = "<group>"; };
		0B8C36A02BEA0E8800C47567 /* AudioD.swift */ = {isa = PBXFileReference; lastKnownFileType = sourcecode.swift; path = AudioD.swift; sourceTree = "<group>"; };
		0B8C36A22BEA124900C47567 /* AudioR.swift */ = {isa = PBXFileReference; lastKnownFileType = sourcecode.swift; path = AudioR.swift; sourceTree = "<group>"; };
		0B8C36A42BEA15A800C47567 /* AudioU.swift */ = {isa = PBXFileReference; lastKnownFileType = sourcecode.swift; path = AudioU.swift; sourceTree = "<group>"; };
		0B8C36A62BEA15E000C47567 /* AudioC.swift */ = {isa = PBXFileReference; lastKnownFileType = sourcecode.swift; path = AudioC.swift; sourceTree = "<group>"; };
		0B8C36A92BEA2EC600C47567 /* Disk.swift */ = {isa = PBXFileReference; lastKnownFileType = sourcecode.swift; path = Disk.swift; sourceTree = "<group>"; };
		0B8C36AB2BEC6E0F00C47567 /* StateExt.swift */ = {isa = PBXFileReference; lastKnownFileType = sourcecode.swift; path = StateExt.swift; sourceTree = "<group>"; };
		0B8C36AD2BEC6E3E00C47567 /* DevExt.swift */ = {isa = PBXFileReference; lastKnownFileType = sourcecode.swift; path = DevExt.swift; sourceTree = "<group>"; };
		0B8C36AF2BEC6E6500C47567 /* DBExt.swift */ = {isa = PBXFileReference; lastKnownFileType = sourcecode.swift; path = DBExt.swift; sourceTree = "<group>"; };
		0B8C36B12BEC6E8D00C47567 /* QueueExt.swift */ = {isa = PBXFileReference; lastKnownFileType = sourcecode.swift; path = QueueExt.swift; sourceTree = "<group>"; };
		0B8C36B32BEC6EAB00C47567 /* ViewExt.swift */ = {isa = PBXFileReference; lastKnownFileType = sourcecode.swift; path = ViewExt.swift; sourceTree = "<group>"; };
		0B8C36B52BEDAB5E00C47567 /* BtnMore.swift */ = {isa = PBXFileReference; lastKnownFileType = sourcecode.swift; path = BtnMore.swift; sourceTree = "<group>"; };
		0B8FC26F2BBC559500839C75 /* PlayingAlbum.swift */ = {isa = PBXFileReference; lastKnownFileType = sourcecode.swift; path = PlayingAlbum.swift; sourceTree = "<group>"; };
		0B901D852BB83BA2003AC253 /* iCloudHandler.swift */ = {isa = PBXFileReference; lastKnownFileType = sourcecode.swift; path = iCloudHandler.swift; sourceTree = "<group>"; };
		0B901D872BB83BC3003AC253 /* FilePresenter.swift */ = {isa = PBXFileReference; lastKnownFileType = sourcecode.swift; path = FilePresenter.swift; sourceTree = "<group>"; };
		0B901D892BB83E28003AC253 /* ItemQuery.swift */ = {isa = PBXFileReference; lastKnownFileType = sourcecode.swift; path = ItemQuery.swift; sourceTree = "<group>"; };
		0B92ACC92BBA80F300F1A74F /* README.md */ = {isa = PBXFileReference; fileEncoding = 4; lastKnownFileType = net.daringfireball.markdown; path = README.md; sourceTree = "<group>"; };
		0B9EA3582C21B41C00A4059A /* PlayAsset.swift */ = {isa = PBXFileReference; lastKnownFileType = sourcecode.swift; path = PlayAsset.swift; sourceTree = "<group>"; };
		0B9EA35A2C21C72800A4059A /* PlayMan.swift */ = {isa = PBXFileReference; lastKnownFileType = sourcecode.swift; path = PlayMan.swift; sourceTree = "<group>"; };
		0B9EA35C2C21C9AB00A4059A /* PlayState.swift */ = {isa = PBXFileReference; lastKnownFileType = sourcecode.swift; path = PlayState.swift; sourceTree = "<group>"; };
		0B9FA2962BC80E51007B235A /* EventManager.swift */ = {isa = PBXFileReference; lastKnownFileType = sourcecode.swift; path = EventManager.swift; sourceTree = "<group>"; };
		0B9FA2982BC81EFF007B235A /* NotDownloadedAlbum.swift */ = {isa = PBXFileReference; lastKnownFileType = sourcecode.swift; path = NotDownloadedAlbum.swift; sourceTree = "<group>"; };
		0B9FA29A2BC81F53007B235A /* DefaultAlbum.swift */ = {isa = PBXFileReference; lastKnownFileType = sourcecode.swift; path = DefaultAlbum.swift; sourceTree = "<group>"; };
		0BA9FB6B2BFE14B4008074CB /* DirSetting.swift */ = {isa = PBXFileReference; lastKnownFileType = sourcecode.swift; path = DirSetting.swift; sourceTree = "<group>"; };
		0BA9FB6D2BFE155B008074CB /* CoverDirSetting.swift */ = {isa = PBXFileReference; lastKnownFileType = sourcecode.swift; path = CoverDirSetting.swift; sourceTree = "<group>"; };
		0BA9FB6F2BFE223A008074CB /* VersionSetting.swift */ = {isa = PBXFileReference; lastKnownFileType = sourcecode.swift; path = VersionSetting.swift; sourceTree = "<group>"; };
		0BAABEB02BC79C4E00DF4A31 /* CopyTask.swift */ = {isa = PBXFileReference; lastKnownFileType = sourcecode.swift; path = CopyTask.swift; sourceTree = "<group>"; };
		0BAABEB22BC79C9F00DF4A31 /* TaskExt.swift */ = {isa = PBXFileReference; lastKnownFileType = sourcecode.swift; path = TaskExt.swift; sourceTree = "<group>"; };
		0BAABEB72BC7D4B600DF4A31 /* BtnDelTask.swift */ = {isa = PBXFileReference; lastKnownFileType = sourcecode.swift; path = BtnDelTask.swift; sourceTree = "<group>"; };
		0BAABEB92BC8C5CB00DF4A31 /* JobPrepare.swift */ = {isa = PBXFileReference; lastKnownFileType = sourcecode.swift; path = JobPrepare.swift; sourceTree = "<group>"; };
		0BAABEC22BC939D000DF4A31 /* LayoutView.swift */ = {isa = PBXFileReference; lastKnownFileType = sourcecode.swift; path = LayoutView.swift; sourceTree = "<group>"; };
		0BAB300D2AB814F70012D837 /* BootApp.swift */ = {isa = PBXFileReference; lastKnownFileType = sourcecode.swift; path = BootApp.swift; sourceTree = "<group>"; };
		0BAB7C3E2AD3BBAA00C5AEB5 /* DBTips.swift */ = {isa = PBXFileReference; lastKnownFileType = sourcecode.swift; path = DBTips.swift; sourceTree = "<group>"; };
		0BB427902BED0B38004E6F82 /* DiskLocal.swift */ = {isa = PBXFileReference; lastKnownFileType = sourcecode.swift; path = DiskLocal.swift; sourceTree = "<group>"; };
		0BB543F32BE8E38300D7A2B2 /* Duplicates.swift */ = {isa = PBXFileReference; lastKnownFileType = sourcecode.swift; path = Duplicates.swift; sourceTree = "<group>"; };
		0BB543F72BE9C64C00D7A2B2 /* PathExt.swift */ = {isa = PBXFileReference; lastKnownFileType = sourcecode.swift; path = PathExt.swift; sourceTree = "<group>"; };
		0BB587162AD815770071AEBD /* TimeHelper.swift */ = {isa = PBXFileReference; lastKnownFileType = sourcecode.swift; path = TimeHelper.swift; sourceTree = "<group>"; };
		0BB5871A2AD81AF90071AEBD /* ViewHelper.swift */ = {isa = PBXFileReference; lastKnownFileType = sourcecode.swift; path = ViewHelper.swift; sourceTree = "<group>"; };
		0BB5871C2AD820FA0071AEBD /* Assets.xcassets */ = {isa = PBXFileReference; lastKnownFileType = folder.assetcatalog; path = Assets.xcassets; sourceTree = "<group>"; };
		0BB889D12AC042EC004788D5 /* BtnDownload.swift */ = {isa = PBXFileReference; lastKnownFileType = sourcecode.swift; path = BtnDownload.swift; sourceTree = "<group>"; };
		0BB889D62AC046B5004788D5 /* BtnShowInFinder.swift */ = {isa = PBXFileReference; lastKnownFileType = sourcecode.swift; path = BtnShowInFinder.swift; sourceTree = "<group>"; };
		0BB889DA2AC06C54004788D5 /* DB.swift */ = {isa = PBXFileReference; lastKnownFileType = sourcecode.swift; path = DB.swift; sourceTree = "<group>"; };
		0BBA42182ABD5D9200C0B977 /* BtnMode.swift */ = {isa = PBXFileReference; lastKnownFileType = sourcecode.swift; path = BtnMode.swift; sourceTree = "<group>"; };
		0BBA421E2AC1397F00C0B977 /* Centered.swift */ = {isa = PBXFileReference; lastKnownFileType = sourcecode.swift; path = Centered.swift; sourceTree = "<group>"; };
		0BBA42202AC1802C00C0B977 /* ButtonCancelSelected.swift */ = {isa = PBXFileReference; lastKnownFileType = sourcecode.swift; path = ButtonCancelSelected.swift; sourceTree = "<group>"; };
		0BBA42242AC1813D00C0B977 /* BtnDel.swift */ = {isa = PBXFileReference; lastKnownFileType = sourcecode.swift; path = BtnDel.swift; sourceTree = "<group>"; };
		0BBA42262AC2A8B800C0B977 /* BtnAdd.swift */ = {isa = PBXFileReference; lastKnownFileType = sourcecode.swift; path = BtnAdd.swift; sourceTree = "<group>"; };
		0BBA422E2AC2BAE300C0B977 /* AlbumView.swift */ = {isa = PBXFileReference; lastKnownFileType = sourcecode.swift; path = AlbumView.swift; sourceTree = "<group>"; };
		0BBAD0712BBC05C6005834A3 /* DBRow.swift */ = {isa = PBXFileReference; lastKnownFileType = sourcecode.swift; path = DBRow.swift; sourceTree = "<group>"; };
		0BBAD0A12BBD413B005834A3 /* DBViewList.swift */ = {isa = PBXFileReference; lastKnownFileType = sourcecode.swift; path = DBViewList.swift; sourceTree = "<group>"; };
		0BBC157B2AB84C21006E82C4 /* HomeView.swift */ = {isa = PBXFileReference; lastKnownFileType = sourcecode.swift; path = HomeView.swift; sourceTree = "<group>"; };
		0BBC157F2AB854A8006E82C4 /* DBLayout.swift */ = {isa = PBXFileReference; lastKnownFileType = sourcecode.swift; path = DBLayout.swift; sourceTree = "<group>"; };
		0BBC15832AB95272006E82C4 /* ControlView.swift */ = {isa = PBXFileReference; lastKnownFileType = sourcecode.swift; path = ControlView.swift; sourceTree = "<group>"; };
		0BBC15872AB9A473006E82C4 /* iCloudHelper.swift */ = {isa = PBXFileReference; lastKnownFileType = sourcecode.swift; path = iCloudHelper.swift; sourceTree = "<group>"; };
		0BBC15892AB9AB7F006E82C4 /* FileHelper.swift */ = {isa = PBXFileReference; lastKnownFileType = sourcecode.swift; path = FileHelper.swift; sourceTree = "<group>"; };
		0BBC158C2ABAC0C7006E82C4 /* BtnToggle.swift */ = {isa = PBXFileReference; lastKnownFileType = sourcecode.swift; path = BtnToggle.swift; sourceTree = "<group>"; };
		0BBC158E2ABAC146006E82C4 /* BtnNext.swift */ = {isa = PBXFileReference; lastKnownFileType = sourcecode.swift; path = BtnNext.swift; sourceTree = "<group>"; };
		0BBC15902ABAC19F006E82C4 /* BtnPrev.swift */ = {isa = PBXFileReference; lastKnownFileType = sourcecode.swift; path = BtnPrev.swift; sourceTree = "<group>"; };
		0BBC15992ABAD5DB006E82C4 /* SliderView.swift */ = {isa = PBXFileReference; lastKnownFileType = sourcecode.swift; path = SliderView.swift; sourceTree = "<group>"; };
		0BD056882BC6192D00EBC7C4 /* JobSync.swift */ = {isa = PBXFileReference; lastKnownFileType = sourcecode.swift; path = JobSync.swift; sourceTree = "<group>"; };
		0BD0568A2BC6202900EBC7C4 /* DiskiCloud.swift */ = {isa = PBXFileReference; lastKnownFileType = sourcecode.swift; path = DiskiCloud.swift; sourceTree = "<group>"; };
		0BD056902BC6340800EBC7C4 /* BtnEvict.swift */ = {isa = PBXFileReference; lastKnownFileType = sourcecode.swift; path = BtnEvict.swift; sourceTree = "<group>"; };
		0BD98CFD2BD8E91500641A6A /* HeroView.swift */ = {isa = PBXFileReference; lastKnownFileType = sourcecode.swift; path = HeroView.swift; sourceTree = "<group>"; };
		0BE6958D2BFE28B400CEFFEB /* PlayTime.swift */ = {isa = PBXFileReference; lastKnownFileType = sourcecode.swift; path = PlayTime.swift; sourceTree = "<group>"; };
		0BE6958F2BFE325400CEFFEB /* StoreManager.swift */ = {isa = PBXFileReference; lastKnownFileType = sourcecode.swift; path = StoreManager.swift; sourceTree = "<group>"; };
		0BE695912BFE3DCC00CEFFEB /* AllSubscriptions.swift */ = {isa = PBXFileReference; fileEncoding = 4; lastKnownFileType = sourcecode.swift; path = AllSubscriptions.swift; sourceTree = "<group>"; };
		0BE695922BFE3DCC00CEFFEB /* BuyButtonStyle.swift */ = {isa = PBXFileReference; fileEncoding = 4; lastKnownFileType = sourcecode.swift; path = BuyButtonStyle.swift; sourceTree = "<group>"; };
		0BE695932BFE3DCC00CEFFEB /* BuyView.swift */ = {isa = PBXFileReference; fileEncoding = 4; lastKnownFileType = sourcecode.swift; path = BuyView.swift; sourceTree = "<group>"; };
		0BE695942BFE3DCC00CEFFEB /* CarsView.swift */ = {isa = PBXFileReference; fileEncoding = 4; lastKnownFileType = sourcecode.swift; path = CarsView.swift; sourceTree = "<group>"; };
		0BE695952BFE3DCC00CEFFEB /* MySubscription.swift */ = {isa = PBXFileReference; fileEncoding = 4; lastKnownFileType = sourcecode.swift; path = MySubscription.swift; sourceTree = "<group>"; };
		0BE695962BFE3DCC00CEFFEB /* NonRenewables.swift */ = {isa = PBXFileReference; fileEncoding = 4; lastKnownFileType = sourcecode.swift; path = NonRenewables.swift; sourceTree = "<group>"; };
		0BE695972BFE3DCC00CEFFEB /* OneTimeView.swift */ = {isa = PBXFileReference; fileEncoding = 4; lastKnownFileType = sourcecode.swift; path = OneTimeView.swift; sourceTree = "<group>"; };
		0BE695982BFE3DCC00CEFFEB /* ProductCell.swift */ = {isa = PBXFileReference; fileEncoding = 4; lastKnownFileType = sourcecode.swift; path = ProductCell.swift; sourceTree = "<group>"; };
		0BE695BF2C01E88E00CEFFEB /* DeviceData.swift */ = {isa = PBXFileReference; lastKnownFileType = sourcecode.swift; path = DeviceData.swift; sourceTree = "<group>"; };
		0BE695C12C01E8F600CEFFEB /* DBSynced.swift */ = {isa = PBXFileReference; lastKnownFileType = sourcecode.swift; path = DBSynced.swift; sourceTree = "<group>"; };
		0BE93F302BFB8E3200F25445 /* SettingView.swift */ = {isa = PBXFileReference; lastKnownFileType = sourcecode.swift; path = SettingView.swift; sourceTree = "<group>"; };
		0BFB38822BCCCC780055E38B /* OperationView.swift */ = {isa = PBXFileReference; lastKnownFileType = sourcecode.swift; path = OperationView.swift; sourceTree = "<group>"; };
		0BFB38842BCCD26F0055E38B /* BtnLike.swift */ = {isa = PBXFileReference; lastKnownFileType = sourcecode.swift; path = BtnLike.swift; sourceTree = "<group>"; };
		0BFB38F62BD0BCC20055E38B /* RowTask.swift */ = {isa = PBXFileReference; lastKnownFileType = sourcecode.swift; path = RowTask.swift; sourceTree = "<group>"; };
		0BFDCB7F2AB86AF300B0D1C8 /* MenuTile.swift */ = {isa = PBXFileReference; lastKnownFileType = sourcecode.swift; path = MenuTile.swift; sourceTree = "<group>"; };
		F507F5142C04688D00CB9A3A /* BtnBuy.swift */ = {isa = PBXFileReference; lastKnownFileType = sourcecode.swift; path = BtnBuy.swift; sourceTree = "<group>"; };
		F507F5162C09541B00CB9A3A /* DeviceSetting.swift */ = {isa = PBXFileReference; lastKnownFileType = sourcecode.swift; path = DeviceSetting.swift; sourceTree = "<group>"; };
		F53BE0312C202420003CBA29 /* DiskFile.swift */ = {isa = PBXFileReference; lastKnownFileType = sourcecode.swift; path = DiskFile.swift; sourceTree = "<group>"; };
		F53BE0332C2024BE003CBA29 /* DiskFileGroup.swift */ = {isa = PBXFileReference; lastKnownFileType = sourcecode.swift; path = DiskFileGroup.swift; sourceTree = "<group>"; };
		F54522242BFF3C770027CF55 /* Products.storekit */ = {isa = PBXFileReference; fileEncoding = 4; lastKnownFileType = text; path = Products.storekit; sourceTree = "<group>"; };
		F54522262BFF3CCE0027CF55 /* Products.plist */ = {isa = PBXFileReference; fileEncoding = 4; lastKnownFileType = text.plist.xml; path = Products.plist; sourceTree = "<group>"; };
		F545D1722C1FC9F0006A6AFA /* CloudSetting.swift */ = {isa = PBXFileReference; lastKnownFileType = sourcecode.swift; path = CloudSetting.swift; sourceTree = "<group>"; };
		F545D1742C1FCAD0006A6AFA /* CloudExt.swift */ = {isa = PBXFileReference; lastKnownFileType = sourcecode.swift; path = CloudExt.swift; sourceTree = "<group>"; };
		F545D1762C1FCC86006A6AFA /* UserExt.swift */ = {isa = PBXFileReference; lastKnownFileType = sourcecode.swift; path = UserExt.swift; sourceTree = "<group>"; };
		F5511BAF2C29050300400900 /* Playable.swift */ = {isa = PBXFileReference; lastKnownFileType = sourcecode.swift; path = Playable.swift; sourceTree = "<group>"; };
		F5511BB32C29118C00400900 /* DiskScene.swift */ = {isa = PBXFileReference; lastKnownFileType = sourcecode.swift; path = DiskScene.swift; sourceTree = "<group>"; };
		F5511BB52C291D3400400900 /* SceneView.swift */ = {isa = PBXFileReference; lastKnownFileType = sourcecode.swift; path = SceneView.swift; sourceTree = "<group>"; };
		F5511BBB2C294A7400400900 /* DBTaskView.swift */ = {isa = PBXFileReference; lastKnownFileType = sourcecode.swift; path = DBTaskView.swift; sourceTree = "<group>"; };
		F5511BBD2C29506400400900 /* StateCopy.swift */ = {isa = PBXFileReference; lastKnownFileType = sourcecode.swift; path = StateCopy.swift; sourceTree = "<group>"; };
		F5511BBF2C2953C200400900 /* BtnToggleCopying.swift */ = {isa = PBXFileReference; lastKnownFileType = sourcecode.swift; path = BtnToggleCopying.swift; sourceTree = "<group>"; };
		F5511BC22C29598100400900 /* BottomTile.swift */ = {isa = PBXFileReference; lastKnownFileType = sourcecode.swift; path = BottomTile.swift; sourceTree = "<group>"; };
		F5511BC42C2962AC00400900 /* BottomViewType.swift */ = {isa = PBXFileReference; lastKnownFileType = sourcecode.swift; path = BottomViewType.swift; sourceTree = "<group>"; };
		F5511BC62C29636500400900 /* BottomCopyState.swift */ = {isa = PBXFileReference; lastKnownFileType = sourcecode.swift; path = BottomCopyState.swift; sourceTree = "<group>"; };
		F5511BC92C2BACC000400900 /* TopView.swift */ = {isa = PBXFileReference; lastKnownFileType = sourcecode.swift; path = TopView.swift; sourceTree = "<group>"; };
		F5511BCC2C2BBF8900400900 /* Scenes.swift */ = {isa = PBXFileReference; lastKnownFileType = sourcecode.swift; path = Scenes.swift; sourceTree = "<group>"; };
		F5675C322C22BFD900326664 /* BottomBar.swift */ = {isa = PBXFileReference; lastKnownFileType = sourcecode.swift; path = BottomBar.swift; sourceTree = "<group>"; };
		F5675C342C22CB3C00326664 /* DBViewTree.swift */ = {isa = PBXFileReference; lastKnownFileType = sourcecode.swift; path = DBViewTree.swift; sourceTree = "<group>"; };
		F5675C392C2404D700326664 /* FileBox.swift */ = {isa = PBXFileReference; lastKnownFileType = sourcecode.swift; path = FileBox.swift; sourceTree = "<group>"; };
		F5675C3D2C252A3800326664 /* DBTree.swift */ = {isa = PBXFileReference; lastKnownFileType = sourcecode.swift; path = DBTree.swift; sourceTree = "<group>"; };
		F5675C3F2C25456300326664 /* DataManager.swift */ = {isa = PBXFileReference; lastKnownFileType = sourcecode.swift; path = DataManager.swift; sourceTree = "<group>"; };
		F5675C412C254E8100326664 /* StorageExt.swift */ = {isa = PBXFileReference; fileEncoding = 4; lastKnownFileType = sourcecode.swift; path = StorageExt.swift; sourceTree = "<group>"; };
		F573B1872C0411E4004C34CC /* DeviceDataExt.swift */ = {isa = PBXFileReference; lastKnownFileType = sourcecode.swift; path = DeviceDataExt.swift; sourceTree = "<group>"; };
		F573B1892C0413DD004C34CC /* DeviceHelper.swift */ = {isa = PBXFileReference; lastKnownFileType = sourcecode.swift; path = DeviceHelper.swift; sourceTree = "<group>"; };
		F573B18B2C042E08004C34CC /* DeviceExt.swift */ = {isa = PBXFileReference; lastKnownFileType = sourcecode.swift; path = DeviceExt.swift; sourceTree = "<group>"; };
		F586DCD42C2BFE9E0078580B /* BtnOpenFolder.swift */ = {isa = PBXFileReference; lastKnownFileType = sourcecode.swift; path = BtnOpenFolder.swift; sourceTree = "<group>"; };
		F586DCD62C2C01FF0078580B /* FatalErrorView.swift */ = {isa = PBXFileReference; lastKnownFileType = sourcecode.swift; path = FatalErrorView.swift; sourceTree = "<group>"; };
		F586DCD82C2C05A60078580B /* RootView.swift */ = {isa = PBXFileReference; lastKnownFileType = sourcecode.swift; path = RootView.swift; sourceTree = "<group>"; };
/* End PBXFileReference section */

/* Begin PBXFrameworksBuildPhase section */
		0B1D5A482AB301AD0010DDF2 /* Frameworks */ = {
			isa = PBXFrameworksBuildPhase;
			buildActionMask = 2147483647;
			files = (
				0B00F4672BB840C1000833B9 /* AsyncAlgorithms in Frameworks */,
			);
			runOnlyForDeploymentPostprocessing = 0;
		};
/* End PBXFrameworksBuildPhase section */

/* Begin PBXGroup section */
		0B1D5A5E2AB3025E0010DDF2 /* Managers */ = {
			isa = PBXGroup;
			children = (
				0B1165EF2ABBCCB0005C5CBB /* AppManager.swift */,
				F5675C3F2C25456300326664 /* DataManager.swift */,
				0B9FA2962BC80E51007B235A /* EventManager.swift */,
				0BE6958F2BFE325400CEFFEB /* StoreManager.swift */,
			);
			path = Managers;
			sourceTree = "<group>";
		};
		0B1D5A652AB3025F0010DDF2 /* Model */ = {
			isa = PBXGroup;
			children = (
				0B1D5A672AB3025F0010DDF2 /* Audio.swift */,
				0BAABEB02BC79C4E00DF4A31 /* CopyTask.swift */,
				0B1136602BF4CF3000A71FE1 /* Cover.swift */,
				0BE695BF2C01E88E00CEFFEB /* DeviceData.swift */,
			);
			path = Model;
			sourceTree = "<group>";
		};
		0B1D5A6B2AB302600010DDF2 /* Helper */ = {
			isa = PBXGroup;
			children = (
				F5675C3C2C24087100326664 /* View */,
				F5675C3B2C24083700326664 /* iCloud */,
				F5675C382C2404B000326664 /* File */,
				0B1D5A6C2AB302600010DDF2 /* CommonHelp.swift */,
				F573B1892C0413DD004C34CC /* DeviceHelper.swift */,
				0B1D5A6E2AB302600010DDF2 /* Extensions.swift */,
				0B11262B2AC719B70093DFFA /* ImageHelper.swift */,
				0B73275E2BB5138200DBD922 /* LoggerHelper.swift */,
				0B22158D2BB6BC8F000EB36F /* SmartProgress.swift */,
				0BB587162AD815770071AEBD /* TimeHelper.swift */,
			);
			path = Helper;
			sourceTree = "<group>";
		};
		0B1D5A702AB302600010DDF2 /* Views */ = {
			isa = PBXGroup;
			children = (
				F5511BCB2C2BACFB00400900 /* Top */,
				F5511BC12C29557B00400900 /* BottomBar */,
				0BB889D32AC04600004788D5 /* Buttons */,
				0BBAD0702BBBDC22005834A3 /* Component */,
				0BFDCE522BAFF279009198DD /* Database */,
				0BBAD06F2BBBDC0B005834A3 /* Layout */,
				0BFDCE562BB013AC009198DD /* Playing */,
				0BE93F2F2BFB8E1C00F25445 /* Settings */,
				F5511BC82C29669100400900 /* State */,
				0BE695992BFE3DCC00CEFFEB /* Store */,
			);
			path = Views;
			sourceTree = "<group>";
		};
		0B22158A2BB66D0C000EB36F /* Database */ = {
			isa = PBXGroup;
			children = (
				F573B1862C041180004C34CC /* Synced */,
				F573B1852C041175004C34CC /* Local */,
			);
			path = Database;
			sourceTree = "<group>";
		};
		0B8113AF2C29B2ED007CA124 /* Data */ = {
			isa = PBXGroup;
			children = (
				0B22158A2BB66D0C000EB36F /* Database */,
				0BB4278F2BEA7083004E6F82 /* Disk */,
				0B1D5A652AB3025F0010DDF2 /* Model */,
			);
			path = Data;
			sourceTree = "<group>";
		};
		0B9C1C342AAF18FE001A26AF = {
			isa = PBXGroup;
			children = (
				0BAABEC12BC939BF00DF4A31 /* Dev */,
				0B1D5A6B2AB302600010DDF2 /* Helper */,
				0BEBCBAB2B35285100F2116E /* App */,
				0BB5871C2AD820FA0071AEBD /* Assets.xcassets */,
				0B1D5A5D2AB3025E0010DDF2 /* Signing.entitlements */,
				0B1D5A8B2AB305D70010DDF2 /* Info.plist */,
				F54522262BFF3CCE0027CF55 /* Products.plist */,
				F54522242BFF3C770027CF55 /* Products.storekit */,
				0B92ACC92BBA80F300F1A74F /* README.md */,
				0B9C1C3E2AAF18FE001A26AF /* Products */,
			);
			sourceTree = "<group>";
		};
		0B9C1C3E2AAF18FE001A26AF /* Products */ = {
			isa = PBXGroup;
			children = (
				0B1D5A4B2AB301AD0010DDF2 /* Cisum.app */,
			);
			name = Products;
			sourceTree = "<group>";
		};
		0B9EA3572C21B2FF00A4059A /* Player */ = {
			isa = PBXGroup;
			children = (
				F5511BAF2C29050300400900 /* Playable.swift */,
				0B9EA3582C21B41C00A4059A /* PlayAsset.swift */,
				0B9EA35A2C21C72800A4059A /* PlayMan.swift */,
				0B1498732BC4C5CB0075DA61 /* PlayMode.swift */,
				0B9EA35C2C21C9AB00A4059A /* PlayState.swift */,
			);
			path = Player;
			sourceTree = "<group>";
		};
		0BAABEC12BC939BF00DF4A31 /* Dev */ = {
			isa = PBXGroup;
			children = (
				0BAABEC22BC939D000DF4A31 /* LayoutView.swift */,
				0B4E246E2BCAB8020033CC07 /* AppPreview.swift */,
				0B5786332BCB8DC00064F66A /* PlayView.swift */,
			);
			path = Dev;
			sourceTree = "<group>";
		};
		0BB4278F2BEA7083004E6F82 /* Disk */ = {
			isa = PBXGroup;
			children = (
				0B8C36A92BEA2EC600C47567 /* Disk.swift */,
				F53BE0312C202420003CBA29 /* DiskFile.swift */,
				F53BE0332C2024BE003CBA29 /* DiskFileGroup.swift */,
				0BD0568A2BC6202900EBC7C4 /* DiskiCloud.swift */,
				0BB427902BED0B38004E6F82 /* DiskLocal.swift */,
				F5511BB32C29118C00400900 /* DiskScene.swift */,
			);
			path = Disk;
			sourceTree = "<group>";
		};
		0BB889D32AC04600004788D5 /* Buttons */ = {
			isa = PBXGroup;
			children = (
				0BBA42262AC2A8B800C0B977 /* BtnAdd.swift */,
				F507F5142C04688D00CB9A3A /* BtnBuy.swift */,
				0BBA42242AC1813D00C0B977 /* BtnDel.swift */,
				0B7842742C1331B400E24869 /* BtnDelDevice.swift */,
				0BAABEB72BC7D4B600DF4A31 /* BtnDelTask.swift */,
				0BB889D12AC042EC004788D5 /* BtnDownload.swift */,
				0BD056902BC6340800EBC7C4 /* BtnEvict.swift */,
				0BFB38842BCCD26F0055E38B /* BtnLike.swift */,
				0BBA42182ABD5D9200C0B977 /* BtnMode.swift */,
				0B8C36B52BEDAB5E00C47567 /* BtnMore.swift */,
				0BBC158E2ABAC146006E82C4 /* BtnNext.swift */,
				0B6B8B9A2BBA420600F65B23 /* BtnPlay.swift */,
				0BBC15902ABAC19F006E82C4 /* BtnPrev.swift */,
				0BB889D62AC046B5004788D5 /* BtnShowInFinder.swift */,
				0BBC158C2ABAC0C7006E82C4 /* BtnToggle.swift */,
				0B1126292AC6F7B20093DFFA /* BtnToggleDB.swift */,
				0BBA42202AC1802C00C0B977 /* ButtonCancelSelected.swift */,
				F5511BBF2C2953C200400900 /* BtnToggleCopying.swift */,
				F586DCD42C2BFE9E0078580B /* BtnOpenFolder.swift */,
			);
			path = Buttons;
			sourceTree = "<group>";
		};
		0BBA42112ABC116300C0B977 /* Bootstrap */ = {
			isa = PBXGroup;
			children = (
				0B1D5A8C2AB3E8290010DDF2 /* AppDelegate.swift */,
				0BAB300D2AB814F70012D837 /* BootApp.swift */,
				0B604AE72AD6384300929DD8 /* BootView.swift */,
				0B5E51E42AD912B5000650CF /* DebugCommand.swift */,
				F586DCD62C2C01FF0078580B /* FatalErrorView.swift */,
				0B1165E82ABBC6C0005C5CBB /* LaunchView.swift */,
				F586DCD82C2C05A60078580B /* RootView.swift */,
				0B220F742BB1BBDB0077255A /* SmartError.swift */,
			);
			path = Bootstrap;
			sourceTree = "<group>";
		};
		0BBAD06F2BBBDC0B005834A3 /* Layout */ = {
			isa = PBXGroup;
			children = (
				0B1D5A732AB302600010DDF2 /* ContentView.swift */,
				0BBC157B2AB84C21006E82C4 /* HomeView.swift */,
			);
			path = Layout;
			sourceTree = "<group>";
		};
		0BBAD0702BBBDC22005834A3 /* Component */ = {
			isa = PBXGroup;
			children = (
				0B6B8B9C2BBA4D0600F65B23 /* Coffee.swift */,
				0B6B8B982BBA39F500F65B23 /* ControlButton.swift */,
				0B9FA2982BC81EFF007B235A /* NotDownloadedAlbum.swift */,
				0B9FA29A2BC81F53007B235A /* DefaultAlbum.swift */,
			);
			path = Component;
			sourceTree = "<group>";
		};
		0BE695992BFE3DCC00CEFFEB /* Store */ = {
			isa = PBXGroup;
			children = (
				0BE695912BFE3DCC00CEFFEB /* AllSubscriptions.swift */,
				0BE695922BFE3DCC00CEFFEB /* BuyButtonStyle.swift */,
				0BE695932BFE3DCC00CEFFEB /* BuyView.swift */,
				0BE695942BFE3DCC00CEFFEB /* CarsView.swift */,
				0BE695952BFE3DCC00CEFFEB /* MySubscription.swift */,
				0BE695962BFE3DCC00CEFFEB /* NonRenewables.swift */,
				0BE695972BFE3DCC00CEFFEB /* OneTimeView.swift */,
				0BE695982BFE3DCC00CEFFEB /* ProductCell.swift */,
			);
			path = Store;
			sourceTree = "<group>";
		};
		0BE93F2F2BFB8E1C00F25445 /* Settings */ = {
			isa = PBXGroup;
			children = (
				0B12B0A62C0CB88B00FD43AD /* BuySetting.swift */,
				F545D1722C1FC9F0006A6AFA /* CloudSetting.swift */,
				0BA9FB6D2BFE155B008074CB /* CoverDirSetting.swift */,
				F507F5162C09541B00CB9A3A /* DeviceSetting.swift */,
				0BA9FB6B2BFE14B4008074CB /* DirSetting.swift */,
				0BE6958D2BFE28B400CEFFEB /* PlayTime.swift */,
				0BE93F302BFB8E3200F25445 /* SettingView.swift */,
				0B12B0A82C0CB96F00FD43AD /* SubscriptionSetting.swift */,
				0BA9FB6F2BFE223A008074CB /* VersionSetting.swift */,
			);
			path = Settings;
			sourceTree = "<group>";
		};
		0BEBCBAB2B35285100F2116E /* App */ = {
			isa = PBXGroup;
			children = (
				0BBA42112ABC116300C0B977 /* Bootstrap */,
				0BEBCBAC2B352A2D00F2116E /* Config */,
				0B8113AF2C29B2ED007CA124 /* Data */,
				0B1D5A5E2AB3025E0010DDF2 /* Managers */,
				0B9EA3572C21B2FF00A4059A /* Player */,
				0B1D5A702AB302600010DDF2 /* Views */,
			);
			path = App;
			sourceTree = "<group>";
		};
		0BEBCBAC2B352A2D00F2116E /* Config */ = {
			isa = PBXGroup;
			children = (
				0B1D5A752AB302600010DDF2 /* Config.swift */,
				F545D1742C1FCAD0006A6AFA /* CloudExt.swift */,
				0B8C36AF2BEC6E6500C47567 /* DBExt.swift */,
				0B8C36AD2BEC6E3E00C47567 /* DevExt.swift */,
				0B4DFC712BD740B4001CEF32 /* Device.swift */,
				F573B18B2C042E08004C34CC /* DeviceExt.swift */,
				0BB543F72BE9C64C00D7A2B2 /* PathExt.swift */,
				0B19D9552C062F400057D8DB /* ProExt.swift */,
				0B8C36B12BEC6E8D00C47567 /* QueueExt.swift */,
				0B8C36AB2BEC6E0F00C47567 /* StateExt.swift */,
				F5675C412C254E8100326664 /* StorageExt.swift */,
				F545D1762C1FCC86006A6AFA /* UserExt.swift */,
				0B8C36B32BEC6EAB00C47567 /* ViewExt.swift */,
			);
			path = Config;
			sourceTree = "<group>";
		};
		0BFDCE522BAFF279009198DD /* Database */ = {
			isa = PBXGroup;
			children = (
				0BBA422E2AC2BAE300C0B977 /* AlbumView.swift */,
				0BBC157F2AB854A8006E82C4 /* DBLayout.swift */,
				0BBAD0712BBC05C6005834A3 /* DBRow.swift */,
				F5511BBB2C294A7400400900 /* DBTaskView.swift */,
				0BAB7C3E2AD3BBAA00C5AEB5 /* DBTips.swift */,
				F5675C3D2C252A3800326664 /* DBTree.swift */,
				0BBAD0A12BBD413B005834A3 /* DBViewList.swift */,
				F5675C342C22CB3C00326664 /* DBViewTree.swift */,
				0BB543F32BE8E38300D7A2B2 /* Duplicates.swift */,
				0BFB38F62BD0BCC20055E38B /* RowTask.swift */,
			);
			path = Database;
			sourceTree = "<group>";
		};
		0BFDCE562BB013AC009198DD /* Playing */ = {
			isa = PBXGroup;
			children = (
				0B220F722BB1A3D70077255A /* BtnsView.swift */,
				0BBC15832AB95272006E82C4 /* ControlView.swift */,
				0BD98CFD2BD8E91500641A6A /* HeroView.swift */,
				0BFB38822BCCCC780055E38B /* OperationView.swift */,
				0B8FC26F2BBC559500839C75 /* PlayingAlbum.swift */,
				0BBC15992ABAD5DB006E82C4 /* SliderView.swift */,
				0B220F6E2BB051F50077255A /* TitleView.swift */,
			);
			path = Playing;
			sourceTree = "<group>";
		};
		F5511BC12C29557B00400900 /* BottomBar */ = {
			isa = PBXGroup;
			children = (
				F5675C322C22BFD900326664 /* BottomBar.swift */,
				F5511BC62C29636500400900 /* BottomCopyState.swift */,
				F5511BC22C29598100400900 /* BottomTile.swift */,
				F5511BC42C2962AC00400900 /* BottomViewType.swift */,
			);
			path = BottomBar;
			sourceTree = "<group>";
		};
		F5511BC82C29669100400900 /* State */ = {
			isa = PBXGroup;
			children = (
				0B220F6C2BB051140077255A /* StateView.swift */,
				F5511BBD2C29506400400900 /* StateCopy.swift */,
			);
			path = State;
			sourceTree = "<group>";
		};
		F5511BCB2C2BACFB00400900 /* Top */ = {
			isa = PBXGroup;
			children = (
				F5511BC92C2BACC000400900 /* TopView.swift */,
				F5511BB52C291D3400400900 /* SceneView.swift */,
				F5511BCC2C2BBF8900400900 /* Scenes.swift */,
			);
			path = Top;
			sourceTree = "<group>";
		};
		F5675C382C2404B000326664 /* File */ = {
			isa = PBXGroup;
			children = (
				0BBC15892AB9AB7F006E82C4 /* FileHelper.swift */,
				0B901D872BB83BC3003AC253 /* FilePresenter.swift */,
				F5675C392C2404D700326664 /* FileBox.swift */,
			);
			path = File;
			sourceTree = "<group>";
		};
		F5675C3B2C24083700326664 /* iCloud */ = {
			isa = PBXGroup;
			children = (
				0BBC15872AB9A473006E82C4 /* iCloudHelper.swift */,
				0B901D852BB83BA2003AC253 /* iCloudHandler.swift */,
				0B8C369E2BEA011700C47567 /* MetaWrapper.swift */,
				0B901D892BB83E28003AC253 /* ItemQuery.swift */,
			);
			path = iCloud;
			sourceTree = "<group>";
		};
		F5675C3C2C24087100326664 /* View */ = {
			isa = PBXGroup;
			children = (
				0B1D5A722AB302600010DDF2 /* BackgroundView.swift */,
				0B718F0B2AB4349900569762 /* CardView.swift */,
				0BBA421E2AC1397F00C0B977 /* Centered.swift */,
				0BFDCB7F2AB86AF300B0D1C8 /* MenuTile.swift */,
				0BB5871A2AD81AF90071AEBD /* ViewHelper.swift */,
			);
			path = View;
			sourceTree = "<group>";
		};
		F573B1852C041175004C34CC /* Local */ = {
			isa = PBXGroup;
			children = (
				0B8C36A62BEA15E000C47567 /* AudioC.swift */,
				0B8C36A02BEA0E8800C47567 /* AudioD.swift */,
				0B8C36A22BEA124900C47567 /* AudioR.swift */,
				0B8C36A42BEA15A800C47567 /* AudioU.swift */,
				0BB889DA2AC06C54004788D5 /* DB.swift */,
				0B1498782BC4DF940075DA61 /* JobDelete.swift */,
				0B240BD42BF30730004A5944 /* JobExt.swift */,
				0B11365A2BEFABC700A71FE1 /* JobGetCover.swift */,
				0B11365E2BF10A0100A71FE1 /* JobGroup.swift */,
				0BAABEB92BC8C5CB00DF4A31 /* JobPrepare.swift */,
				0BD056882BC6192D00EBC7C4 /* JobSync.swift */,
				0BAABEB22BC79C9F00DF4A31 /* TaskExt.swift */,
			);
			path = Local;
			sourceTree = "<group>";
		};
		F573B1862C041180004C34CC /* Synced */ = {
			isa = PBXGroup;
			children = (
				0BE695C12C01E8F600CEFFEB /* DBSynced.swift */,
				F573B1872C0411E4004C34CC /* DeviceDataExt.swift */,
			);
			path = Synced;
			sourceTree = "<group>";
		};
/* End PBXGroup section */

/* Begin PBXNativeTarget section */
		0B1D5A4A2AB301AD0010DDF2 /* Cisum */ = {
			isa = PBXNativeTarget;
			buildConfigurationList = 0B1D5A562AB301AE0010DDF2 /* Build configuration list for PBXNativeTarget "Cisum" */;
			buildPhases = (
				0B1D5A472AB301AD0010DDF2 /* Sources */,
				0B1D5A482AB301AD0010DDF2 /* Frameworks */,
				0B1D5A492AB301AD0010DDF2 /* Resources */,
			);
			buildRules = (
			);
			dependencies = (
			);
			name = Cisum;
			packageProductDependencies = (
				0B00F4662BB840C1000833B9 /* AsyncAlgorithms */,
			);
			productName = Cisum;
			productReference = 0B1D5A4B2AB301AD0010DDF2 /* Cisum.app */;
			productType = "com.apple.product-type.application";
		};
/* End PBXNativeTarget section */

/* Begin PBXProject section */
		0B9C1C352AAF18FE001A26AF /* Project object */ = {
			isa = PBXProject;
			attributes = {
				BuildIndependentTargetsInParallel = 1;
				LastSwiftUpdateCheck = 1430;
				LastUpgradeCheck = 1540;
				TargetAttributes = {
					0B1D5A4A2AB301AD0010DDF2 = {
						CreatedOnToolsVersion = 14.3.1;
						LastSwiftMigration = 1430;
					};
				};
			};
			buildConfigurationList = 0B9C1C382AAF18FE001A26AF /* Build configuration list for PBXProject "Cisum" */;
			compatibilityVersion = "Xcode 15.0";
			developmentRegion = "zh-Hans";
			hasScannedForEncodings = 0;
			knownRegions = (
				en,
				Base,
				"zh-Hans",
			);
			mainGroup = 0B9C1C342AAF18FE001A26AF;
			packageReferences = (
				0B00F4652BB840C1000833B9 /* XCRemoteSwiftPackageReference "swift-async-algorithms" */,
			);
			productRefGroup = 0B9C1C3E2AAF18FE001A26AF /* Products */;
			projectDirPath = "";
			projectRoot = "";
			targets = (
				0B1D5A4A2AB301AD0010DDF2 /* Cisum */,
			);
		};
/* End PBXProject section */

/* Begin PBXResourcesBuildPhase section */
		0B1D5A492AB301AD0010DDF2 /* Resources */ = {
			isa = PBXResourcesBuildPhase;
			buildActionMask = 2147483647;
			files = (
				F54522272BFF3CCE0027CF55 /* Products.plist in Resources */,
				0B92ACCA2BBA80F300F1A74F /* README.md in Resources */,
				F54522252BFF3C780027CF55 /* Products.storekit in Resources */,
				0BB5871D2AD820FA0071AEBD /* Assets.xcassets in Resources */,
			);
			runOnlyForDeploymentPostprocessing = 0;
		};
/* End PBXResourcesBuildPhase section */

/* Begin PBXSourcesBuildPhase section */
		0B1D5A472AB301AD0010DDF2 /* Sources */ = {
			isa = PBXSourcesBuildPhase;
			buildActionMask = 2147483647;
			files = (
				0BBA422F2AC2BAE300C0B977 /* AlbumView.swift in Sources */,
				0BE695A12BFE3DCC00CEFFEB /* ProductCell.swift in Sources */,
				0B1D5A872AB302610010DDF2 /* BackgroundView.swift in Sources */,
				0B8C36AE2BEC6E3E00C47567 /* DevExt.swift in Sources */,
				0B8FC2702BBC559500839C75 /* PlayingAlbum.swift in Sources */,
				0BBC15842AB95272006E82C4 /* ControlView.swift in Sources */,
				F545D1772C1FCC86006A6AFA /* UserExt.swift in Sources */,
				0B240BD52BF30730004A5944 /* JobExt.swift in Sources */,
				0BBA42272AC2A8B800C0B977 /* BtnAdd.swift in Sources */,
				0BBC15912ABAC19F006E82C4 /* BtnPrev.swift in Sources */,
				F573B18A2C0413DD004C34CC /* DeviceHelper.swift in Sources */,
				0B604AE82AD6384300929DD8 /* BootView.swift in Sources */,
				0B8C36B62BEDAB5E00C47567 /* BtnMore.swift in Sources */,
				0BAABEC32BC939D000DF4A31 /* LayoutView.swift in Sources */,
				0BAABEB32BC79C9F00DF4A31 /* TaskExt.swift in Sources */,
				F5511BC02C2953C200400900 /* BtnToggleCopying.swift in Sources */,
				0B1D5A822AB302610010DDF2 /* CommonHelp.swift in Sources */,
				0B9EA3592C21B41C00A4059A /* PlayAsset.swift in Sources */,
				0B8C36A12BEA0E8800C47567 /* AudioD.swift in Sources */,
				0B220F6D2BB051140077255A /* StateView.swift in Sources */,
				0B1D5A8D2AB3E8290010DDF2 /* AppDelegate.swift in Sources */,
				F5511BC72C29636500400900 /* BottomCopyState.swift in Sources */,
				0BA9FB702BFE223A008074CB /* VersionSetting.swift in Sources */,
				0B8C36AA2BEA2EC700C47567 /* Disk.swift in Sources */,
				0BBC158F2ABAC146006E82C4 /* BtnNext.swift in Sources */,
				0BBC15802AB854A8006E82C4 /* DBLayout.swift in Sources */,
				0BE93F312BFB8E3200F25445 /* SettingView.swift in Sources */,
				0B8C36A32BEA124900C47567 /* AudioR.swift in Sources */,
				0BB889D72AC046B5004788D5 /* BtnShowInFinder.swift in Sources */,
				F53BE0322C202420003CBA29 /* DiskFile.swift in Sources */,
				F5511BB42C29118C00400900 /* DiskScene.swift in Sources */,
				0B22158E2BB6BC8F000EB36F /* SmartProgress.swift in Sources */,
				F573B18C2C042E08004C34CC /* DeviceExt.swift in Sources */,
				F586DCD72C2C01FF0078580B /* FatalErrorView.swift in Sources */,
				0B8C36A72BEA15E000C47567 /* AudioC.swift in Sources */,
				0BB5871B2AD81AFA0071AEBD /* ViewHelper.swift in Sources */,
				0BAB7C3F2AD3BBAA00C5AEB5 /* DBTips.swift in Sources */,
				F586DCD52C2BFE9E0078580B /* BtnOpenFolder.swift in Sources */,
				0B5786342BCB8DC00064F66A /* PlayView.swift in Sources */,
				0B1D5A882AB302610010DDF2 /* ContentView.swift in Sources */,
				F5675C422C254E8100326664 /* StorageExt.swift in Sources */,
				0BE6959C2BFE3DCC00CEFFEB /* BuyView.swift in Sources */,
				0B718F0C2AB4349900569762 /* CardView.swift in Sources */,
				0BFDCB802AB86AF300B0D1C8 /* MenuTile.swift in Sources */,
				0BE6959E2BFE3DCC00CEFFEB /* MySubscription.swift in Sources */,
				0BD056912BC6340800EBC7C4 /* BtnEvict.swift in Sources */,
				0BE695A02BFE3DCC00CEFFEB /* OneTimeView.swift in Sources */,
				F545D1752C1FCAD0006A6AFA /* CloudExt.swift in Sources */,
				F507F5172C09541B00CB9A3A /* DeviceSetting.swift in Sources */,
				F5675C332C22BFD900326664 /* BottomBar.swift in Sources */,
				F5511BBC2C294A7400400900 /* DBTaskView.swift in Sources */,
				0B1498792BC4DF940075DA61 /* JobDelete.swift in Sources */,
				0BBA421F2AC1397F00C0B977 /* Centered.swift in Sources */,
				0BE695C02C01E88E00CEFFEB /* DeviceData.swift in Sources */,
				0BE6959A2BFE3DCC00CEFFEB /* AllSubscriptions.swift in Sources */,
				0BE695C22C01E8F600CEFFEB /* DBSynced.swift in Sources */,
				0BAB300E2AB814F70012D837 /* BootApp.swift in Sources */,
				0BBA42212AC1802C00C0B977 /* ButtonCancelSelected.swift in Sources */,
				0B9EA35B2C21C72800A4059A /* PlayMan.swift in Sources */,
				0BAABEB12BC79C4E00DF4A31 /* CopyTask.swift in Sources */,
				F5511BB02C29050300400900 /* Playable.swift in Sources */,
				0BE6959F2BFE3DCC00CEFFEB /* NonRenewables.swift in Sources */,
				0BB587172AD815770071AEBD /* TimeHelper.swift in Sources */,
				0B9FA2972BC80E51007B235A /* EventManager.swift in Sources */,
				F5675C352C22CB3C00326664 /* DBViewTree.swift in Sources */,
				0B1136612BF4CF3000A71FE1 /* Cover.swift in Sources */,
				F5511BC52C2962AC00400900 /* BottomViewType.swift in Sources */,
				0B8C36A52BEA15A800C47567 /* AudioU.swift in Sources */,
				0BFB38F72BD0BCC20055E38B /* RowTask.swift in Sources */,
				0B4E246F2BCAB8020033CC07 /* AppPreview.swift in Sources */,
				0B73275F2BB5138200DBD922 /* LoggerHelper.swift in Sources */,
				0BB889D22AC042EC004788D5 /* BtnDownload.swift in Sources */,
				0BAABEB82BC7D4B600DF4A31 /* BtnDelTask.swift in Sources */,
				0BD0568B2BC6202900EBC7C4 /* DiskiCloud.swift in Sources */,
				0BE6959B2BFE3DCC00CEFFEB /* BuyButtonStyle.swift in Sources */,
				0B9FA29B2BC81F53007B235A /* DefaultAlbum.swift in Sources */,
				0B1498742BC4C5CB0075DA61 /* PlayMode.swift in Sources */,
				0BB543F82BE9C64C00D7A2B2 /* PathExt.swift in Sources */,
				0B6B8B992BBA39F500F65B23 /* ControlButton.swift in Sources */,
				0B1D5A842AB302610010DDF2 /* Extensions.swift in Sources */,
				0BA9FB6C2BFE14B4008074CB /* DirSetting.swift in Sources */,
				0BE695902BFE325400CEFFEB /* StoreManager.swift in Sources */,
				0B12B0A72C0CB88B00FD43AD /* BuySetting.swift in Sources */,
				0BBAD0722BBC05C6005834A3 /* DBRow.swift in Sources */,
				0B11365B2BEFABC700A71FE1 /* JobGetCover.swift in Sources */,
				0B7842752C1331B400E24869 /* BtnDelDevice.swift in Sources */,
				F53BE0342C2024BE003CBA29 /* DiskFileGroup.swift in Sources */,
				0B9EA35D2C21C9AB00A4059A /* PlayState.swift in Sources */,
				0B8C36B22BEC6E8D00C47567 /* QueueExt.swift in Sources */,
				0BD056892BC6192D00EBC7C4 /* JobSync.swift in Sources */,
				0B1165E92ABBC6C0005C5CBB /* LaunchView.swift in Sources */,
				0B4DFC722BD740B4001CEF32 /* Device.swift in Sources */,
				0B1D5A8A2AB302610010DDF2 /* Config.swift in Sources */,
				F507F5152C04688D00CB9A3A /* BtnBuy.swift in Sources */,
				0B220F752BB1BBDB0077255A /* SmartError.swift in Sources */,
				0BB889DB2AC06C54004788D5 /* DB.swift in Sources */,
				0BBA42192ABD5D9200C0B977 /* BtnMode.swift in Sources */,
				0BA9FB6E2BFE155B008074CB /* CoverDirSetting.swift in Sources */,
				0B8C36B42BEC6EAB00C47567 /* ViewExt.swift in Sources */,
				0B11262C2AC719B70093DFFA /* ImageHelper.swift in Sources */,
				0BE6958E2BFE28B400CEFFEB /* PlayTime.swift in Sources */,
				0BFB38832BCCCC780055E38B /* OperationView.swift in Sources */,
				0BBC159A2ABAD5DB006E82C4 /* SliderView.swift in Sources */,
				0BFB38852BCCD26F0055E38B /* BtnLike.swift in Sources */,
				0B8C369F2BEA011700C47567 /* MetaWrapper.swift in Sources */,
				0BBC15882AB9A473006E82C4 /* iCloudHelper.swift in Sources */,
				F586DCD92C2C05A60078580B /* RootView.swift in Sources */,
				0BAABEBA2BC8C5CB00DF4A31 /* JobPrepare.swift in Sources */,
				0B901D862BB83BA2003AC253 /* iCloudHandler.swift in Sources */,
				F545D1732C1FC9F0006A6AFA /* CloudSetting.swift in Sources */,
				0B8C36B02BEC6E6500C47567 /* DBExt.swift in Sources */,
				0B9FA2992BC81EFF007B235A /* NotDownloadedAlbum.swift in Sources */,
				F5675C3A2C2404D700326664 /* FileBox.swift in Sources */,
				0BBC158D2ABAC0C7006E82C4 /* BtnToggle.swift in Sources */,
				0B11262A2AC6F7B20093DFFA /* BtnToggleDB.swift in Sources */,
				0B6B8B9B2BBA420700F65B23 /* BtnPlay.swift in Sources */,
				0BD98CFE2BD8E91500641A6A /* HeroView.swift in Sources */,
				0B5E51E52AD912B5000650CF /* DebugCommand.swift in Sources */,
				0B1D5A7F2AB302610010DDF2 /* Audio.swift in Sources */,
				0BBAD0A22BBD413B005834A3 /* DBViewList.swift in Sources */,
				F573B1882C0411E4004C34CC /* DeviceDataExt.swift in Sources */,
				0BB427912BED0B38004E6F82 /* DiskLocal.swift in Sources */,
				0B1165F02ABBCCB0005C5CBB /* AppManager.swift in Sources */,
				F5675C3E2C252A3800326664 /* DBTree.swift in Sources */,
				0B19D9562C062F400057D8DB /* ProExt.swift in Sources */,
				0BE6959D2BFE3DCC00CEFFEB /* CarsView.swift in Sources */,
				F5511BCD2C2BBF8900400900 /* Scenes.swift in Sources */,
				0BBA42252AC1813D00C0B977 /* BtnDel.swift in Sources */,
				0B8C36AC2BEC6E0F00C47567 /* StateExt.swift in Sources */,
				F5511BBE2C29506400400900 /* StateCopy.swift in Sources */,
				0B901D882BB83BC3003AC253 /* FilePresenter.swift in Sources */,
				0BB543F42BE8E38300D7A2B2 /* Duplicates.swift in Sources */,
				0BBC157C2AB84C21006E82C4 /* HomeView.swift in Sources */,
				F5511BCA2C2BACC000400900 /* TopView.swift in Sources */,
				F5675C402C25456300326664 /* DataManager.swift in Sources */,
				0B901D8A2BB83E28003AC253 /* ItemQuery.swift in Sources */,
				0B6B8B9D2BBA4D0600F65B23 /* Coffee.swift in Sources */,
				0B11365F2BF10A0100A71FE1 /* JobGroup.swift in Sources */,
				0B220F732BB1A3D70077255A /* BtnsView.swift in Sources */,
				F5511BB62C291D3400400900 /* SceneView.swift in Sources */,
				0B220F6F2BB051F50077255A /* TitleView.swift in Sources */,
				0BBC158A2AB9AB7F006E82C4 /* FileHelper.swift in Sources */,
				0B12B0A92C0CB96F00FD43AD /* SubscriptionSetting.swift in Sources */,
				F5511BC32C29598100400900 /* BottomTile.swift in Sources */,
			);
			runOnlyForDeploymentPostprocessing = 0;
		};
/* End PBXSourcesBuildPhase section */

/* Begin XCBuildConfiguration section */
		0B1D5A572AB301AE0010DDF2 /* Debug */ = {
			isa = XCBuildConfiguration;
			buildSettings = {
				ASSETCATALOG_COMPILER_APPICON_NAME = "AppIcon-Dev";
				"ASSETCATALOG_COMPILER_APPICON_NAME[sdk=xros*]" = AppIcon;
				CLANG_ENABLE_MODULES = YES;
				CODE_SIGN_ENTITLEMENTS = Signing.entitlements;
				CODE_SIGN_IDENTITY = "Apple Development";
				CODE_SIGN_STYLE = Automatic;
				CURRENT_PROJECT_VERSION = 200;
				DEVELOPMENT_ASSET_PATHS = "";
				DEVELOPMENT_TEAM = Y6HZ9JJYV6;
				ENABLE_HARDENED_RUNTIME = YES;
				ENABLE_PREVIEWS = YES;
				GENERATE_INFOPLIST_FILE = YES;
				INFOPLIST_FILE = Info.plist;
				INFOPLIST_KEY_CFBundleDisplayName = Cisum;
				INFOPLIST_KEY_LSApplicationCategoryType = "public.app-category.music";
				INFOPLIST_KEY_UIApplicationSupportsIndirectInputEvents = YES;
				INFOPLIST_KEY_UISupportedInterfaceOrientations_iPad = "UIInterfaceOrientationPortrait UIInterfaceOrientationPortraitUpsideDown UIInterfaceOrientationLandscapeLeft UIInterfaceOrientationLandscapeRight";
				INFOPLIST_KEY_UISupportedInterfaceOrientations_iPhone = "UIInterfaceOrientationPortrait UIInterfaceOrientationLandscapeLeft UIInterfaceOrientationLandscapeRight";
				IPHONEOS_DEPLOYMENT_TARGET = 17.0;
				LD_RUNPATH_SEARCH_PATHS = (
					"$(inherited)",
					"@executable_path/Frameworks",
				);
				MACOSX_DEPLOYMENT_TARGET = 14.0;
				MARKETING_VERSION = 2.5.0;
				PRODUCT_BUNDLE_IDENTIFIER = com.yueyi.cisum;
				PRODUCT_NAME = "$(TARGET_NAME)";
				PROVISIONING_PROFILE_SPECIFIER = "";
				SDKROOT = auto;
				SUPPORTED_PLATFORMS = "iphoneos iphonesimulator macosx xros xrsimulator";
				SUPPORTS_MACCATALYST = NO;
				SUPPORTS_MAC_DESIGNED_FOR_IPHONE_IPAD = NO;
				SUPPORTS_XR_DESIGNED_FOR_IPHONE_IPAD = NO;
				SWIFT_EMIT_LOC_STRINGS = YES;
				SWIFT_OPTIMIZATION_LEVEL = "-Onone";
				SWIFT_VERSION = 5.0;
				TARGETED_DEVICE_FAMILY = "1,2,7";
			};
			name = Debug;
		};
		0B1D5A582AB301AE0010DDF2 /* Release */ = {
			isa = XCBuildConfiguration;
			buildSettings = {
				ASSETCATALOG_COMPILER_APPICON_NAME = AppIcon;
				"ASSETCATALOG_COMPILER_APPICON_NAME[sdk=xros*]" = AppIcon;
				CLANG_ENABLE_MODULES = YES;
				CODE_SIGN_ENTITLEMENTS = Signing.entitlements;
				CODE_SIGN_IDENTITY = "Apple Development";
				CODE_SIGN_STYLE = Automatic;
				CURRENT_PROJECT_VERSION = 200;
				DEVELOPMENT_ASSET_PATHS = "";
				DEVELOPMENT_TEAM = Y6HZ9JJYV6;
				ENABLE_HARDENED_RUNTIME = YES;
				ENABLE_PREVIEWS = YES;
				GENERATE_INFOPLIST_FILE = YES;
				INFOPLIST_FILE = Info.plist;
				INFOPLIST_KEY_CFBundleDisplayName = Cisum;
				INFOPLIST_KEY_LSApplicationCategoryType = "public.app-category.music";
				INFOPLIST_KEY_UIApplicationSupportsIndirectInputEvents = YES;
				INFOPLIST_KEY_UISupportedInterfaceOrientations_iPad = "UIInterfaceOrientationPortrait UIInterfaceOrientationPortraitUpsideDown UIInterfaceOrientationLandscapeLeft UIInterfaceOrientationLandscapeRight";
				INFOPLIST_KEY_UISupportedInterfaceOrientations_iPhone = "UIInterfaceOrientationPortrait UIInterfaceOrientationLandscapeLeft UIInterfaceOrientationLandscapeRight";
				IPHONEOS_DEPLOYMENT_TARGET = 17.0;
				LD_RUNPATH_SEARCH_PATHS = (
					"$(inherited)",
					"@executable_path/Frameworks",
				);
				MACOSX_DEPLOYMENT_TARGET = 14.0;
				MARKETING_VERSION = 2.5.0;
				PRODUCT_BUNDLE_IDENTIFIER = com.yueyi.cisum;
				PRODUCT_NAME = "$(TARGET_NAME)";
				PROVISIONING_PROFILE_SPECIFIER = "";
				SDKROOT = auto;
				SUPPORTED_PLATFORMS = "iphoneos iphonesimulator macosx xros xrsimulator";
				SUPPORTS_MACCATALYST = NO;
				SUPPORTS_MAC_DESIGNED_FOR_IPHONE_IPAD = NO;
				SUPPORTS_XR_DESIGNED_FOR_IPHONE_IPAD = NO;
				SWIFT_EMIT_LOC_STRINGS = YES;
				SWIFT_VERSION = 5.0;
				TARGETED_DEVICE_FAMILY = "1,2,7";
				VALIDATE_PRODUCT = YES;
			};
			name = Release;
		};
		0B9C1C4F2AAF18FF001A26AF /* Debug */ = {
			isa = XCBuildConfiguration;
			buildSettings = {
				ALWAYS_SEARCH_USER_PATHS = NO;
				ASSETCATALOG_COMPILER_GENERATE_SWIFT_ASSET_SYMBOL_EXTENSIONS = YES;
				CLANG_ANALYZER_LOCALIZABILITY_NONLOCALIZED = YES;
				CLANG_ANALYZER_NONNULL = YES;
				CLANG_ANALYZER_NUMBER_OBJECT_CONVERSION = YES_AGGRESSIVE;
				CLANG_CXX_LANGUAGE_STANDARD = "gnu++20";
				CLANG_ENABLE_MODULES = YES;
				CLANG_ENABLE_OBJC_ARC = YES;
				CLANG_ENABLE_OBJC_WEAK = YES;
				CLANG_WARN_BLOCK_CAPTURE_AUTORELEASING = YES;
				CLANG_WARN_BOOL_CONVERSION = YES;
				CLANG_WARN_COMMA = YES;
				CLANG_WARN_CONSTANT_CONVERSION = YES;
				CLANG_WARN_DEPRECATED_OBJC_IMPLEMENTATIONS = YES;
				CLANG_WARN_DIRECT_OBJC_ISA_USAGE = YES_ERROR;
				CLANG_WARN_DOCUMENTATION_COMMENTS = YES;
				CLANG_WARN_EMPTY_BODY = YES;
				CLANG_WARN_ENUM_CONVERSION = YES;
				CLANG_WARN_INFINITE_RECURSION = YES;
				CLANG_WARN_INT_CONVERSION = YES;
				CLANG_WARN_NON_LITERAL_NULL_CONVERSION = YES;
				CLANG_WARN_OBJC_IMPLICIT_RETAIN_SELF = YES;
				CLANG_WARN_OBJC_LITERAL_CONVERSION = YES;
				CLANG_WARN_OBJC_ROOT_CLASS = YES_ERROR;
				CLANG_WARN_QUOTED_INCLUDE_IN_FRAMEWORK_HEADER = YES;
				CLANG_WARN_RANGE_LOOP_ANALYSIS = YES;
				CLANG_WARN_STRICT_PROTOTYPES = YES;
				CLANG_WARN_SUSPICIOUS_MOVE = YES;
				CLANG_WARN_UNGUARDED_AVAILABILITY = YES_AGGRESSIVE;
				CLANG_WARN_UNREACHABLE_CODE = YES;
				CLANG_WARN__DUPLICATE_METHOD_MATCH = YES;
				COPY_PHASE_STRIP = NO;
				DEAD_CODE_STRIPPING = YES;
				DEBUG_INFORMATION_FORMAT = dwarf;
				ENABLE_STRICT_OBJC_MSGSEND = YES;
				ENABLE_TESTABILITY = YES;
				ENABLE_USER_SCRIPT_SANDBOXING = YES;
				GCC_C_LANGUAGE_STANDARD = gnu11;
				GCC_DYNAMIC_NO_PIC = NO;
				GCC_NO_COMMON_BLOCKS = YES;
				GCC_OPTIMIZATION_LEVEL = 0;
				GCC_PREPROCESSOR_DEFINITIONS = (
					"DEBUG=1",
					"$(inherited)",
				);
				GCC_WARN_64_TO_32_BIT_CONVERSION = YES;
				GCC_WARN_ABOUT_RETURN_TYPE = YES_ERROR;
				GCC_WARN_UNDECLARED_SELECTOR = YES;
				GCC_WARN_UNINITIALIZED_AUTOS = YES_AGGRESSIVE;
				GCC_WARN_UNUSED_FUNCTION = YES;
				GCC_WARN_UNUSED_VARIABLE = YES;
				IPHONEOS_DEPLOYMENT_TARGET = 17.1;
				MACOSX_DEPLOYMENT_TARGET = 13.3;
				MTL_ENABLE_DEBUG_INFO = INCLUDE_SOURCE;
				MTL_FAST_MATH = YES;
				ONLY_ACTIVE_ARCH = YES;
				SDKROOT = macosx;
				SWIFT_ACTIVE_COMPILATION_CONDITIONS = DEBUG;
				SWIFT_OPTIMIZATION_LEVEL = "-Onone";
				XROS_DEPLOYMENT_TARGET = 1.1;
			};
			name = Debug;
		};
		0B9C1C502AAF18FF001A26AF /* Release */ = {
			isa = XCBuildConfiguration;
			buildSettings = {
				ALWAYS_SEARCH_USER_PATHS = NO;
				ASSETCATALOG_COMPILER_GENERATE_SWIFT_ASSET_SYMBOL_EXTENSIONS = YES;
				CLANG_ANALYZER_LOCALIZABILITY_NONLOCALIZED = YES;
				CLANG_ANALYZER_NONNULL = YES;
				CLANG_ANALYZER_NUMBER_OBJECT_CONVERSION = YES_AGGRESSIVE;
				CLANG_CXX_LANGUAGE_STANDARD = "gnu++20";
				CLANG_ENABLE_MODULES = YES;
				CLANG_ENABLE_OBJC_ARC = YES;
				CLANG_ENABLE_OBJC_WEAK = YES;
				CLANG_WARN_BLOCK_CAPTURE_AUTORELEASING = YES;
				CLANG_WARN_BOOL_CONVERSION = YES;
				CLANG_WARN_COMMA = YES;
				CLANG_WARN_CONSTANT_CONVERSION = YES;
				CLANG_WARN_DEPRECATED_OBJC_IMPLEMENTATIONS = YES;
				CLANG_WARN_DIRECT_OBJC_ISA_USAGE = YES_ERROR;
				CLANG_WARN_DOCUMENTATION_COMMENTS = YES;
				CLANG_WARN_EMPTY_BODY = YES;
				CLANG_WARN_ENUM_CONVERSION = YES;
				CLANG_WARN_INFINITE_RECURSION = YES;
				CLANG_WARN_INT_CONVERSION = YES;
				CLANG_WARN_NON_LITERAL_NULL_CONVERSION = YES;
				CLANG_WARN_OBJC_IMPLICIT_RETAIN_SELF = YES;
				CLANG_WARN_OBJC_LITERAL_CONVERSION = YES;
				CLANG_WARN_OBJC_ROOT_CLASS = YES_ERROR;
				CLANG_WARN_QUOTED_INCLUDE_IN_FRAMEWORK_HEADER = YES;
				CLANG_WARN_RANGE_LOOP_ANALYSIS = YES;
				CLANG_WARN_STRICT_PROTOTYPES = YES;
				CLANG_WARN_SUSPICIOUS_MOVE = YES;
				CLANG_WARN_UNGUARDED_AVAILABILITY = YES_AGGRESSIVE;
				CLANG_WARN_UNREACHABLE_CODE = YES;
				CLANG_WARN__DUPLICATE_METHOD_MATCH = YES;
				COPY_PHASE_STRIP = NO;
				DEAD_CODE_STRIPPING = YES;
				DEBUG_INFORMATION_FORMAT = "dwarf-with-dsym";
				ENABLE_NS_ASSERTIONS = NO;
				ENABLE_STRICT_OBJC_MSGSEND = YES;
				ENABLE_USER_SCRIPT_SANDBOXING = YES;
				GCC_C_LANGUAGE_STANDARD = gnu11;
				GCC_NO_COMMON_BLOCKS = YES;
				GCC_WARN_64_TO_32_BIT_CONVERSION = YES;
				GCC_WARN_ABOUT_RETURN_TYPE = YES_ERROR;
				GCC_WARN_UNDECLARED_SELECTOR = YES;
				GCC_WARN_UNINITIALIZED_AUTOS = YES_AGGRESSIVE;
				GCC_WARN_UNUSED_FUNCTION = YES;
				GCC_WARN_UNUSED_VARIABLE = YES;
				IPHONEOS_DEPLOYMENT_TARGET = 17.1;
				MACOSX_DEPLOYMENT_TARGET = 13.3;
				MTL_ENABLE_DEBUG_INFO = NO;
				MTL_FAST_MATH = YES;
				SDKROOT = macosx;
				SWIFT_COMPILATION_MODE = wholemodule;
				SWIFT_OPTIMIZATION_LEVEL = "-O";
				XROS_DEPLOYMENT_TARGET = 1.1;
			};
			name = Release;
		};
/* End XCBuildConfiguration section */

/* Begin XCConfigurationList section */
		0B1D5A562AB301AE0010DDF2 /* Build configuration list for PBXNativeTarget "Cisum" */ = {
			isa = XCConfigurationList;
			buildConfigurations = (
				0B1D5A572AB301AE0010DDF2 /* Debug */,
				0B1D5A582AB301AE0010DDF2 /* Release */,
			);
			defaultConfigurationIsVisible = 0;
			defaultConfigurationName = Release;
		};
		0B9C1C382AAF18FE001A26AF /* Build configuration list for PBXProject "Cisum" */ = {
			isa = XCConfigurationList;
			buildConfigurations = (
				0B9C1C4F2AAF18FF001A26AF /* Debug */,
				0B9C1C502AAF18FF001A26AF /* Release */,
			);
			defaultConfigurationIsVisible = 0;
			defaultConfigurationName = Release;
		};
/* End XCConfigurationList section */

/* Begin XCRemoteSwiftPackageReference section */
		0B00F4652BB840C1000833B9 /* XCRemoteSwiftPackageReference "swift-async-algorithms" */ = {
			isa = XCRemoteSwiftPackageReference;
			repositoryURL = "https://github.com/apple/swift-async-algorithms";
			requirement = {
				kind = exactVersion;
				version = 0.1.0;
			};
		};
/* End XCRemoteSwiftPackageReference section */

/* Begin XCSwiftPackageProductDependency section */
		0B00F4662BB840C1000833B9 /* AsyncAlgorithms */ = {
			isa = XCSwiftPackageProductDependency;
			package = 0B00F4652BB840C1000833B9 /* XCRemoteSwiftPackageReference "swift-async-algorithms" */;
			productName = AsyncAlgorithms;
		};
/* End XCSwiftPackageProductDependency section */
	};
	rootObject = 0B9C1C352AAF18FE001A26AF /* Project object */;
}
