// !$*UTF8*$!
{
	archiveVersion = 1;
	classes = {
	};
	objectVersion = 70;
	objects = {

/* Begin PBXBuildFile section */
		83AA30B56C4727C36DC629BB /* FactoryCisum in Frameworks */ = {isa = PBXBuildFile; productRef = A1C163022FD900000000000 /* FactoryCisum */; };
		A1C163002FD900000000000 /* FactoryCisum in Frameworks */ = {isa = PBXBuildFile; productRef = A1C163022FD900000000000 /* FactoryCisum */; };
		F5826E6B2F3578070079B285 /* WidgetKit.framework in Frameworks */ = {isa = PBXBuildFile; fileRef = F5826E6A2F3578070079B285 /* WidgetKit.framework */; };
		F5826E6D2F3578070079B285 /* SwiftUI.framework in Frameworks */ = {isa = PBXBuildFile; fileRef = F5826E6C2F3578070079B285 /* SwiftUI.framework */; };
		F5826E782F3578080079B285 /* CisumWidgetExtension.appex in Embed Foundation Extensions */ = {isa = PBXBuildFile; fileRef = F5826E682F3578070079B285 /* CisumWidgetExtension.appex */; settings = {ATTRIBUTES = (RemoveHeadersOnCopy, ); }; };
/* End PBXBuildFile section */

/* Begin PBXContainerItemProxy section */
		F50BFAC5301B4EF400516EA0 /* PBXContainerItemProxy */ = {
			isa = PBXContainerItemProxy;
			containerPortal = F50BF764301B4E3600516EA0 /* Demo.xcodeproj */;
			proxyType = 2;
			remoteGlobalIDString = 452832EF2044D28E00458375;
			remoteInfo = "Demo macOS";
		};
		F50BFAC7301B4EF400516EA0 /* PBXContainerItemProxy */ = {
			isa = PBXContainerItemProxy;
			containerPortal = F50BF764301B4E3600516EA0 /* Demo.xcodeproj */;
			proxyType = 2;
			remoteGlobalIDString = 4528334A2044D41300458375;
			remoteInfo = "Demo iOS";
		};
		F50BFAC9301B4EF400516EA0 /* PBXContainerItemProxy */ = {
			isa = PBXContainerItemProxy;
			containerPortal = F50BF764301B4E3600516EA0 /* Demo.xcodeproj */;
			proxyType = 2;
			remoteGlobalIDString = 45F834342059078A0046C804;
			remoteInfo = "Demo watchOS";
		};
		F50BFACB301B4EF400516EA0 /* PBXContainerItemProxy */ = {
			isa = PBXContainerItemProxy;
			containerPortal = F50BF764301B4E3600516EA0 /* Demo.xcodeproj */;
			proxyType = 2;
			remoteGlobalIDString = 45F834402059078B0046C804;
			remoteInfo = "Demo watchOS Extension";
		};
		F50BFACD301B4EF400516EA0 /* PBXContainerItemProxy */ = {
			isa = PBXContainerItemProxy;
			containerPortal = F50BF764301B4E3600516EA0 /* Demo.xcodeproj */;
			proxyType = 2;
			remoteGlobalIDString = 45541BC5205990990025A8BF;
			remoteInfo = "Demo tvOS";
		};
		F50BFAD6301B4EF400516EA0 /* PBXContainerItemProxy */ = {
			isa = PBXContainerItemProxy;
			containerPortal = F50BF8A3301B4E3600516EA0 /* ID3TagEditor.xcodeproj */;
			proxyType = 2;
			remoteGlobalIDString = 452831C52044C40700458375;
			remoteInfo = "ID3TagEditor macOS";
		};
		F50BFAD8301B4EF400516EA0 /* PBXContainerItemProxy */ = {
			isa = PBXContainerItemProxy;
			containerPortal = F50BF8A3301B4E3600516EA0 /* ID3TagEditor.xcodeproj */;
			proxyType = 2;
			remoteGlobalIDString = 452831CE2044C40700458375;
			remoteInfo = "ID3TagEditor macOS Tests";
		};
		F50BFADA301B4EF400516EA0 /* PBXContainerItemProxy */ = {
			isa = PBXContainerItemProxy;
			containerPortal = F50BF8A3301B4E3600516EA0 /* ID3TagEditor.xcodeproj */;
			proxyType = 2;
			remoteGlobalIDString = 452831E52044C4F500458375;
			remoteInfo = "ID3TagEditor iOS";
		};
		F50BFADC301B4EF400516EA0 /* PBXContainerItemProxy */ = {
			isa = PBXContainerItemProxy;
			containerPortal = F50BF8A3301B4E3600516EA0 /* ID3TagEditor.xcodeproj */;
			proxyType = 2;
			remoteGlobalIDString = 452831ED2044C4F500458375;
			remoteInfo = "ID3TagEditor iOS Tests";
		};
		F50BFADE301B4EF400516EA0 /* PBXContainerItemProxy */ = {
			isa = PBXContainerItemProxy;
			containerPortal = F50BF8A3301B4E3600516EA0 /* ID3TagEditor.xcodeproj */;
			proxyType = 2;
			remoteGlobalIDString = 45541B7720598F6C0025A8BF;
			remoteInfo = "ID3TagEditor tvOS";
		};
		F50BFAE0301B4EF400516EA0 /* PBXContainerItemProxy */ = {
			isa = PBXContainerItemProxy;
			containerPortal = F50BF8A3301B4E3600516EA0 /* ID3TagEditor.xcodeproj */;
			proxyType = 2;
			remoteGlobalIDString = 45541BE52059954C0025A8BF;
			remoteInfo = "ID3TagEditor tvOS Tests";
		};
		F50BFAE2301B4EF400516EA0 /* PBXContainerItemProxy */ = {
			isa = PBXContainerItemProxy;
			containerPortal = F50BF8A3301B4E3600516EA0 /* ID3TagEditor.xcodeproj */;
			proxyType = 2;
			remoteGlobalIDString = 45F833E3205904680046C804;
			remoteInfo = "ID3TagEditor watchOS";
		};
		F50BFAE6301B4EF400516EA0 /* PBXContainerItemProxy */ = {
			isa = PBXContainerItemProxy;
			containerPortal = F50BF988301B4E3600516EA0 /* ZIPFoundation.xcodeproj */;
			proxyType = 2;
			remoteGlobalIDString = "ZIPFoundation::ZIPFoundation::Product";
			remoteInfo = ZIPFoundation;
		};
		F50BFAE8301B4EF400516EA0 /* PBXContainerItemProxy */ = {
			isa = PBXContainerItemProxy;
			containerPortal = F50BF988301B4E3600516EA0 /* ZIPFoundation.xcodeproj */;
			proxyType = 2;
			remoteGlobalIDString = "ZIPFoundation::ZIPFoundationTests::Product";
			remoteInfo = ZIPFoundationTests;
		};
		F54DA2212FC82E0400D5EDB5 /* PBXContainerItemProxy */ = {
			isa = PBXContainerItemProxy;
			containerPortal = F54DA1C52FC82E0300D5EDB5 /* ZIPFoundation.xcodeproj */;
			proxyType = 2;
			remoteGlobalIDString = "ZIPFoundation::ZIPFoundation::Product";
			remoteInfo = ZIPFoundation;
		};
		F54DA2232FC82E0400D5EDB5 /* PBXContainerItemProxy */ = {
			isa = PBXContainerItemProxy;
			containerPortal = F54DA1C52FC82E0300D5EDB5 /* ZIPFoundation.xcodeproj */;
			proxyType = 2;
			remoteGlobalIDString = "ZIPFoundation::ZIPFoundationTests::Product";
			remoteInfo = ZIPFoundationTests;
		};
		F54DA33C2FC82E0400D5EDB5 /* PBXContainerItemProxy */ = {
			isa = PBXContainerItemProxy;
			containerPortal = F54DA2612FC82E0400D5EDB5 /* Demo.xcodeproj */;
			proxyType = 2;
			remoteGlobalIDString = 452832EF2044D28E00458375;
			remoteInfo = "Demo macOS";
		};
		F54DA33E2FC82E0400D5EDB5 /* PBXContainerItemProxy */ = {
			isa = PBXContainerItemProxy;
			containerPortal = F54DA2612FC82E0400D5EDB5 /* Demo.xcodeproj */;
			proxyType = 2;
			remoteGlobalIDString = 4528334A2044D41300458375;
			remoteInfo = "Demo iOS";
		};
		F54DA3402FC82E0400D5EDB5 /* PBXContainerItemProxy */ = {
			isa = PBXContainerItemProxy;
			containerPortal = F54DA2612FC82E0400D5EDB5 /* Demo.xcodeproj */;
			proxyType = 2;
			remoteGlobalIDString = 45F834342059078A0046C804;
			remoteInfo = "Demo watchOS";
		};
		F54DA3422FC82E0400D5EDB5 /* PBXContainerItemProxy */ = {
			isa = PBXContainerItemProxy;
			containerPortal = F54DA2612FC82E0400D5EDB5 /* Demo.xcodeproj */;
			proxyType = 2;
			remoteGlobalIDString = 45F834402059078B0046C804;
			remoteInfo = "Demo watchOS Extension";
		};
		F54DA3442FC82E0400D5EDB5 /* PBXContainerItemProxy */ = {
			isa = PBXContainerItemProxy;
			containerPortal = F54DA2612FC82E0400D5EDB5 /* Demo.xcodeproj */;
			proxyType = 2;
			remoteGlobalIDString = 45541BC5205990990025A8BF;
			remoteInfo = "Demo tvOS";
		};
		F54DA34D2FC82E0400D5EDB5 /* PBXContainerItemProxy */ = {
			isa = PBXContainerItemProxy;
			containerPortal = F54DA3272FC82E0400D5EDB5 /* ID3TagEditor.xcodeproj */;
			proxyType = 2;
			remoteGlobalIDString = 452831C52044C40700458375;
			remoteInfo = "ID3TagEditor macOS";
		};
		F54DA34F2FC82E0400D5EDB5 /* PBXContainerItemProxy */ = {
			isa = PBXContainerItemProxy;
			containerPortal = F54DA3272FC82E0400D5EDB5 /* ID3TagEditor.xcodeproj */;
			proxyType = 2;
			remoteGlobalIDString = 452831CE2044C40700458375;
			remoteInfo = "ID3TagEditor macOS Tests";
		};
		F54DA3512FC82E0400D5EDB5 /* PBXContainerItemProxy */ = {
			isa = PBXContainerItemProxy;
			containerPortal = F54DA3272FC82E0400D5EDB5 /* ID3TagEditor.xcodeproj */;
			proxyType = 2;
			remoteGlobalIDString = 452831E52044C4F500458375;
			remoteInfo = "ID3TagEditor iOS";
		};
		F54DA3532FC82E0400D5EDB5 /* PBXContainerItemProxy */ = {
			isa = PBXContainerItemProxy;
			containerPortal = F54DA3272FC82E0400D5EDB5 /* ID3TagEditor.xcodeproj */;
			proxyType = 2;
			remoteGlobalIDString = 452831ED2044C4F500458375;
			remoteInfo = "ID3TagEditor iOS Tests";
		};
		F54DA3552FC82E0400D5EDB5 /* PBXContainerItemProxy */ = {
			isa = PBXContainerItemProxy;
			containerPortal = F54DA3272FC82E0400D5EDB5 /* ID3TagEditor.xcodeproj */;
			proxyType = 2;
			remoteGlobalIDString = 45541B7720598F6C0025A8BF;
			remoteInfo = "ID3TagEditor tvOS";
		};
		F54DA3572FC82E0400D5EDB5 /* PBXContainerItemProxy */ = {
			isa = PBXContainerItemProxy;
			containerPortal = F54DA3272FC82E0400D5EDB5 /* ID3TagEditor.xcodeproj */;
			proxyType = 2;
			remoteGlobalIDString = 45541BE52059954C0025A8BF;
			remoteInfo = "ID3TagEditor tvOS Tests";
		};
		F54DA3592FC82E0400D5EDB5 /* PBXContainerItemProxy */ = {
			isa = PBXContainerItemProxy;
			containerPortal = F54DA3272FC82E0400D5EDB5 /* ID3TagEditor.xcodeproj */;
			proxyType = 2;
			remoteGlobalIDString = 45F833E3205904680046C804;
			remoteInfo = "ID3TagEditor watchOS";
		};
		F5826E762F3578080079B285 /* PBXContainerItemProxy */ = {
			isa = PBXContainerItemProxy;
			containerPortal = 0B9C1C352AAF18FE001A26AF /* Project object */;
			proxyType = 1;
			remoteGlobalIDString = F5826E672F3578070079B285;
			remoteInfo = CisumWidgetExtension;
		};
		F5A2EEF62FC84BB400C5EC57 /* PBXContainerItemProxy */ = {
			isa = PBXContainerItemProxy;
			containerPortal = F5A2EEA12FC84BB400C5EC57 /* ZIPFoundation.xcodeproj */;
			proxyType = 2;
			remoteGlobalIDString = "ZIPFoundation::ZIPFoundation::Product";
			remoteInfo = ZIPFoundation;
		};
		F5A2EEF82FC84BB400C5EC57 /* PBXContainerItemProxy */ = {
			isa = PBXContainerItemProxy;
			containerPortal = F5A2EEA12FC84BB400C5EC57 /* ZIPFoundation.xcodeproj */;
			proxyType = 2;
			remoteGlobalIDString = "ZIPFoundation::ZIPFoundationTests::Product";
			remoteInfo = ZIPFoundationTests;
		};
		F5A2F0852FC84BB500C5EC57 /* PBXContainerItemProxy */ = {
			isa = PBXContainerItemProxy;
			containerPortal = F5A2EF322FC84BB400C5EC57 /* Demo.xcodeproj */;
			proxyType = 2;
			remoteGlobalIDString = 452832EF2044D28E00458375;
			remoteInfo = "Demo macOS";
		};
		F5A2F0872FC84BB500C5EC57 /* PBXContainerItemProxy */ = {
			isa = PBXContainerItemProxy;
			containerPortal = F5A2EF322FC84BB400C5EC57 /* Demo.xcodeproj */;
			proxyType = 2;
			remoteGlobalIDString = 4528334A2044D41300458375;
			remoteInfo = "Demo iOS";
		};
		F5A2F0892FC84BB500C5EC57 /* PBXContainerItemProxy */ = {
			isa = PBXContainerItemProxy;
			containerPortal = F5A2EF322FC84BB400C5EC57 /* Demo.xcodeproj */;
			proxyType = 2;
			remoteGlobalIDString = 45F834342059078A0046C804;
			remoteInfo = "Demo watchOS";
		};
		F5A2F08B2FC84BB500C5EC57 /* PBXContainerItemProxy */ = {
			isa = PBXContainerItemProxy;
			containerPortal = F5A2EF322FC84BB400C5EC57 /* Demo.xcodeproj */;
			proxyType = 2;
			remoteGlobalIDString = 45F834402059078B0046C804;
			remoteInfo = "Demo watchOS Extension";
		};
		F5A2F08D2FC84BB500C5EC57 /* PBXContainerItemProxy */ = {
			isa = PBXContainerItemProxy;
			containerPortal = F5A2EF322FC84BB400C5EC57 /* Demo.xcodeproj */;
			proxyType = 2;
			remoteGlobalIDString = 45541BC5205990990025A8BF;
			remoteInfo = "Demo tvOS";
		};
		F5A2F0962FC84BB500C5EC57 /* PBXContainerItemProxy */ = {
			isa = PBXContainerItemProxy;
			containerPortal = F5A2F0282FC84BB400C5EC57 /* ID3TagEditor.xcodeproj */;
			proxyType = 2;
			remoteGlobalIDString = 452831C52044C40700458375;
			remoteInfo = "ID3TagEditor macOS";
		};
		F5A2F0982FC84BB500C5EC57 /* PBXContainerItemProxy */ = {
			isa = PBXContainerItemProxy;
			containerPortal = F5A2F0282FC84BB400C5EC57 /* ID3TagEditor.xcodeproj */;
			proxyType = 2;
			remoteGlobalIDString = 452831CE2044C40700458375;
			remoteInfo = "ID3TagEditor macOS Tests";
		};
		F5A2F09A2FC84BB500C5EC57 /* PBXContainerItemProxy */ = {
			isa = PBXContainerItemProxy;
			containerPortal = F5A2F0282FC84BB400C5EC57 /* ID3TagEditor.xcodeproj */;
			proxyType = 2;
			remoteGlobalIDString = 452831E52044C4F500458375;
			remoteInfo = "ID3TagEditor iOS";
		};
		F5A2F09C2FC84BB500C5EC57 /* PBXContainerItemProxy */ = {
			isa = PBXContainerItemProxy;
			containerPortal = F5A2F0282FC84BB400C5EC57 /* ID3TagEditor.xcodeproj */;
			proxyType = 2;
			remoteGlobalIDString = 452831ED2044C4F500458375;
			remoteInfo = "ID3TagEditor iOS Tests";
		};
		F5A2F09E2FC84BB500C5EC57 /* PBXContainerItemProxy */ = {
			isa = PBXContainerItemProxy;
			containerPortal = F5A2F0282FC84BB400C5EC57 /* ID3TagEditor.xcodeproj */;
			proxyType = 2;
			remoteGlobalIDString = 45541B7720598F6C0025A8BF;
			remoteInfo = "ID3TagEditor tvOS";
		};
		F5A2F0A02FC84BB500C5EC57 /* PBXContainerItemProxy */ = {
			isa = PBXContainerItemProxy;
			containerPortal = F5A2F0282FC84BB400C5EC57 /* ID3TagEditor.xcodeproj */;
			proxyType = 2;
			remoteGlobalIDString = 45541BE52059954C0025A8BF;
			remoteInfo = "ID3TagEditor tvOS Tests";
		};
		F5A2F0A22FC84BB500C5EC57 /* PBXContainerItemProxy */ = {
			isa = PBXContainerItemProxy;
			containerPortal = F5A2F0282FC84BB400C5EC57 /* ID3TagEditor.xcodeproj */;
			proxyType = 2;
			remoteGlobalIDString = 45F833E3205904680046C804;
			remoteInfo = "ID3TagEditor watchOS";
		};
		F5E23BB12FC8244400CDCA7B /* PBXContainerItemProxy */ = {
			isa = PBXContainerItemProxy;
			containerPortal = F5E23B552FC8244400CDCA7B /* ZIPFoundation.xcodeproj */;
			proxyType = 2;
			remoteGlobalIDString = "ZIPFoundation::ZIPFoundation::Product";
			remoteInfo = ZIPFoundation;
		};
		F5E23BB32FC8244400CDCA7B /* PBXContainerItemProxy */ = {
			isa = PBXContainerItemProxy;
			containerPortal = F5E23B552FC8244400CDCA7B /* ZIPFoundation.xcodeproj */;
			proxyType = 2;
			remoteGlobalIDString = "ZIPFoundation::ZIPFoundationTests::Product";
			remoteInfo = ZIPFoundationTests;
		};
		F5E23F752FC8244500CDCA7B /* PBXContainerItemProxy */ = {
			isa = PBXContainerItemProxy;
			containerPortal = F5E23EA82FC8244500CDCA7B /* Demo.xcodeproj */;
			proxyType = 2;
			remoteGlobalIDString = 452832EF2044D28E00458375;
			remoteInfo = "Demo macOS";
		};
		F5E23F772FC8244500CDCA7B /* PBXContainerItemProxy */ = {
			isa = PBXContainerItemProxy;
			containerPortal = F5E23EA82FC8244500CDCA7B /* Demo.xcodeproj */;
			proxyType = 2;
			remoteGlobalIDString = 4528334A2044D41300458375;
			remoteInfo = "Demo iOS";
		};
		F5E23F792FC8244500CDCA7B /* PBXContainerItemProxy */ = {
			isa = PBXContainerItemProxy;
			containerPortal = F5E23EA82FC8244500CDCA7B /* Demo.xcodeproj */;
			proxyType = 2;
			remoteGlobalIDString = 45F834342059078A0046C804;
			remoteInfo = "Demo watchOS";
		};
		F5E23F7B2FC8244500CDCA7B /* PBXContainerItemProxy */ = {
			isa = PBXContainerItemProxy;
			containerPortal = F5E23EA82FC8244500CDCA7B /* Demo.xcodeproj */;
			proxyType = 2;
			remoteGlobalIDString = 45F834402059078B0046C804;
			remoteInfo = "Demo watchOS Extension";
		};
		F5E23F7D2FC8244500CDCA7B /* PBXContainerItemProxy */ = {
			isa = PBXContainerItemProxy;
			containerPortal = F5E23EA82FC8244500CDCA7B /* Demo.xcodeproj */;
			proxyType = 2;
			remoteGlobalIDString = 45541BC5205990990025A8BF;
			remoteInfo = "Demo tvOS";
		};
		F5E23F862FC8244500CDCA7B /* PBXContainerItemProxy */ = {
			isa = PBXContainerItemProxy;
			containerPortal = F5E23F652FC8244500CDCA7B /* ID3TagEditor.xcodeproj */;
			proxyType = 2;
			remoteGlobalIDString = 452831C52044C40700458375;
			remoteInfo = "ID3TagEditor macOS";
		};
		F5E23F882FC8244500CDCA7B /* PBXContainerItemProxy */ = {
			isa = PBXContainerItemProxy;
			containerPortal = F5E23F652FC8244500CDCA7B /* ID3TagEditor.xcodeproj */;
			proxyType = 2;
			remoteGlobalIDString = 452831CE2044C40700458375;
			remoteInfo = "ID3TagEditor macOS Tests";
		};
		F5E23F8A2FC8244500CDCA7B /* PBXContainerItemProxy */ = {
			isa = PBXContainerItemProxy;
			containerPortal = F5E23F652FC8244500CDCA7B /* ID3TagEditor.xcodeproj */;
			proxyType = 2;
			remoteGlobalIDString = 452831E52044C4F500458375;
			remoteInfo = "ID3TagEditor iOS";
		};
		F5E23F8C2FC8244500CDCA7B /* PBXContainerItemProxy */ = {
			isa = PBXContainerItemProxy;
			containerPortal = F5E23F652FC8244500CDCA7B /* ID3TagEditor.xcodeproj */;
			proxyType = 2;
			remoteGlobalIDString = 452831ED2044C4F500458375;
			remoteInfo = "ID3TagEditor iOS Tests";
		};
		F5E23F8E2FC8244500CDCA7B /* PBXContainerItemProxy */ = {
			isa = PBXContainerItemProxy;
			containerPortal = F5E23F652FC8244500CDCA7B /* ID3TagEditor.xcodeproj */;
			proxyType = 2;
			remoteGlobalIDString = 45541B7720598F6C0025A8BF;
			remoteInfo = "ID3TagEditor tvOS";
		};
		F5E23F902FC8244500CDCA7B /* PBXContainerItemProxy */ = {
			isa = PBXContainerItemProxy;
			containerPortal = F5E23F652FC8244500CDCA7B /* ID3TagEditor.xcodeproj */;
			proxyType = 2;
			remoteGlobalIDString = 45541BE52059954C0025A8BF;
			remoteInfo = "ID3TagEditor tvOS Tests";
		};
		F5E23F922FC8244500CDCA7B /* PBXContainerItemProxy */ = {
			isa = PBXContainerItemProxy;
			containerPortal = F5E23F652FC8244500CDCA7B /* ID3TagEditor.xcodeproj */;
			proxyType = 2;
			remoteGlobalIDString = 45F833E3205904680046C804;
			remoteInfo = "ID3TagEditor watchOS";
		};
		F5E2AC442FC8228F00CDCA7B /* PBXContainerItemProxy */ = {
			isa = PBXContainerItemProxy;
			containerPortal = F5E2AC192FC8228F00CDCA7B /* ZIPFoundation.xcodeproj */;
			proxyType = 2;
			remoteGlobalIDString = "ZIPFoundation::ZIPFoundation::Product";
			remoteInfo = ZIPFoundation;
		};
		F5E2AC462FC8228F00CDCA7B /* PBXContainerItemProxy */ = {
			isa = PBXContainerItemProxy;
			containerPortal = F5E2AC192FC8228F00CDCA7B /* ZIPFoundation.xcodeproj */;
			proxyType = 2;
			remoteGlobalIDString = "ZIPFoundation::ZIPFoundationTests::Product";
			remoteInfo = ZIPFoundationTests;
		};
		F5E2AD972FC8229000CDCA7B /* PBXContainerItemProxy */ = {
			isa = PBXContainerItemProxy;
			containerPortal = F5E2ACCE2FC8229000CDCA7B /* Demo.xcodeproj */;
			proxyType = 2;
			remoteGlobalIDString = 452832EF2044D28E00458375;
			remoteInfo = "Demo macOS";
		};
		F5E2AD992FC8229000CDCA7B /* PBXContainerItemProxy */ = {
			isa = PBXContainerItemProxy;
			containerPortal = F5E2ACCE2FC8229000CDCA7B /* Demo.xcodeproj */;
			proxyType = 2;
			remoteGlobalIDString = 4528334A2044D41300458375;
			remoteInfo = "Demo iOS";
		};
		F5E2AD9B2FC8229000CDCA7B /* PBXContainerItemProxy */ = {
			isa = PBXContainerItemProxy;
			containerPortal = F5E2ACCE2FC8229000CDCA7B /* Demo.xcodeproj */;
			proxyType = 2;
			remoteGlobalIDString = 45F834342059078A0046C804;
			remoteInfo = "Demo watchOS";
		};
		F5E2AD9D2FC8229000CDCA7B /* PBXContainerItemProxy */ = {
			isa = PBXContainerItemProxy;
			containerPortal = F5E2ACCE2FC8229000CDCA7B /* Demo.xcodeproj */;
			proxyType = 2;
			remoteGlobalIDString = 45F834402059078B0046C804;
			remoteInfo = "Demo watchOS Extension";
		};
		F5E2AD9F2FC8229000CDCA7B /* PBXContainerItemProxy */ = {
			isa = PBXContainerItemProxy;
			containerPortal = F5E2ACCE2FC8229000CDCA7B /* Demo.xcodeproj */;
			proxyType = 2;
			remoteGlobalIDString = 45541BC5205990990025A8BF;
			remoteInfo = "Demo tvOS";
		};
		F5E2ADA82FC8229000CDCA7B /* PBXContainerItemProxy */ = {
			isa = PBXContainerItemProxy;
			containerPortal = F5E2ACD82FC8229000CDCA7B /* ID3TagEditor.xcodeproj */;
			proxyType = 2;
			remoteGlobalIDString = 452831C52044C40700458375;
			remoteInfo = "ID3TagEditor macOS";
		};
		F5E2ADAA2FC8229000CDCA7B /* PBXContainerItemProxy */ = {
			isa = PBXContainerItemProxy;
			containerPortal = F5E2ACD82FC8229000CDCA7B /* ID3TagEditor.xcodeproj */;
			proxyType = 2;
			remoteGlobalIDString = 452831CE2044C40700458375;
			remoteInfo = "ID3TagEditor macOS Tests";
		};
		F5E2ADAC2FC8229000CDCA7B /* PBXContainerItemProxy */ = {
			isa = PBXContainerItemProxy;
			containerPortal = F5E2ACD82FC8229000CDCA7B /* ID3TagEditor.xcodeproj */;
			proxyType = 2;
			remoteGlobalIDString = 452831E52044C4F500458375;
			remoteInfo = "ID3TagEditor iOS";
		};
		F5E2ADAE2FC8229000CDCA7B /* PBXContainerItemProxy */ = {
			isa = PBXContainerItemProxy;
			containerPortal = F5E2ACD82FC8229000CDCA7B /* ID3TagEditor.xcodeproj */;
			proxyType = 2;
			remoteGlobalIDString = 452831ED2044C4F500458375;
			remoteInfo = "ID3TagEditor iOS Tests";
		};
		F5E2ADB02FC8229000CDCA7B /* PBXContainerItemProxy */ = {
			isa = PBXContainerItemProxy;
			containerPortal = F5E2ACD82FC8229000CDCA7B /* ID3TagEditor.xcodeproj */;
			proxyType = 2;
			remoteGlobalIDString = 45541B7720598F6C0025A8BF;
			remoteInfo = "ID3TagEditor tvOS";
		};
		F5E2ADB22FC8229000CDCA7B /* PBXContainerItemProxy */ = {
			isa = PBXContainerItemProxy;
			containerPortal = F5E2ACD82FC8229000CDCA7B /* ID3TagEditor.xcodeproj */;
			proxyType = 2;
			remoteGlobalIDString = 45541BE52059954C0025A8BF;
			remoteInfo = "ID3TagEditor tvOS Tests";
		};
		F5E2ADB42FC8229000CDCA7B /* PBXContainerItemProxy */ = {
			isa = PBXContainerItemProxy;
			containerPortal = F5E2ACD82FC8229000CDCA7B /* ID3TagEditor.xcodeproj */;
			proxyType = 2;
			remoteGlobalIDString = 45F833E3205904680046C804;
			remoteInfo = "ID3TagEditor watchOS";
		};
/* End PBXContainerItemProxy section */

/* Begin PBXCopyFilesBuildPhase section */
		F5826E7D2F3578080079B285 /* Embed Foundation Extensions */ = {
			isa = PBXCopyFilesBuildPhase;
			buildActionMask = 2147483647;
			dstPath = "";
			dstSubfolderSpec = 13;
			files = (
				F5826E782F3578080079B285 /* CisumWidgetExtension.appex in Embed Foundation Extensions */,
			);
			name = "Embed Foundation Extensions";
			runOnlyForDeploymentPostprocessing = 0;
		};
/* End PBXCopyFilesBuildPhase section */

/* Begin PBXFileReference section */
		0B53A6CC2F1C734B00169AF2 /* Cisum.app */ = {isa = PBXFileReference; explicitFileType = wrapper.application; includeInIndex = 0; path = Cisum.app; sourceTree = BUILT_PRODUCTS_DIR; };
		F50BF764301B4E3600516EA0 /* Demo.xcodeproj */ = {isa = PBXFileReference; lastKnownFileType = "wrapper.pb-project"; path = Demo.xcodeproj; sourceTree = "<group>"; };
		F50BF8A3301B4E3600516EA0 /* ID3TagEditor.xcodeproj */ = {isa = PBXFileReference; lastKnownFileType = "wrapper.pb-project"; path = ID3TagEditor.xcodeproj; sourceTree = "<group>"; };
		F50BF988301B4E3600516EA0 /* ZIPFoundation.xcodeproj */ = {isa = PBXFileReference; lastKnownFileType = "wrapper.pb-project"; path = ZIPFoundation.xcodeproj; sourceTree = "<group>"; };
		F54DA1C52FC82E0300D5EDB5 /* ZIPFoundation.xcodeproj */ = {isa = PBXFileReference; lastKnownFileType = "wrapper.pb-project"; path = ZIPFoundation.xcodeproj; sourceTree = "<group>"; };
		F54DA2612FC82E0400D5EDB5 /* Demo.xcodeproj */ = {isa = PBXFileReference; lastKnownFileType = "wrapper.pb-project"; path = Demo.xcodeproj; sourceTree = "<group>"; };
		F54DA3272FC82E0400D5EDB5 /* ID3TagEditor.xcodeproj */ = {isa = PBXFileReference; lastKnownFileType = "wrapper.pb-project"; path = ID3TagEditor.xcodeproj; sourceTree = "<group>"; };
		F5826E682F3578070079B285 /* CisumWidgetExtension.appex */ = {isa = PBXFileReference; explicitFileType = "wrapper.app-extension"; includeInIndex = 0; path = CisumWidgetExtension.appex; sourceTree = BUILT_PRODUCTS_DIR; };
		F5826E6A2F3578070079B285 /* WidgetKit.framework */ = {isa = PBXFileReference; lastKnownFileType = wrapper.framework; name = WidgetKit.framework; path = /System/Library/Frameworks/WidgetKit.framework; sourceTree = "<absolute>"; };
		F5826E6C2F3578070079B285 /* SwiftUI.framework */ = {isa = PBXFileReference; lastKnownFileType = wrapper.framework; name = SwiftUI.framework; path = /System/Library/Frameworks/SwiftUI.framework; sourceTree = "<absolute>"; };
		F5A2EEA12FC84BB400C5EC57 /* ZIPFoundation.xcodeproj */ = {isa = PBXFileReference; lastKnownFileType = "wrapper.pb-project"; path = ZIPFoundation.xcodeproj; sourceTree = "<group>"; };
		F5A2EF322FC84BB400C5EC57 /* Demo.xcodeproj */ = {isa = PBXFileReference; lastKnownFileType = "wrapper.pb-project"; path = Demo.xcodeproj; sourceTree = "<group>"; };
		F5A2F0282FC84BB400C5EC57 /* ID3TagEditor.xcodeproj */ = {isa = PBXFileReference; lastKnownFileType = "wrapper.pb-project"; path = ID3TagEditor.xcodeproj; sourceTree = "<group>"; };
		F5E23B552FC8244400CDCA7B /* ZIPFoundation.xcodeproj */ = {isa = PBXFileReference; lastKnownFileType = "wrapper.pb-project"; path = ZIPFoundation.xcodeproj; sourceTree = "<group>"; };
		F5E23EA82FC8244500CDCA7B /* Demo.xcodeproj */ = {isa = PBXFileReference; lastKnownFileType = "wrapper.pb-project"; path = Demo.xcodeproj; sourceTree = "<group>"; };
		F5E23F652FC8244500CDCA7B /* ID3TagEditor.xcodeproj */ = {isa = PBXFileReference; lastKnownFileType = "wrapper.pb-project"; path = ID3TagEditor.xcodeproj; sourceTree = "<group>"; };
		F5E2AC192FC8228F00CDCA7B /* ZIPFoundation.xcodeproj */ = {isa = PBXFileReference; lastKnownFileType = "wrapper.pb-project"; path = ZIPFoundation.xcodeproj; sourceTree = "<group>"; };
		F5E2ACCE2FC8229000CDCA7B /* Demo.xcodeproj */ = {isa = PBXFileReference; lastKnownFileType = "wrapper.pb-project"; path = Demo.xcodeproj; sourceTree = "<group>"; };
		F5E2ACD82FC8229000CDCA7B /* ID3TagEditor.xcodeproj */ = {isa = PBXFileReference; lastKnownFileType = "wrapper.pb-project"; path = ID3TagEditor.xcodeproj; sourceTree = "<group>"; };
/* End PBXFileReference section */

/* Begin PBXFileSystemSynchronizedBuildFileExceptionSet section */
		F50000000000000000000001 /* PBXFileSystemSynchronizedBuildFileExceptionSet */ = {
			isa = PBXFileSystemSynchronizedBuildFileExceptionSet;
			membershipExceptions = (
				"Cisum-Info-macOS.plist",
				"Cisum-Info.plist",
			);
			target = 0B1D5A4A2AB301AD0010DDF2 /* Cisum */;
		};
		F5826E792F3578080079B285 /* PBXFileSystemSynchronizedBuildFileExceptionSet */ = {
			isa = PBXFileSystemSynchronizedBuildFileExceptionSet;
			membershipExceptions = (
				Info.plist,
			);
			target = F5826E672F3578070079B285 /* CisumWidgetExtension */;
		};
/* End PBXFileSystemSynchronizedBuildFileExceptionSet section */

/* Begin PBXFileSystemSynchronizedRootGroup section */
		F5826E6E2F3578070079B285 /* CisumWidget */ = {isa = PBXFileSystemSynchronizedRootGroup; exceptions = (F5826E792F3578080079B285 /* PBXFileSystemSynchronizedBuildFileExceptionSet */, ); explicitFileTypes = {}; explicitFolders = (); path = CisumWidget; sourceTree = "<group>"; };
		F5F6D0682F396BC700857743 /* CisumApp */ = {isa = PBXFileSystemSynchronizedRootGroup; exceptions = (F50000000000000000000001 /* PBXFileSystemSynchronizedBuildFileExceptionSet */, ); explicitFileTypes = {}; explicitFolders = (); path = CisumApp; sourceTree = "<group>"; };
		F5F6D24B2F396D7A00857743 /* Shared */ = {isa = PBXFileSystemSynchronizedRootGroup; explicitFileTypes = {}; explicitFolders = (); path = Shared; sourceTree = "<group>"; };
/* End PBXFileSystemSynchronizedRootGroup section */

/* Begin PBXFrameworksBuildPhase section */
		0B1D5A482AB301AD0010DDF2 /* Frameworks */ = {
			isa = PBXFrameworksBuildPhase;
			buildActionMask = 2147483647;
			files = (
				A1C163002FD900000000000 /* FactoryCisum in Frameworks */,
			);
			runOnlyForDeploymentPostprocessing = 0;
		};
		F5826E652F3578070079B285 /* Frameworks */ = {
			isa = PBXFrameworksBuildPhase;
			buildActionMask = 2147483647;
			files = (
				F5826E6D2F3578070079B285 /* SwiftUI.framework in Frameworks */,
				F5826E6B2F3578070079B285 /* WidgetKit.framework in Frameworks */,
				83AA30B56C4727C36DC629BB /* FactoryCisum in Frameworks */,
			);
			runOnlyForDeploymentPostprocessing = 0;
		};
/* End PBXFrameworksBuildPhase section */

/* Begin PBXGroup section */
		0B9C1C342AAF18FE001A26AF = {
			isa = PBXGroup;
			children = (
				F5F6D24B2F396D7A00857743 /* Shared */,
				F5F6D0682F396BC700857743 /* CisumApp */,
				F5826E6E2F3578070079B285 /* CisumWidget */,
				0B53A6CC2F1C734B00169AF2 /* Cisum.app */,
				F5826E682F3578070079B285 /* CisumWidgetExtension.appex */,
				F5826E692F3578070079B285 /* Frameworks */,
			);
			sourceTree = "<group>";
		};
		F50BFA0E301B4E3600516EA0 /* Products */ = {
			isa = PBXGroup;
			children = (
				F50BFAE7301B4EF400516EA0 /* ZIPFoundation.framework */,
				F50BFAE9301B4EF400516EA0 /* ZIPFoundationTests.xctest */,
			);
			name = Products;
			sourceTree = "<group>";
		};
		F50BFA10301B4E3600516EA0 /* Products */ = {
			isa = PBXGroup;
			children = (
				F50BFAC6301B4EF400516EA0 /* Demo macOS.app */,
				F50BFAC8301B4EF400516EA0 /* Demo iOS.app */,
				F50BFACA301B4EF400516EA0 /* Demo watchOS.app */,
				F50BFACC301B4EF400516EA0 /* Demo watchOS Extension.appex */,
				F50BFACE301B4EF400516EA0 /* Demo tvOS.app */,
			);
			name = Products;
			sourceTree = "<group>";
		};
		F50BFA12301B4E3600516EA0 /* Products */ = {
			isa = PBXGroup;
			children = (
				F50BFAD7301B4EF400516EA0 /* ID3TagEditor.framework */,
				F50BFAD9301B4EF400516EA0 /* ID3TagEditor macOS Tests.xctest */,
				F50BFADB301B4EF400516EA0 /* ID3TagEditor.framework */,
				F50BFADD301B4EF400516EA0 /* ID3TagEditor iOS Tests.xctest */,
				F50BFADF301B4EF400516EA0 /* ID3TagEditor.framework */,
				F50BFAE1301B4EF400516EA0 /* ID3TagEditor tvOS Tests.xctest */,
				F50BFAE3301B4EF400516EA0 /* ID3TagEditor.framework */,
			);
			name = Products;
			sourceTree = "<group>";
		};
		F54DA1C62FC82E0300D5EDB5 /* Products */ = {
			isa = PBXGroup;
			children = (
				F54DA2222FC82E0400D5EDB5 /* ZIPFoundation.framework */,
				F54DA2242FC82E0400D5EDB5 /* ZIPFoundationTests.xctest */,
			);
			name = Products;
			sourceTree = "<group>";
		};
		F54DA2622FC82E0400D5EDB5 /* Products */ = {
			isa = PBXGroup;
			children = (
				F54DA33D2FC82E0400D5EDB5 /* Demo macOS.app */,
				F54DA33F2FC82E0400D5EDB5 /* Demo iOS.app */,
				F54DA3412FC82E0400D5EDB5 /* Demo watchOS.app */,
				F54DA3432FC82E0400D5EDB5 /* Demo watchOS Extension.appex */,
				F54DA3452FC82E0400D5EDB5 /* Demo tvOS.app */,
			);
			name = Products;
			sourceTree = "<group>";
		};
		F54DA3302FC82E0400D5EDB5 /* Products */ = {
			isa = PBXGroup;
			children = (
				F54DA34E2FC82E0400D5EDB5 /* ID3TagEditor.framework */,
				F54DA3502FC82E0400D5EDB5 /* ID3TagEditor macOS Tests.xctest */,
				F54DA3522FC82E0400D5EDB5 /* ID3TagEditor.framework */,
				F54DA3542FC82E0400D5EDB5 /* ID3TagEditor iOS Tests.xctest */,
				F54DA3562FC82E0400D5EDB5 /* ID3TagEditor.framework */,
				F54DA3582FC82E0400D5EDB5 /* ID3TagEditor tvOS Tests.xctest */,
				F54DA35A2FC82E0400D5EDB5 /* ID3TagEditor.framework */,
			);
			name = Products;
			sourceTree = "<group>";
		};
		F5826E692F3578070079B285 /* Frameworks */ = {
			isa = PBXGroup;
			children = (
				F5826E6A2F3578070079B285 /* WidgetKit.framework */,
				F5826E6C2F3578070079B285 /* SwiftUI.framework */,
			);
			name = Frameworks;
			sourceTree = "<group>";
		};
		F5A2EEA22FC84BB400C5EC57 /* Products */ = {
			isa = PBXGroup;
			children = (
				F5A2EEF72FC84BB400C5EC57 /* ZIPFoundation.framework */,
				F5A2EEF92FC84BB400C5EC57 /* ZIPFoundationTests.xctest */,
			);
			name = Products;
			sourceTree = "<group>";
		};
		F5A2F0322FC84BB400C5EC57 /* Products */ = {
			isa = PBXGroup;
			children = (
				F5A2F0972FC84BB500C5EC57 /* ID3TagEditor.framework */,
				F5A2F0992FC84BB500C5EC57 /* ID3TagEditor macOS Tests.xctest */,
				F5A2F09B2FC84BB500C5EC57 /* ID3TagEditor.framework */,
				F5A2F09D2FC84BB500C5EC57 /* ID3TagEditor iOS Tests.xctest */,
				F5A2F09F2FC84BB500C5EC57 /* ID3TagEditor.framework */,
				F5A2F0A12FC84BB500C5EC57 /* ID3TagEditor tvOS Tests.xctest */,
				F5A2F0A32FC84BB500C5EC57 /* ID3TagEditor.framework */,
			);
			name = Products;
			sourceTree = "<group>";
		};
		F5A2F0342FC84BB400C5EC57 /* Products */ = {
			isa = PBXGroup;
			children = (
				F5A2F0862FC84BB500C5EC57 /* Demo macOS.app */,
				F5A2F0882FC84BB500C5EC57 /* Demo iOS.app */,
				F5A2F08A2FC84BB500C5EC57 /* Demo watchOS.app */,
				F5A2F08C2FC84BB500C5EC57 /* Demo watchOS Extension.appex */,
				F5A2F08E2FC84BB500C5EC57 /* Demo tvOS.app */,
			);
			name = Products;
			sourceTree = "<group>";
		};
		F5E23B562FC8244400CDCA7B /* Products */ = {
			isa = PBXGroup;
			children = (
				F5E23BB22FC8244400CDCA7B /* ZIPFoundation.framework */,
				F5E23BB42FC8244400CDCA7B /* ZIPFoundationTests.xctest */,
			);
			name = Products;
			sourceTree = "<group>";
		};
		F5E23EA92FC8244500CDCA7B /* Products */ = {
			isa = PBXGroup;
			children = (
				F5E23F762FC8244500CDCA7B /* Demo macOS.app */,
				F5E23F782FC8244500CDCA7B /* Demo iOS.app */,
				F5E23F7A2FC8244500CDCA7B /* Demo watchOS.app */,
				F5E23F7C2FC8244500CDCA7B /* Demo watchOS Extension.appex */,
				F5E23F7E2FC8244500CDCA7B /* Demo tvOS.app */,
			);
			name = Products;
			sourceTree = "<group>";
		};
		F5E23F6E2FC8244500CDCA7B /* Products */ = {
			isa = PBXGroup;
			children = (
				F5E23F872FC8244500CDCA7B /* ID3TagEditor.framework */,
				F5E23F892FC8244500CDCA7B /* ID3TagEditor macOS Tests.xctest */,
				F5E23F8B2FC8244500CDCA7B /* ID3TagEditor.framework */,
				F5E23F8D2FC8244500CDCA7B /* ID3TagEditor iOS Tests.xctest */,
				F5E23F8F2FC8244500CDCA7B /* ID3TagEditor.framework */,
				F5E23F912FC8244500CDCA7B /* ID3TagEditor tvOS Tests.xctest */,
				F5E23F932FC8244500CDCA7B /* ID3TagEditor.framework */,
			);
			name = Products;
			sourceTree = "<group>";
		};
		F5E2AC1A2FC8228F00CDCA7B /* Products */ = {
			isa = PBXGroup;
			children = (
				F5E2AC452FC8228F00CDCA7B /* ZIPFoundation.framework */,
				F5E2AC472FC8228F00CDCA7B /* ZIPFoundationTests.xctest */,
			);
			name = Products;
			sourceTree = "<group>";
		};
		F5E2ACD12FC8229000CDCA7B /* Products */ = {
			isa = PBXGroup;
			children = (
				F5E2AD982FC8229000CDCA7B /* Demo macOS.app */,
				F5E2AD9A2FC8229000CDCA7B /* Demo iOS.app */,
				F5E2AD9C2FC8229000CDCA7B /* Demo watchOS.app */,
				F5E2AD9E2FC8229000CDCA7B /* Demo watchOS Extension.appex */,
				F5E2ADA02FC8229000CDCA7B /* Demo tvOS.app */,
			);
			name = Products;
			sourceTree = "<group>";
		};
		F5E2ACDB2FC8229000CDCA7B /* Products */ = {
			isa = PBXGroup;
			children = (
				F5E2ADA92FC8229000CDCA7B /* ID3TagEditor.framework */,
				F5E2ADAB2FC8229000CDCA7B /* ID3TagEditor macOS Tests.xctest */,
				F5E2ADAD2FC8229000CDCA7B /* ID3TagEditor.framework */,
				F5E2ADAF2FC8229000CDCA7B /* ID3TagEditor iOS Tests.xctest */,
				F5E2ADB12FC8229000CDCA7B /* ID3TagEditor.framework */,
				F5E2ADB32FC8229000CDCA7B /* ID3TagEditor tvOS Tests.xctest */,
				F5E2ADB52FC8229000CDCA7B /* ID3TagEditor.framework */,
			);
			name = Products;
			sourceTree = "<group>";
		};
/* End PBXGroup section */

/* Begin PBXNativeTarget section */
		0B1D5A4A2AB301AD0010DDF2 /* Cisum */ = {
			isa = PBXNativeTarget;
			buildConfigurationList = 0B1D5A562AB301AE0010DDF2 /* Build configuration list for PBXNativeTarget "Cisum" */;
			buildPhases = (
				0B1D5A472AB301AD0010DDF2 /* Sources */,
				0B1D5A482AB301AD0010DDF2 /* Frameworks */,
				0B1D5A492AB301AD0010DDF2 /* Resources */,
				F5826E7D2F3578080079B285 /* Embed Foundation Extensions */,
			);
			buildRules = (
			);
			dependencies = (
				F5826E772F3578080079B285 /* PBXTargetDependency */,
			);
			fileSystemSynchronizedGroups = (
				F5F6D0682F396BC700857743 /* CisumApp */,
				F5F6D24B2F396D7A00857743 /* Shared */,
			);
			name = Cisum;
			packageProductDependencies = (
				A1C163022FD900000000000 /* FactoryCisum */,
			);
			productName = Cisum;
			productReference = 0B53A6CC2F1C734B00169AF2 /* Cisum.app */;
			productType = "com.apple.product-type.application";
		};
		F5826E672F3578070079B285 /* CisumWidgetExtension */ = {
			isa = PBXNativeTarget;
			buildConfigurationList = F5826E7A2F3578080079B285 /* Build configuration list for PBXNativeTarget "CisumWidgetExtension" */;
			buildPhases = (
				F5826E642F3578070079B285 /* Sources */,
				F5826E652F3578070079B285 /* Frameworks */,
				F5826E662F3578070079B285 /* Resources */,
			);
			buildRules = (
			);
			dependencies = (
			);
			fileSystemSynchronizedGroups = (
				F5826E6E2F3578070079B285 /* CisumWidget */,
				F5F6D24B2F396D7A00857743 /* Shared */,
			);
			name = CisumWidgetExtension;
			packageProductDependencies = (
				A1C163022FD900000000000 /* FactoryCisum */,
			);
			productName = CisumWidgetExtension;
			productReference = F5826E682F3578070079B285 /* CisumWidgetExtension.appex */;
			productType = "com.apple.product-type.app-extension";
		};
/* End PBXNativeTarget section */

/* Begin PBXProject section */
		0B9C1C352AAF18FE001A26AF /* Project object */ = {
			isa = PBXProject;
			attributes = {
				BuildIndependentTargetsInParallel = 1;
				LastSwiftUpdateCheck = 2620;
				LastUpgradeCheck = 1640;
				TargetAttributes = {
					0B1D5A4A2AB301AD0010DDF2 = {
						CreatedOnToolsVersion = 14.3.1;
						LastSwiftMigration = 1430;
					};
					F5826E672F3578070079B285 = {
						CreatedOnToolsVersion = 26.2;
					};
				};
			};
			buildConfigurationList = 0B9C1C382AAF18FE001A26AF /* Build configuration list for PBXProject "Cisum" */;
			compatibilityVersion = "Xcode 15.0";
			developmentRegion = en;
			hasScannedForEncodings = 0;
			knownRegions = (
				en,
				Base,
				"zh-Hans",
				"zh-HK",
			);
			mainGroup = 0B9C1C342AAF18FE001A26AF;
			packageReferences = (
				A1C163012FD900000000000 /* XCLocalSwiftPackageReference "Packages/FactoryCisum" */,
			);
			productRefGroup = 0B9C1C342AAF18FE001A26AF;
			projectDirPath = "";
			projectReferences = (
				{
					ProductGroup = F50BFA10301B4E3600516EA0 /* Products */;
					ProjectRef = F50BF764301B4E3600516EA0 /* Demo.xcodeproj */;
				},
				{
					ProductGroup = F54DA2622FC82E0400D5EDB5 /* Products */;
					ProjectRef = F54DA2612FC82E0400D5EDB5 /* Demo.xcodeproj */;
				},
				{
					ProductGroup = F5A2F0342FC84BB400C5EC57 /* Products */;
					ProjectRef = F5A2EF322FC84BB400C5EC57 /* Demo.xcodeproj */;
				},
				{
					ProductGroup = F5E23EA92FC8244500CDCA7B /* Products */;
					ProjectRef = F5E23EA82FC8244500CDCA7B /* Demo.xcodeproj */;
				},
				{
					ProductGroup = F5E2ACD12FC8229000CDCA7B /* Products */;
					ProjectRef = F5E2ACCE2FC8229000CDCA7B /* Demo.xcodeproj */;
				},
				{
					ProductGroup = F50BFA12301B4E3600516EA0 /* Products */;
					ProjectRef = F50BF8A3301B4E3600516EA0 /* ID3TagEditor.xcodeproj */;
				},
				{
					ProductGroup = F5E23F6E2FC8244500CDCA7B /* Products */;
					ProjectRef = F5E23F652FC8244500CDCA7B /* ID3TagEditor.xcodeproj */;
				},
				{
					ProductGroup = F5E2ACDB2FC8229000CDCA7B /* Products */;
					ProjectRef = F5E2ACD82FC8229000CDCA7B /* ID3TagEditor.xcodeproj */;
				},
				{
					ProductGroup = F54DA3302FC82E0400D5EDB5 /* Products */;
					ProjectRef = F54DA3272FC82E0400D5EDB5 /* ID3TagEditor.xcodeproj */;
				},
				{
					ProductGroup = F5A2F0322FC84BB400C5EC57 /* Products */;
					ProjectRef = F5A2F0282FC84BB400C5EC57 /* ID3TagEditor.xcodeproj */;
				},
				{
					ProductGroup = F5E23B562FC8244400CDCA7B /* Products */;
					ProjectRef = F5E23B552FC8244400CDCA7B /* ZIPFoundation.xcodeproj */;
				},
				{
					ProductGroup = F50BFA0E301B4E3600516EA0 /* Products */;
					ProjectRef = F50BF988301B4E3600516EA0 /* ZIPFoundation.xcodeproj */;
				},
				{
					ProductGroup = F54DA1C62FC82E0300D5EDB5 /* Products */;
					ProjectRef = F54DA1C52FC82E0300D5EDB5 /* ZIPFoundation.xcodeproj */;
				},
				{
					ProductGroup = F5E2AC1A2FC8228F00CDCA7B /* Products */;
					ProjectRef = F5E2AC192FC8228F00CDCA7B /* ZIPFoundation.xcodeproj */;
				},
				{
					ProductGroup = F5A2EEA22FC84BB400C5EC57 /* Products */;
					ProjectRef = F5A2EEA12FC84BB400C5EC57 /* ZIPFoundation.xcodeproj */;
				},
			);
			projectRoot = "";
			targets = (
				0B1D5A4A2AB301AD0010DDF2 /* Cisum */,
				F5826E672F3578070079B285 /* CisumWidgetExtension */,
			);
		};
/* End PBXProject section */

/* Begin PBXReferenceProxy section */
		F50BFAC6301B4EF400516EA0 /* Demo macOS.app */ = {
			isa = PBXReferenceProxy;
			fileType = wrapper.application;
			path = "Demo macOS.app";
			remoteRef = F50BFAC5301B4EF400516EA0 /* PBXContainerItemProxy */;
			sourceTree = BUILT_PRODUCTS_DIR;
		};
		F50BFAC8301B4EF400516EA0 /* Demo iOS.app */ = {
			isa = PBXReferenceProxy;
			fileType = wrapper.application;
			path = "Demo iOS.app";
			remoteRef = F50BFAC7301B4EF400516EA0 /* PBXContainerItemProxy */;
			sourceTree = BUILT_PRODUCTS_DIR;
		};
		F50BFACA301B4EF400516EA0 /* Demo watchOS.app */ = {
			isa = PBXReferenceProxy;
			fileType = wrapper.application;
			path = "Demo watchOS.app";
			remoteRef = F50BFAC9301B4EF400516EA0 /* PBXContainerItemProxy */;
			sourceTree = BUILT_PRODUCTS_DIR;
		};
		F50BFACC301B4EF400516EA0 /* Demo watchOS Extension.appex */ = {
			isa = PBXReferenceProxy;
			fileType = "wrapper.app-extension";
			path = "Demo watchOS Extension.appex";
			remoteRef = F50BFACB301B4EF400516EA0 /* PBXContainerItemProxy */;
			sourceTree = BUILT_PRODUCTS_DIR;
		};
		F50BFACE301B4EF400516EA0 /* Demo tvOS.app */ = {
			isa = PBXReferenceProxy;
			fileType = wrapper.application;
			path = "Demo tvOS.app";
			remoteRef = F50BFACD301B4EF400516EA0 /* PBXContainerItemProxy */;
			sourceTree = BUILT_PRODUCTS_DIR;
		};
		F50BFAD7301B4EF400516EA0 /* ID3TagEditor.framework */ = {
			isa = PBXReferenceProxy;
			fileType = wrapper.framework;
			path = ID3TagEditor.framework;
			remoteRef = F50BFAD6301B4EF400516EA0 /* PBXContainerItemProxy */;
			sourceTree = BUILT_PRODUCTS_DIR;
		};
		F50BFAD9301B4EF400516EA0 /* ID3TagEditor macOS Tests.xctest */ = {
			isa = PBXReferenceProxy;
			fileType = wrapper.cfbundle;
			path = "ID3TagEditor macOS Tests.xctest";
			remoteRef = F50BFAD8301B4EF400516EA0 /* PBXContainerItemProxy */;
			sourceTree = BUILT_PRODUCTS_DIR;
		};
		F50BFADB301B4EF400516EA0 /* ID3TagEditor.framework */ = {
			isa = PBXReferenceProxy;
			fileType = wrapper.framework;
			path = ID3TagEditor.framework;
			remoteRef = F50BFADA301B4EF400516EA0 /* PBXContainerItemProxy */;
			sourceTree = BUILT_PRODUCTS_DIR;
		};
		F50BFADD301B4EF400516EA0 /* ID3TagEditor iOS Tests.xctest */ = {
			isa = PBXReferenceProxy;
			fileType = wrapper.cfbundle;
			path = "ID3TagEditor iOS Tests.xctest";
			remoteRef = F50BFADC301B4EF400516EA0 /* PBXContainerItemProxy */;
			sourceTree = BUILT_PRODUCTS_DIR;
		};
		F50BFADF301B4EF400516EA0 /* ID3TagEditor.framework */ = {
			isa = PBXReferenceProxy;
			fileType = wrapper.framework;
			path = ID3TagEditor.framework;
			remoteRef = F50BFADE301B4EF400516EA0 /* PBXContainerItemProxy */;
			sourceTree = BUILT_PRODUCTS_DIR;
		};
		F50BFAE1301B4EF400516EA0 /* ID3TagEditor tvOS Tests.xctest */ = {
			isa = PBXReferenceProxy;
			fileType = wrapper.cfbundle;
			path = "ID3TagEditor tvOS Tests.xctest";
			remoteRef = F50BFAE0301B4EF400516EA0 /* PBXContainerItemProxy */;
			sourceTree = BUILT_PRODUCTS_DIR;
		};
		F50BFAE3301B4EF400516EA0 /* ID3TagEditor.framework */ = {
			isa = PBXReferenceProxy;
			fileType = wrapper.framework;
			path = ID3TagEditor.framework;
			remoteRef = F50BFAE2301B4EF400516EA0 /* PBXContainerItemProxy */;
			sourceTree = BUILT_PRODUCTS_DIR;
		};
		F50BFAE7301B4EF400516EA0 /* ZIPFoundation.framework */ = {
			isa = PBXReferenceProxy;
			fileType = wrapper.framework;
			path = ZIPFoundation.framework;
			remoteRef = F50BFAE6301B4EF400516EA0 /* PBXContainerItemProxy */;
			sourceTree = BUILT_PRODUCTS_DIR;
		};
		F50BFAE9301B4EF400516EA0 /* ZIPFoundationTests.xctest */ = {
			isa = PBXReferenceProxy;
			fileType = wrapper.cfbundle;
			path = ZIPFoundationTests.xctest;
			remoteRef = F50BFAE8301B4EF400516EA0 /* PBXContainerItemProxy */;
			sourceTree = BUILT_PRODUCTS_DIR;
		};
		F54DA2222FC82E0400D5EDB5 /* ZIPFoundation.framework */ = {
			isa = PBXReferenceProxy;
			fileType = wrapper.framework;
			path = ZIPFoundation.framework;
			remoteRef = F54DA2212FC82E0400D5EDB5 /* PBXContainerItemProxy */;
			sourceTree = BUILT_PRODUCTS_DIR;
		};
		F54DA2242FC82E0400D5EDB5 /* ZIPFoundationTests.xctest */ = {
			isa = PBXReferenceProxy;
			fileType = wrapper.cfbundle;
			path = ZIPFoundationTests.xctest;
			remoteRef = F54DA2232FC82E0400D5EDB5 /* PBXContainerItemProxy */;
			sourceTree = BUILT_PRODUCTS_DIR;
		};
		F54DA33D2FC82E0400D5EDB5 /* Demo macOS.app */ = {
			isa = PBXReferenceProxy;
			fileType = wrapper.application;
			path = "Demo macOS.app";
			remoteRef = F54DA33C2FC82E0400D5EDB5 /* PBXContainerItemProxy */;
			sourceTree = BUILT_PRODUCTS_DIR;
		};
		F54DA33F2FC82E0400D5EDB5 /* Demo iOS.app */ = {
			isa = PBXReferenceProxy;
			fileType = wrapper.application;
			path = "Demo iOS.app";
			remoteRef = F54DA33E2FC82E0400D5EDB5 /* PBXContainerItemProxy */;
			sourceTree = BUILT_PRODUCTS_DIR;
		};
		F54DA3412FC82E0400D5EDB5 /* Demo watchOS.app */ = {
			isa = PBXReferenceProxy;
			fileType = wrapper.application;
			path = "Demo watchOS.app";
			remoteRef = F54DA3402FC82E0400D5EDB5 /* PBXContainerItemProxy */;
			sourceTree = BUILT_PRODUCTS_DIR;
		};
		F54DA3432FC82E0400D5EDB5 /* Demo watchOS Extension.appex */ = {
			isa = PBXReferenceProxy;
			fileType = "wrapper.app-extension";
			path = "Demo watchOS Extension.appex";
			remoteRef = F54DA3422FC82E0400D5EDB5 /* PBXContainerItemProxy */;
			sourceTree = BUILT_PRODUCTS_DIR;
		};
		F54DA3452FC82E0400D5EDB5 /* Demo tvOS.app */ = {
			isa = PBXReferenceProxy;
			fileType = wrapper.application;
			path = "Demo tvOS.app";
			remoteRef = F54DA3442FC82E0400D5EDB5 /* PBXContainerItemProxy */;
			sourceTree = BUILT_PRODUCTS_DIR;
		};
		F54DA34E2FC82E0400D5EDB5 /* ID3TagEditor.framework */ = {
			isa = PBXReferenceProxy;
			fileType = wrapper.framework;
			path = ID3TagEditor.framework;
			remoteRef = F54DA34D2FC82E0400D5EDB5 /* PBXContainerItemProxy */;
			sourceTree = BUILT_PRODUCTS_DIR;
		};
		F54DA3502FC82E0400D5EDB5 /* ID3TagEditor macOS Tests.xctest */ = {
			isa = PBXReferenceProxy;
			fileType = wrapper.cfbundle;
			path = "ID3TagEditor macOS Tests.xctest";
			remoteRef = F54DA34F2FC82E0400D5EDB5 /* PBXContainerItemProxy */;
			sourceTree = BUILT_PRODUCTS_DIR;
		};
		F54DA3522FC82E0400D5EDB5 /* ID3TagEditor.framework */ = {
			isa = PBXReferenceProxy;
			fileType = wrapper.framework;
			path = ID3TagEditor.framework;
			remoteRef = F54DA3512FC82E0400D5EDB5 /* PBXContainerItemProxy */;
			sourceTree = BUILT_PRODUCTS_DIR;
		};
		F54DA3542FC82E0400D5EDB5 /* ID3TagEditor iOS Tests.xctest */ = {
			isa = PBXReferenceProxy;
			fileType = wrapper.cfbundle;
			path = "ID3TagEditor iOS Tests.xctest";
			remoteRef = F54DA3532FC82E0400D5EDB5 /* PBXContainerItemProxy */;
			sourceTree = BUILT_PRODUCTS_DIR;
		};
		F54DA3562FC82E0400D5EDB5 /* ID3TagEditor.framework */ = {
			isa = PBXReferenceProxy;
			fileType = wrapper.framework;
			path = ID3TagEditor.framework;
			remoteRef = F54DA3552FC82E0400D5EDB5 /* PBXContainerItemProxy */;
			sourceTree = BUILT_PRODUCTS_DIR;
		};
		F54DA3582FC82E0400D5EDB5 /* ID3TagEditor tvOS Tests.xctest */ = {
			isa = PBXReferenceProxy;
			fileType = wrapper.cfbundle;
			path = "ID3TagEditor tvOS Tests.xctest";
			remoteRef = F54DA3572FC82E0400D5EDB5 /* PBXContainerItemProxy */;
			sourceTree = BUILT_PRODUCTS_DIR;
		};
		F54DA35A2FC82E0400D5EDB5 /* ID3TagEditor.framework */ = {
			isa = PBXReferenceProxy;
			fileType = wrapper.framework;
			path = ID3TagEditor.framework;
			remoteRef = F54DA3592FC82E0400D5EDB5 /* PBXContainerItemProxy */;
			sourceTree = BUILT_PRODUCTS_DIR;
		};
		F5A2EEF72FC84BB400C5EC57 /* ZIPFoundation.framework */ = {
			isa = PBXReferenceProxy;
			fileType = wrapper.framework;
			path = ZIPFoundation.framework;
			remoteRef = F5A2EEF62FC84BB400C5EC57 /* PBXContainerItemProxy */;
			sourceTree = BUILT_PRODUCTS_DIR;
		};
		F5A2EEF92FC84BB400C5EC57 /* ZIPFoundationTests.xctest */ = {
			isa = PBXReferenceProxy;
			fileType = wrapper.cfbundle;
			path = ZIPFoundationTests.xctest;
			remoteRef = F5A2EEF82FC84BB400C5EC57 /* PBXContainerItemProxy */;
			sourceTree = BUILT_PRODUCTS_DIR;
		};
		F5A2F0862FC84BB500C5EC57 /* Demo macOS.app */ = {
			isa = PBXReferenceProxy;
			fileType = wrapper.application;
			path = "Demo macOS.app";
			remoteRef = F5A2F0852FC84BB500C5EC57 /* PBXContainerItemProxy */;
			sourceTree = BUILT_PRODUCTS_DIR;
		};
		F5A2F0882FC84BB500C5EC57 /* Demo iOS.app */ = {
			isa = PBXReferenceProxy;
			fileType = wrapper.application;
			path = "Demo iOS.app";
			remoteRef = F5A2F0872FC84BB500C5EC57 /* PBXContainerItemProxy */;
			sourceTree = BUILT_PRODUCTS_DIR;
		};
		F5A2F08A2FC84BB500C5EC57 /* Demo watchOS.app */ = {
			isa = PBXReferenceProxy;
			fileType = wrapper.application;
			path = "Demo watchOS.app";
			remoteRef = F5A2F0892FC84BB500C5EC57 /* PBXContainerItemProxy */;
			sourceTree = BUILT_PRODUCTS_DIR;
		};
		F5A2F08C2FC84BB500C5EC57 /* Demo watchOS Extension.appex */ = {
			isa = PBXReferenceProxy;
			fileType = "wrapper.app-extension";
			path = "Demo watchOS Extension.appex";
			remoteRef = F5A2F08B2FC84BB500C5EC57 /* PBXContainerItemProxy */;
			sourceTree = BUILT_PRODUCTS_DIR;
		};
		F5A2F08E2FC84BB500C5EC57 /* Demo tvOS.app */ = {
			isa = PBXReferenceProxy;
			fileType = wrapper.application;
			path = "Demo tvOS.app";
			remoteRef = F5A2F08D2FC84BB500C5EC57 /* PBXContainerItemProxy */;
			sourceTree = BUILT_PRODUCTS_DIR;
		};
		F5A2F0972FC84BB500C5EC57 /* ID3TagEditor.framework */ = {
			isa = PBXReferenceProxy;
			fileType = wrapper.framework;
			path = ID3TagEditor.framework;
			remoteRef = F5A2F0962FC84BB500C5EC57 /* PBXContainerItemProxy */;
			sourceTree = BUILT_PRODUCTS_DIR;
		};
		F5A2F0992FC84BB500C5EC57 /* ID3TagEditor macOS Tests.xctest */ = {
			isa = PBXReferenceProxy;
			fileType = wrapper.cfbundle;
			path = "ID3TagEditor macOS Tests.xctest";
			remoteRef = F5A2F0982FC84BB500C5EC57 /* PBXContainerItemProxy */;
			sourceTree = BUILT_PRODUCTS_DIR;
		};
		F5A2F09B2FC84BB500C5EC57 /* ID3TagEditor.framework */ = {
			isa = PBXReferenceProxy;
			fileType = wrapper.framework;
			path = ID3TagEditor.framework;
			remoteRef = F5A2F09A2FC84BB500C5EC57 /* PBXContainerItemProxy */;
			sourceTree = BUILT_PRODUCTS_DIR;
		};
		F5A2F09D2FC84BB500C5EC57 /* ID3TagEditor iOS Tests.xctest */ = {
			isa = PBXReferenceProxy;
			fileType = wrapper.cfbundle;
			path = "ID3TagEditor iOS Tests.xctest";
			remoteRef = F5A2F09C2FC84BB500C5EC57 /* PBXContainerItemProxy */;
			sourceTree = BUILT_PRODUCTS_DIR;
		};
		F5A2F09F2FC84BB500C5EC57 /* ID3TagEditor.framework */ = {
			isa = PBXReferenceProxy;
			fileType = wrapper.framework;
			path = ID3TagEditor.framework;
			remoteRef = F5A2F09E2FC84BB500C5EC57 /* PBXContainerItemProxy */;
			sourceTree = BUILT_PRODUCTS_DIR;
		};
		F5A2F0A12FC84BB500C5EC57 /* ID3TagEditor tvOS Tests.xctest */ = {
			isa = PBXReferenceProxy;
			fileType = wrapper.cfbundle;
			path = "ID3TagEditor tvOS Tests.xctest";
			remoteRef = F5A2F0A02FC84BB500C5EC57 /* PBXContainerItemProxy */;
			sourceTree = BUILT_PRODUCTS_DIR;
		};
		F5A2F0A32FC84BB500C5EC57 /* ID3TagEditor.framework */ = {
			isa = PBXReferenceProxy;
			fileType = wrapper.framework;
			path = ID3TagEditor.framework;
			remoteRef = F5A2F0A22FC84BB500C5EC57 /* PBXContainerItemProxy */;
			sourceTree = BUILT_PRODUCTS_DIR;
		};
		F5E23BB22FC8244400CDCA7B /* ZIPFoundation.framework */ = {
			isa = PBXReferenceProxy;
			fileType = wrapper.framework;
			path = ZIPFoundation.framework;
			remoteRef = F5E23BB12FC8244400CDCA7B /* PBXContainerItemProxy */;
			sourceTree = BUILT_PRODUCTS_DIR;
		};
		F5E23BB42FC8244400CDCA7B /* ZIPFoundationTests.xctest */ = {
			isa = PBXReferenceProxy;
			fileType = wrapper.cfbundle;
			path = ZIPFoundationTests.xctest;
			remoteRef = F5E23BB32FC8244400CDCA7B /* PBXContainerItemProxy */;
			sourceTree = BUILT_PRODUCTS_DIR;
		};
		F5E23F762FC8244500CDCA7B /* Demo macOS.app */ = {
			isa = PBXReferenceProxy;
			fileType = wrapper.application;
			path = "Demo macOS.app";
			remoteRef = F5E23F752FC8244500CDCA7B /* PBXContainerItemProxy */;
			sourceTree = BUILT_PRODUCTS_DIR;
		};
		F5E23F782FC8244500CDCA7B /* Demo iOS.app */ = {
			isa = PBXReferenceProxy;
			fileType = wrapper.application;
			path = "Demo iOS.app";
			remoteRef = F5E23F772FC8244500CDCA7B /* PBXContainerItemProxy */;
			sourceTree = BUILT_PRODUCTS_DIR;
		};
		F5E23F7A2FC8244500CDCA7B /* Demo watchOS.app */ = {
			isa = PBXReferenceProxy;
			fileType = wrapper.application;
			path = "Demo watchOS.app";
			remoteRef = F5E23F792FC8244500CDCA7B /* PBXContainerItemProxy */;
			sourceTree = BUILT_PRODUCTS_DIR;
		};
		F5E23F7C2FC8244500CDCA7B /* Demo watchOS Extension.appex */ = {
			isa = PBXReferenceProxy;
			fileType = "wrapper.app-extension";
			path = "Demo watchOS Extension.appex";
			remoteRef = F5E23F7B2FC8244500CDCA7B /* PBXContainerItemProxy */;
			sourceTree = BUILT_PRODUCTS_DIR;
		};
		F5E23F7E2FC8244500CDCA7B /* Demo tvOS.app */ = {
			isa = PBXReferenceProxy;
			fileType = wrapper.application;
			path = "Demo tvOS.app";
			remoteRef = F5E23F7D2FC8244500CDCA7B /* PBXContainerItemProxy */;
			sourceTree = BUILT_PRODUCTS_DIR;
		};
		F5E23F872FC8244500CDCA7B /* ID3TagEditor.framework */ = {
			isa = PBXReferenceProxy;
			fileType = wrapper.framework;
			path = ID3TagEditor.framework;
			remoteRef = F5E23F862FC8244500CDCA7B /* PBXContainerItemProxy */;
			sourceTree = BUILT_PRODUCTS_DIR;
		};
		F5E23F892FC8244500CDCA7B /* ID3TagEditor macOS Tests.xctest */ = {
			isa = PBXReferenceProxy;
			fileType = wrapper.cfbundle;
			path = "ID3TagEditor macOS Tests.xctest";
			remoteRef = F5E23F882FC8244500CDCA7B /* PBXContainerItemProxy */;
			sourceTree = BUILT_PRODUCTS_DIR;
		};
		F5E23F8B2FC8244500CDCA7B /* ID3TagEditor.framework */ = {
			isa = PBXReferenceProxy;
			fileType = wrapper.framework;
			path = ID3TagEditor.framework;
			remoteRef = F5E23F8A2FC8244500CDCA7B /* PBXContainerItemProxy */;
			sourceTree = BUILT_PRODUCTS_DIR;
		};
		F5E23F8D2FC8244500CDCA7B /* ID3TagEditor iOS Tests.xctest */ = {
			isa = PBXReferenceProxy;
			fileType = wrapper.cfbundle;
			path = "ID3TagEditor iOS Tests.xctest";
			remoteRef = F5E23F8C2FC8244500CDCA7B /* PBXContainerItemProxy */;
			sourceTree = BUILT_PRODUCTS_DIR;
		};
		F5E23F8F2FC8244500CDCA7B /* ID3TagEditor.framework */ = {
			isa = PBXReferenceProxy;
			fileType = wrapper.framework;
			path = ID3TagEditor.framework;
			remoteRef = F5E23F8E2FC8244500CDCA7B /* PBXContainerItemProxy */;
			sourceTree = BUILT_PRODUCTS_DIR;
		};
		F5E23F912FC8244500CDCA7B /* ID3TagEditor tvOS Tests.xctest */ = {
			isa = PBXReferenceProxy;
			fileType = wrapper.cfbundle;
			path = "ID3TagEditor tvOS Tests.xctest";
			remoteRef = F5E23F902FC8244500CDCA7B /* PBXContainerItemProxy */;
			sourceTree = BUILT_PRODUCTS_DIR;
		};
		F5E23F932FC8244500CDCA7B /* ID3TagEditor.framework */ = {
			isa = PBXReferenceProxy;
			fileType = wrapper.framework;
			path = ID3TagEditor.framework;
			remoteRef = F5E23F922FC8244500CDCA7B /* PBXContainerItemProxy */;
			sourceTree = BUILT_PRODUCTS_DIR;
		};
		F5E2AC452FC8228F00CDCA7B /* ZIPFoundation.framework */ = {
			isa = PBXReferenceProxy;
			fileType = wrapper.framework;
			path = ZIPFoundation.framework;
			remoteRef = F5E2AC442FC8228F00CDCA7B /* PBXContainerItemProxy */;
			sourceTree = BUILT_PRODUCTS_DIR;
		};
		F5E2AC472FC8228F00CDCA7B /* ZIPFoundationTests.xctest */ = {
			isa = PBXReferenceProxy;
			fileType = wrapper.cfbundle;
			path = ZIPFoundationTests.xctest;
			remoteRef = F5E2AC462FC8228F00CDCA7B /* PBXContainerItemProxy */;
			sourceTree = BUILT_PRODUCTS_DIR;
		};
		F5E2AD982FC8229000CDCA7B /* Demo macOS.app */ = {
			isa = PBXReferenceProxy;
			fileType = wrapper.application;
			path = "Demo macOS.app";
			remoteRef = F5E2AD972FC8229000CDCA7B /* PBXContainerItemProxy */;
			sourceTree = BUILT_PRODUCTS_DIR;
		};
		F5E2AD9A2FC8229000CDCA7B /* Demo iOS.app */ = {
			isa = PBXReferenceProxy;
			fileType = wrapper.application;
			path = "Demo iOS.app";
			remoteRef = F5E2AD992FC8229000CDCA7B /* PBXContainerItemProxy */;
			sourceTree = BUILT_PRODUCTS_DIR;
		};
		F5E2AD9C2FC8229000CDCA7B /* Demo watchOS.app */ = {
			isa = PBXReferenceProxy;
			fileType = wrapper.application;
			path = "Demo watchOS.app";
			remoteRef = F5E2AD9B2FC8229000CDCA7B /* PBXContainerItemProxy */;
			sourceTree = BUILT_PRODUCTS_DIR;
		};
		F5E2AD9E2FC8229000CDCA7B /* Demo watchOS Extension.appex */ = {
			isa = PBXReferenceProxy;
			fileType = "wrapper.app-extension";
			path = "Demo watchOS Extension.appex";
			remoteRef = F5E2AD9D2FC8229000CDCA7B /* PBXContainerItemProxy */;
			sourceTree = BUILT_PRODUCTS_DIR;
		};
		F5E2ADA02FC8229000CDCA7B /* Demo tvOS.app */ = {
			isa = PBXReferenceProxy;
			fileType = wrapper.application;
			path = "Demo tvOS.app";
			remoteRef = F5E2AD9F2FC8229000CDCA7B /* PBXContainerItemProxy */;
			sourceTree = BUILT_PRODUCTS_DIR;
		};
		F5E2ADA92FC8229000CDCA7B /* ID3TagEditor.framework */ = {
			isa = PBXReferenceProxy;
			fileType = wrapper.framework;
			path = ID3TagEditor.framework;
			remoteRef = F5E2ADA82FC8229000CDCA7B /* PBXContainerItemProxy */;
			sourceTree = BUILT_PRODUCTS_DIR;
		};
		F5E2ADAB2FC8229000CDCA7B /* ID3TagEditor macOS Tests.xctest */ = {
			isa = PBXReferenceProxy;
			fileType = wrapper.cfbundle;
			path = "ID3TagEditor macOS Tests.xctest";
			remoteRef = F5E2ADAA2FC8229000CDCA7B /* PBXContainerItemProxy */;
			sourceTree = BUILT_PRODUCTS_DIR;
		};
		F5E2ADAD2FC8229000CDCA7B /* ID3TagEditor.framework */ = {
			isa = PBXReferenceProxy;
			fileType = wrapper.framework;
			path = ID3TagEditor.framework;
			remoteRef = F5E2ADAC2FC8229000CDCA7B /* PBXContainerItemProxy */;
			sourceTree = BUILT_PRODUCTS_DIR;
		};
		F5E2ADAF2FC8229000CDCA7B /* ID3TagEditor iOS Tests.xctest */ = {
			isa = PBXReferenceProxy;
			fileType = wrapper.cfbundle;
			path = "ID3TagEditor iOS Tests.xctest";
			remoteRef = F5E2ADAE2FC8229000CDCA7B /* PBXContainerItemProxy */;
			sourceTree = BUILT_PRODUCTS_DIR;
		};
		F5E2ADB12FC8229000CDCA7B /* ID3TagEditor.framework */ = {
			isa = PBXReferenceProxy;
			fileType = wrapper.framework;
			path = ID3TagEditor.framework;
			remoteRef = F5E2ADB02FC8229000CDCA7B /* PBXContainerItemProxy */;
			sourceTree = BUILT_PRODUCTS_DIR;
		};
		F5E2ADB32FC8229000CDCA7B /* ID3TagEditor tvOS Tests.xctest */ = {
			isa = PBXReferenceProxy;
			fileType = wrapper.cfbundle;
			path = "ID3TagEditor tvOS Tests.xctest";
			remoteRef = F5E2ADB22FC8229000CDCA7B /* PBXContainerItemProxy */;
			sourceTree = BUILT_PRODUCTS_DIR;
		};
		F5E2ADB52FC8229000CDCA7B /* ID3TagEditor.framework */ = {
			isa = PBXReferenceProxy;
			fileType = wrapper.framework;
			path = ID3TagEditor.framework;
			remoteRef = F5E2ADB42FC8229000CDCA7B /* PBXContainerItemProxy */;
			sourceTree = BUILT_PRODUCTS_DIR;
		};
/* End PBXReferenceProxy section */

/* Begin PBXResourcesBuildPhase section */
		0B1D5A492AB301AD0010DDF2 /* Resources */ = {
			isa = PBXResourcesBuildPhase;
			buildActionMask = 2147483647;
			files = (
			);
			runOnlyForDeploymentPostprocessing = 0;
		};
		F5826E662F3578070079B285 /* Resources */ = {
			isa = PBXResourcesBuildPhase;
			buildActionMask = 2147483647;
			files = (
			);
			runOnlyForDeploymentPostprocessing = 0;
		};
/* End PBXResourcesBuildPhase section */

/* Begin PBXSourcesBuildPhase section */
		0B1D5A472AB301AD0010DDF2 /* Sources */ = {
			isa = PBXSourcesBuildPhase;
			buildActionMask = 2147483647;
			files = (
			);
			runOnlyForDeploymentPostprocessing = 0;
		};
		F5826E642F3578070079B285 /* Sources */ = {
			isa = PBXSourcesBuildPhase;
			buildActionMask = 2147483647;
			files = (
			);
			runOnlyForDeploymentPostprocessing = 0;
		};
/* End PBXSourcesBuildPhase section */

/* Begin PBXTargetDependency section */
		F5826E772F3578080079B285 /* PBXTargetDependency */ = {
			isa = PBXTargetDependency;
			target = F5826E672F3578070079B285 /* CisumWidgetExtension */;
			targetProxy = F5826E762F3578080079B285 /* PBXContainerItemProxy */;
		};
/* End PBXTargetDependency section */

/* Begin XCBuildConfiguration section */
		0B1D5A572AB301AE0010DDF2 /* Debug */ = {
			isa = XCBuildConfiguration;
			buildSettings = {
				ASSETCATALOG_COMPILER_APPICON_NAME = AppIcon;
				"ASSETCATALOG_COMPILER_APPICON_NAME[sdk=xros*]" = AppIcon;
				CLANG_ENABLE_MODULES = YES;
				CODE_SIGN_ENTITLEMENTS = CisumApp/App.entitlements;
				CODE_SIGN_IDENTITY = "Apple Development";
				CODE_SIGN_STYLE = Automatic;
				CURRENT_PROJECT_VERSION = 511;
				DEVELOPMENT_ASSET_PATHS = "";
				ENABLE_APP_SANDBOX = YES;
				ENABLE_FILE_ACCESS_DOWNLOADS_FOLDER = readwrite;
				ENABLE_HARDENED_RUNTIME = YES;
				ENABLE_INCOMING_NETWORK_CONNECTIONS = NO;
				ENABLE_OUTGOING_NETWORK_CONNECTIONS = NO;
				ENABLE_PREVIEWS = YES;
				ENABLE_RESOURCE_ACCESS_AUDIO_INPUT = NO;
				ENABLE_RESOURCE_ACCESS_BLUETOOTH = NO;
				ENABLE_RESOURCE_ACCESS_CALENDARS = NO;
				ENABLE_RESOURCE_ACCESS_CAMERA = NO;
				ENABLE_RESOURCE_ACCESS_CONTACTS = NO;
				ENABLE_RESOURCE_ACCESS_LOCATION = NO;
				ENABLE_RESOURCE_ACCESS_PRINTING = NO;
				ENABLE_RESOURCE_ACCESS_USB = NO;
				ENABLE_USER_SCRIPT_SANDBOXING = NO;
				GENERATE_INFOPLIST_FILE = YES;
				INFOPLIST_FILE = "CisumApp/Cisum-Info.plist";
				"INFOPLIST_FILE[sdk=macosx*]" = "CisumApp/Cisum-Info-macOS.plist";
				INFOPLIST_KEY_CFBundleDisplayName = Cisum;
				INFOPLIST_KEY_ITSAppUsesNonExemptEncryption = NO;
				INFOPLIST_KEY_LSApplicationCategoryType = "public.app-category.music";
				INFOPLIST_KEY_UIApplicationSupportsIndirectInputEvents = YES;
				INFOPLIST_KEY_UISupportedInterfaceOrientations_iPad = "UIInterfaceOrientationPortrait UIInterfaceOrientationPortraitUpsideDown UIInterfaceOrientationLandscapeLeft UIInterfaceOrientationLandscapeRight";
				INFOPLIST_KEY_UISupportedInterfaceOrientations_iPhone = "UIInterfaceOrientationPortrait UIInterfaceOrientationLandscapeLeft UIInterfaceOrientationLandscapeRight";
				IPHONEOS_DEPLOYMENT_TARGET = 17.0;
				LD_RUNPATH_SEARCH_PATHS = (
					"$(inherited)",
					"@executable_path/Frameworks",
				);
				MACOSX_DEPLOYMENT_TARGET = 14.0;
				MARKETING_VERSION = 4.0.1;
				PRODUCT_BUNDLE_IDENTIFIER = com.yueyi.cisum;
				PRODUCT_NAME = "$(TARGET_NAME)";
				PROVISIONING_PROFILE_SPECIFIER = "";
				REGISTER_APP_GROUPS = YES;
				SDKROOT = auto;
				SUPPORTED_PLATFORMS = "iphoneos iphonesimulator macosx xros xrsimulator";
				SUPPORTS_MACCATALYST = NO;
				SUPPORTS_MAC_DESIGNED_FOR_IPHONE_IPAD = NO;
				SUPPORTS_XR_DESIGNED_FOR_IPHONE_IPAD = NO;
				SWIFT_EMIT_LOC_STRINGS = YES;
				SWIFT_OPTIMIZATION_LEVEL = "-Onone";
				SWIFT_VERSION = 6.0;
				TARGETED_DEVICE_FAMILY = "1,2,7";
				XROS_DEPLOYMENT_TARGET = 2.0;
			};
			name = Debug;
		};
		0B1D5A582AB301AE0010DDF2 /* Release */ = {
			isa = XCBuildConfiguration;
			buildSettings = {
				ASSETCATALOG_COMPILER_APPICON_NAME = AppIcon;
				"ASSETCATALOG_COMPILER_APPICON_NAME[sdk=xros*]" = AppIcon;
				CLANG_ENABLE_MODULES = YES;
				CODE_SIGN_ENTITLEMENTS = CisumApp/App.entitlements;
				CODE_SIGN_IDENTITY = "Apple Development";
				CODE_SIGN_STYLE = Automatic;
				CURRENT_PROJECT_VERSION = 511;
				DEVELOPMENT_ASSET_PATHS = "";
				ENABLE_APP_SANDBOX = YES;
				ENABLE_FILE_ACCESS_DOWNLOADS_FOLDER = readwrite;
				ENABLE_HARDENED_RUNTIME = YES;
				ENABLE_INCOMING_NETWORK_CONNECTIONS = NO;
				ENABLE_OUTGOING_NETWORK_CONNECTIONS = NO;
				ENABLE_PREVIEWS = YES;
				ENABLE_RESOURCE_ACCESS_AUDIO_INPUT = NO;
				ENABLE_RESOURCE_ACCESS_BLUETOOTH = NO;
				ENABLE_RESOURCE_ACCESS_CALENDARS = NO;
				ENABLE_RESOURCE_ACCESS_CAMERA = NO;
				ENABLE_RESOURCE_ACCESS_CONTACTS = NO;
				ENABLE_RESOURCE_ACCESS_LOCATION = NO;
				ENABLE_RESOURCE_ACCESS_PRINTING = NO;
				ENABLE_RESOURCE_ACCESS_USB = NO;
				ENABLE_USER_SCRIPT_SANDBOXING = NO;
				GENERATE_INFOPLIST_FILE = YES;
				INFOPLIST_FILE = "CisumApp/Cisum-Info.plist";
				"INFOPLIST_FILE[sdk=macosx*]" = "CisumApp/Cisum-Info-macOS.plist";
				INFOPLIST_KEY_CFBundleDisplayName = Cisum;
				INFOPLIST_KEY_ITSAppUsesNonExemptEncryption = NO;
				INFOPLIST_KEY_LSApplicationCategoryType = "public.app-category.music";
				INFOPLIST_KEY_UIApplicationSupportsIndirectInputEvents = YES;
				INFOPLIST_KEY_UISupportedInterfaceOrientations_iPad = "UIInterfaceOrientationPortrait UIInterfaceOrientationPortraitUpsideDown UIInterfaceOrientationLandscapeLeft UIInterfaceOrientationLandscapeRight";
				INFOPLIST_KEY_UISupportedInterfaceOrientations_iPhone = "UIInterfaceOrientationPortrait UIInterfaceOrientationLandscapeLeft UIInterfaceOrientationLandscapeRight";
				IPHONEOS_DEPLOYMENT_TARGET = 17.0;
				LD_RUNPATH_SEARCH_PATHS = (
					"$(inherited)",
					"@executable_path/Frameworks",
				);
				MACOSX_DEPLOYMENT_TARGET = 14.0;
				MARKETING_VERSION = 4.0.1;
				PRODUCT_BUNDLE_IDENTIFIER = com.yueyi.cisum;
				PRODUCT_NAME = "$(TARGET_NAME)";
				PROVISIONING_PROFILE_SPECIFIER = "";
				REGISTER_APP_GROUPS = YES;
				SDKROOT = auto;
				SUPPORTED_PLATFORMS = "iphoneos iphonesimulator macosx xros xrsimulator";
				SUPPORTS_MACCATALYST = NO;
				SUPPORTS_MAC_DESIGNED_FOR_IPHONE_IPAD = NO;
				SUPPORTS_XR_DESIGNED_FOR_IPHONE_IPAD = NO;
				SWIFT_EMIT_LOC_STRINGS = YES;
				SWIFT_VERSION = 6.0;
				TARGETED_DEVICE_FAMILY = "1,2,7";
				VALIDATE_PRODUCT = YES;
				XROS_DEPLOYMENT_TARGET = 2.0;
			};
			name = Release;
		};
		0B9C1C4F2AAF18FF001A26AF /* Debug */ = {
			isa = XCBuildConfiguration;
			buildSettings = {
				ALWAYS_SEARCH_USER_PATHS = NO;
				ASSETCATALOG_COMPILER_GENERATE_SWIFT_ASSET_SYMBOL_EXTENSIONS = YES;
				CLANG_ANALYZER_LOCALIZABILITY_NONLOCALIZED = YES;
				CLANG_ANALYZER_NONNULL = YES;
				CLANG_ANALYZER_NUMBER_OBJECT_CONVERSION = YES_AGGRESSIVE;
				CLANG_CXX_LANGUAGE_STANDARD = "gnu++20";
				CLANG_ENABLE_MODULES = YES;
				CLANG_ENABLE_OBJC_ARC = YES;
				CLANG_ENABLE_OBJC_WEAK = YES;
				CLANG_WARN_BLOCK_CAPTURE_AUTORELEASING = YES;
				CLANG_WARN_BOOL_CONVERSION = YES;
				CLANG_WARN_COMMA = YES;
				CLANG_WARN_CONSTANT_CONVERSION = YES;
				CLANG_WARN_DEPRECATED_OBJC_IMPLEMENTATIONS = YES;
				CLANG_WARN_DIRECT_OBJC_ISA_USAGE = YES_ERROR;
				CLANG_WARN_DOCUMENTATION_COMMENTS = YES;
				CLANG_WARN_EMPTY_BODY = YES;
				CLANG_WARN_ENUM_CONVERSION = YES;
				CLANG_WARN_INFINITE_RECURSION = YES;
				CLANG_WARN_INT_CONVERSION = YES;
				CLANG_WARN_NON_LITERAL_NULL_CONVERSION = YES;
				CLANG_WARN_OBJC_IMPLICIT_RETAIN_SELF = YES;
				CLANG_WARN_OBJC_LITERAL_CONVERSION = YES;
				CLANG_WARN_OBJC_ROOT_CLASS = YES_ERROR;
				CLANG_WARN_QUOTED_INCLUDE_IN_FRAMEWORK_HEADER = YES;
				CLANG_WARN_RANGE_LOOP_ANALYSIS = YES;
				CLANG_WARN_STRICT_PROTOTYPES = YES;
				CLANG_WARN_SUSPICIOUS_MOVE = YES;
				CLANG_WARN_UNGUARDED_AVAILABILITY = YES_AGGRESSIVE;
				CLANG_WARN_UNREACHABLE_CODE = YES;
				CLANG_WARN__DUPLICATE_METHOD_MATCH = YES;
				COPY_PHASE_STRIP = NO;
				DEAD_CODE_STRIPPING = YES;
				DEBUG_INFORMATION_FORMAT = dwarf;
				DEVELOPMENT_TEAM = Y6HZ9JJYV6;
				ENABLE_STRICT_OBJC_MSGSEND = YES;
				ENABLE_TESTABILITY = YES;
				ENABLE_USER_SCRIPT_SANDBOXING = YES;
				GCC_C_LANGUAGE_STANDARD = gnu11;
				GCC_DYNAMIC_NO_PIC = NO;
				GCC_NO_COMMON_BLOCKS = YES;
				GCC_OPTIMIZATION_LEVEL = 0;
				GCC_PREPROCESSOR_DEFINITIONS = (
					"DEBUG=1",
					"$(inherited)",
				);
				GCC_WARN_64_TO_32_BIT_CONVERSION = YES;
				GCC_WARN_ABOUT_RETURN_TYPE = YES_ERROR;
				GCC_WARN_UNDECLARED_SELECTOR = YES;
				GCC_WARN_UNINITIALIZED_AUTOS = YES_AGGRESSIVE;
				GCC_WARN_UNUSED_FUNCTION = YES;
				GCC_WARN_UNUSED_VARIABLE = YES;
				IPHONEOS_DEPLOYMENT_TARGET = 17.1;
				MACOSX_DEPLOYMENT_TARGET = 13.3;
				MTL_ENABLE_DEBUG_INFO = INCLUDE_SOURCE;
				MTL_FAST_MATH = YES;
				ONLY_ACTIVE_ARCH = YES;
				SDKROOT = macosx;
				SWIFT_ACTIVE_COMPILATION_CONDITIONS = DEBUG;
				SWIFT_EMIT_LOC_STRINGS = YES;
				SWIFT_OPTIMIZATION_LEVEL = "-Onone";
				XROS_DEPLOYMENT_TARGET = 1.1;
			};
			name = Debug;
		};
		0B9C1C502AAF18FF001A26AF /* Release */ = {
			isa = XCBuildConfiguration;
			buildSettings = {
				ALWAYS_SEARCH_USER_PATHS = NO;
				ASSETCATALOG_COMPILER_GENERATE_SWIFT_ASSET_SYMBOL_EXTENSIONS = YES;
				CLANG_ANALYZER_LOCALIZABILITY_NONLOCALIZED = YES;
				CLANG_ANALYZER_NONNULL = YES;
				CLANG_ANALYZER_NUMBER_OBJECT_CONVERSION = YES_AGGRESSIVE;
				CLANG_CXX_LANGUAGE_STANDARD = "gnu++20";
				CLANG_ENABLE_MODULES = YES;
				CLANG_ENABLE_OBJC_ARC = YES;
				CLANG_ENABLE_OBJC_WEAK = YES;
				CLANG_WARN_BLOCK_CAPTURE_AUTORELEASING = YES;
				CLANG_WARN_BOOL_CONVERSION = YES;
				CLANG_WARN_COMMA = YES;
				CLANG_WARN_CONSTANT_CONVERSION = YES;
				CLANG_WARN_DEPRECATED_OBJC_IMPLEMENTATIONS = YES;
				CLANG_WARN_DIRECT_OBJC_ISA_USAGE = YES_ERROR;
				CLANG_WARN_DOCUMENTATION_COMMENTS = YES;
				CLANG_WARN_EMPTY_BODY = YES;
				CLANG_WARN_ENUM_CONVERSION = YES;
				CLANG_WARN_INFINITE_RECURSION = YES;
				CLANG_WARN_INT_CONVERSION = YES;
				CLANG_WARN_NON_LITERAL_NULL_CONVERSION = YES;
				CLANG_WARN_OBJC_IMPLICIT_RETAIN_SELF = YES;
				CLANG_WARN_OBJC_LITERAL_CONVERSION = YES;
				CLANG_WARN_OBJC_ROOT_CLASS = YES_ERROR;
				CLANG_WARN_QUOTED_INCLUDE_IN_FRAMEWORK_HEADER = YES;
				CLANG_WARN_RANGE_LOOP_ANALYSIS = YES;
				CLANG_WARN_STRICT_PROTOTYPES = YES;
				CLANG_WARN_SUSPICIOUS_MOVE = YES;
				CLANG_WARN_UNGUARDED_AVAILABILITY = YES_AGGRESSIVE;
				CLANG_WARN_UNREACHABLE_CODE = YES;
				CLANG_WARN__DUPLICATE_METHOD_MATCH = YES;
				COPY_PHASE_STRIP = NO;
				DEAD_CODE_STRIPPING = YES;
				DEBUG_INFORMATION_FORMAT = "dwarf-with-dsym";
				DEVELOPMENT_TEAM = Y6HZ9JJYV6;
				ENABLE_NS_ASSERTIONS = NO;
				ENABLE_STRICT_OBJC_MSGSEND = YES;
				ENABLE_USER_SCRIPT_SANDBOXING = YES;
				GCC_C_LANGUAGE_STANDARD = gnu11;
				GCC_NO_COMMON_BLOCKS = YES;
				GCC_WARN_64_TO_32_BIT_CONVERSION = YES;
				GCC_WARN_ABOUT_RETURN_TYPE = YES_ERROR;
				GCC_WARN_UNDECLARED_SELECTOR = YES;
				GCC_WARN_UNINITIALIZED_AUTOS = YES_AGGRESSIVE;
				GCC_WARN_UNUSED_FUNCTION = YES;
				GCC_WARN_UNUSED_VARIABLE = YES;
				IPHONEOS_DEPLOYMENT_TARGET = 17.1;
				MACOSX_DEPLOYMENT_TARGET = 13.3;
				MTL_ENABLE_DEBUG_INFO = NO;
				MTL_FAST_MATH = YES;
				SDKROOT = macosx;
				SWIFT_COMPILATION_MODE = wholemodule;
				SWIFT_EMIT_LOC_STRINGS = YES;
				SWIFT_OPTIMIZATION_LEVEL = "-O";
				XROS_DEPLOYMENT_TARGET = 1.1;
			};
			name = Release;
		};
		F5826E7B2F3578080079B285 /* Debug */ = {
			isa = XCBuildConfiguration;
			buildSettings = {
				ASSETCATALOG_COMPILER_GLOBAL_ACCENT_COLOR_NAME = AccentColor;
				ASSETCATALOG_COMPILER_WIDGET_BACKGROUND_COLOR_NAME = WidgetBackground;
				CODE_SIGN_ENTITLEMENTS = CisumWidget/CisumWidgetExtension.entitlements;
				CODE_SIGN_IDENTITY = "Apple Development";
				CODE_SIGN_STYLE = Automatic;
				CURRENT_PROJECT_VERSION = 511;
				ENABLE_APP_SANDBOX = YES;
				ENABLE_HARDENED_RUNTIME = YES;
				GCC_C_LANGUAGE_STANDARD = gnu17;
				GENERATE_INFOPLIST_FILE = YES;
				INFOPLIST_FILE = CisumWidget/Info.plist;
				INFOPLIST_KEY_CFBundleDisplayName = CisumWidget;
				INFOPLIST_KEY_NSHumanReadableCopyright = "";
				IPHONEOS_DEPLOYMENT_TARGET = 17.0;
				LD_RUNPATH_SEARCH_PATHS = (
					"$(inherited)",
					"@executable_path/Frameworks",
					"@executable_path/../../Frameworks",
				);
				"LD_RUNPATH_SEARCH_PATHS[sdk=macosx*]" = (
					"$(inherited)",
					"@executable_path/../Frameworks",
					"@executable_path/../../../../Frameworks",
				);
				LOCALIZATION_PREFERS_STRING_CATALOGS = YES;
				MACOSX_DEPLOYMENT_TARGET = 14.0;
				MARKETING_VERSION = 4.0.1;
				PRODUCT_BUNDLE_IDENTIFIER = com.yueyi.cisum.widget;
				PRODUCT_NAME = "$(TARGET_NAME)";
				REGISTER_APP_GROUPS = YES;
				SDKROOT = auto;
				SKIP_INSTALL = YES;
				STRING_CATALOG_GENERATE_SYMBOLS = YES;
				SUPPORTED_PLATFORMS = "iphoneos iphonesimulator macosx xros xrsimulator";
				SWIFT_ACTIVE_COMPILATION_CONDITIONS = "DEBUG $(inherited)";
				SWIFT_APPROACHABLE_CONCURRENCY = YES;
				SWIFT_EMIT_LOC_STRINGS = YES;
				SWIFT_UPCOMING_FEATURE_MEMBER_IMPORT_VISIBILITY = YES;
				SWIFT_VERSION = 6.0;
				TARGETED_DEVICE_FAMILY = "1,2,7";
				XROS_DEPLOYMENT_TARGET = 26.2;
			};
			name = Debug;
		};
		F5826E7C2F3578080079B285 /* Release */ = {
			isa = XCBuildConfiguration;
			buildSettings = {
				ASSETCATALOG_COMPILER_GLOBAL_ACCENT_COLOR_NAME = AccentColor;
				ASSETCATALOG_COMPILER_WIDGET_BACKGROUND_COLOR_NAME = WidgetBackground;
				CODE_SIGN_ENTITLEMENTS = CisumWidget/CisumWidgetExtension.entitlements;
				CODE_SIGN_IDENTITY = "Apple Development";
				CODE_SIGN_STYLE = Automatic;
				CURRENT_PROJECT_VERSION = 511;
				ENABLE_APP_SANDBOX = YES;
				ENABLE_HARDENED_RUNTIME = YES;
				GCC_C_LANGUAGE_STANDARD = gnu17;
				GENERATE_INFOPLIST_FILE = YES;
				INFOPLIST_FILE = CisumWidget/Info.plist;
				INFOPLIST_KEY_CFBundleDisplayName = CisumWidget;
				INFOPLIST_KEY_NSHumanReadableCopyright = "";
				IPHONEOS_DEPLOYMENT_TARGET = 17.0;
				LD_RUNPATH_SEARCH_PATHS = (
					"$(inherited)",
					"@executable_path/Frameworks",
					"@executable_path/../../Frameworks",
				);
				"LD_RUNPATH_SEARCH_PATHS[sdk=macosx*]" = (
					"$(inherited)",
					"@executable_path/../Frameworks",
					"@executable_path/../../../../Frameworks",
				);
				LOCALIZATION_PREFERS_STRING_CATALOGS = YES;
				MACOSX_DEPLOYMENT_TARGET = 14.0;
				MARKETING_VERSION = 4.0.1;
				PRODUCT_BUNDLE_IDENTIFIER = com.yueyi.cisum.widget;
				PRODUCT_NAME = "$(TARGET_NAME)";
				REGISTER_APP_GROUPS = YES;
				SDKROOT = auto;
				SKIP_INSTALL = YES;
				STRING_CATALOG_GENERATE_SYMBOLS = YES;
				SUPPORTED_PLATFORMS = "iphoneos iphonesimulator macosx xros xrsimulator";
				SWIFT_APPROACHABLE_CONCURRENCY = YES;
				SWIFT_EMIT_LOC_STRINGS = YES;
				SWIFT_UPCOMING_FEATURE_MEMBER_IMPORT_VISIBILITY = YES;
				SWIFT_VERSION = 6.0;
				TARGETED_DEVICE_FAMILY = "1,2,7";
				XROS_DEPLOYMENT_TARGET = 26.2;
			};
			name = Release;
		};
/* End XCBuildConfiguration section */

/* Begin XCConfigurationList section */
		0B1D5A562AB301AE0010DDF2 /* Build configuration list for PBXNativeTarget "Cisum" */ = {
			isa = XCConfigurationList;
			buildConfigurations = (
				0B1D5A572AB301AE0010DDF2 /* Debug */,
				0B1D5A582AB301AE0010DDF2 /* Release */,
			);
			defaultConfigurationIsVisible = 0;
			defaultConfigurationName = Release;
		};
		0B9C1C382AAF18FE001A26AF /* Build configuration list for PBXProject "Cisum" */ = {
			isa = XCConfigurationList;
			buildConfigurations = (
				0B9C1C4F2AAF18FF001A26AF /* Debug */,
				0B9C1C502AAF18FF001A26AF /* Release */,
			);
			defaultConfigurationIsVisible = 0;
			defaultConfigurationName = Release;
		};
		F5826E7A2F3578080079B285 /* Build configuration list for PBXNativeTarget "CisumWidgetExtension" */ = {
			isa = XCConfigurationList;
			buildConfigurations = (
				F5826E7B2F3578080079B285 /* Debug */,
				F5826E7C2F3578080079B285 /* Release */,
			);
			defaultConfigurationIsVisible = 0;
			defaultConfigurationName = Release;
		};
/* End XCConfigurationList section */

/* Begin XCLocalSwiftPackageReference section */
		A1C163012FD900000000000 /* XCLocalSwiftPackageReference "Packages/FactoryCisum" */ = {
			isa = XCLocalSwiftPackageReference;
			relativePath = Packages/FactoryCisum;
		};
/* End XCLocalSwiftPackageReference section */

/* Begin XCSwiftPackageProductDependency section */
		A1C163022FD900000000000 /* FactoryCisum */ = {
			isa = XCSwiftPackageProductDependency;
			package = A1C163012FD900000000000 /* XCLocalSwiftPackageReference "Packages/FactoryCisum" */;
			productName = FactoryCisum;
		};
/* End XCSwiftPackageProductDependency section */
	};
	rootObject = 0B9C1C352AAF18FE001A26AF /* Project object */;
}
