{
  "originHash" : "c7a1bcf76e558f09a859515ecfd0a600d3e0002c52f7e9df4e6856288a224010",
  "pins" : [
    {
      "identity" : "id3tageditor",
      "kind" : "remoteSourceControl",
      "location" : "https://github.com/chicio/ID3TagEditor",
      "state" : {
        "revision" : "3ccc31eafae0ded1fea8c9acd5e7ef7dfdbf1e8e",
        "version" : "4.6.0"
      }
    },
    {
      "identity" : "lumiui",
      "kind" : "remoteSourceControl",
      "location" : "https://github.com/CofficLab/LumiUI",
      "state" : {
        "revision" : "fd9e3686f010e61a6fdb2f00b35071e090a4f7fd",
        "version" : "1.2.0"
      }
    },
    {
      "identity" : "magicalert",
      "kind" : "remoteSourceControl",
      "location" : "https://github.com/nookery/MagicAlert.git",
      "state" : {
        "revision" : "c01ea99ac87530ecc804f082c9311d884bc53418",
        "version" : "1.0.1"
      }
    },
    {
      "identity" : "zipfoundation",
      "kind" : "remoteSourceControl",
      "location" : "https://github.com/weichsel/ZIPFoundation.git",
      "state" : {
        "revision" : "22787ffb59de99e5dc1fbfe80b19c97a904ad48d",
        "version" : "0.9.20"
      }
    }
  ],
  "version" : 3
}
