{
  "originHash" : "9bb0a96b273ebd0d740dfde5041a4f5b9ae11e0dbf50f135f473092d5e97fabf",
  "pins" : [
    {
      "identity" : "magickit",
      "kind" : "remoteSourceControl",
      "location" : "https://github.com/CofficLab/MagicKit",
      "state" : {
        "branch" : "main",
        "revision" : "158fd5ff30cf47546f5d433600b86d6d6815b0c4"
      }
    },
    {
      "identity" : "swift-async-algorithms",
      "kind" : "remoteSourceControl",
      "location" : "https://github.com/apple/swift-async-algorithms",
      "state" : {
        "revision" : "9cfed92b026c524674ed869a4ff2dcfdeedf8a2a",
        "version" : "0.1.0"
      }
    },
    {
      "identity" : "swift-collections",
      "kind" : "remoteSourceControl",
      "location" : "https://github.com/apple/swift-collections.git",
      "state" : {
        "revision" : "94cf62b3ba8d4bed62680a282d4c25f9c63c2efb",
        "version" : "1.1.0"
      }
    }
  ],
  "version" : 3
}
