{
  "originHash" : "7bce15a4c4f8c74fabb013ad5959a476ae4703433d8b23e4d084e197f46cc7f9",
  "pins" : [
    {
      "identity" : "magickit",
      "kind" : "remoteSourceControl",
      "location" : "https://github.com/CofficLab/MagicKit",
      "state" : {
        "branch" : "dev",
        "revision" : "0f8b4ca4fc1733cda86d8111421cffa13ba3d3b3"
      }
    },
    {
      "identity" : "magicmessage",
      "kind" : "remoteSourceControl",
      "location" : "https://github.com/nookery/MagicMessage.git",
      "state" : {
        "branch" : "main",
        "revision" : "d57ee1f9efc7336b31638f980670566a4a1d2441"
      }
    },
    {
      "identity" : "swift-async-algorithms",
      "kind" : "remoteSourceControl",
      "location" : "https://github.com/apple/swift-async-algorithms",
      "state" : {
        "revision" : "9cfed92b026c524674ed869a4ff2dcfdeedf8a2a",
        "version" : "0.1.0"
      }
    },
    {
      "identity" : "swift-collections",
      "kind" : "remoteSourceControl",
      "location" : "https://github.com/apple/swift-collections.git",
      "state" : {
        "revision" : "671108c96644956dddcd89dd59c203dcdb36cec7",
        "version" : "1.1.4"
      }
    }
  ],
  "version" : 3
}
